// !$*UTF8*$!
{
	archiveVersion = 1;
	classes = {
	};
	objectVersion = 56;
	objects = {

/* Begin PBXBuildFile section */
		EE776A102CBBC5250021E942 /* NavigationRouter in Frameworks */ = {isa = PBXBuildFile; productRef = EE776A0F2CBBC5250021E942 /* NavigationRouter */; };
		EED1C9262C6EC06C00472518 /* Coordinator.swift in Sources */ = {isa = PBXBuildFile; fileRef = EED1C9202C6EC06C00472518 /* Coordinator.swift */; };
		EED1C9272C6EC06C00472518 /* NavigationControllerRouter.swift in Sources */ = {isa = PBXBuildFile; fileRef = EED1C9212C6EC06C00472518 /* NavigationControllerRouter.swift */; };
		EED1C9282C6EC06C00472518 /* Router.swift in Sources */ = {isa = PBXBuildFile; fileRef = EED1C9222C6EC06C00472518 /* Router.swift */; };
		EED75A832CBBA9BD00F0F206 /* NavigationStackRouter.swift in Sources */ = {isa = PBXBuildFile; fileRef = EED75A822CBBA9BD00F0F206 /* NavigationStackRouter.swift */; };
		EEEA40B22CBD02A20013CB02 /* RoutableView.swift in Sources */ = {isa = PBXBuildFile; fileRef = EEEA40B12CBD02A20013CB02 /* RoutableView.swift */; };
		EEEA40B42CBD03040013CB02 /* AnyRoutableView.swift in Sources */ = {isa = PBXBuildFile; fileRef = EEEA40B32CBD03040013CB02 /* AnyRoutableView.swift */; };
		EEFBB0C02CBD5F2100AC4A7B /* RoutableNavigationStack.swift in Sources */ = {isa = PBXBuildFile; fileRef = EEFBB0BF2CBD5F2100AC4A7B /* RoutableNavigationStack.swift */; };
/* End PBXBuildFile section */

/* Begin PBXFileReference section */
		EE46AE842CB8093A00C5F23B /* NavigationRouter */ = {isa = PBXFileReference; lastKnownFileType = wrapper; path = NavigationRouter; sourceTree = "<group>"; };
		EED1C9162C6EC02B00472518 /* Coordinator.framework */ = {isa = PBXFileReference; explicitFileType = wrapper.framework; includeInIndex = 0; path = Coordinator.framework; sourceTree = BUILT_PRODUCTS_DIR; };
		EED1C9202C6EC06C00472518 /* Coordinator.swift */ = {isa = PBXFileReference; fileEncoding = 4; lastKnownFileType = sourcecode.swift; path = Coordinator.swift; sourceTree = "<group>"; };
		EED1C9212C6EC06C00472518 /* NavigationControllerRouter.swift */ = {isa = PBXFileReference; fileEncoding = 4; lastKnownFileType = sourcecode.swift; path = NavigationControllerRouter.swift; sourceTree = "<group>"; };
		EED1C9222C6EC06C00472518 /* Router.swift */ = {isa = PBXFileReference; fileEncoding = 4; lastKnownFileType = sourcecode.swift; path = Router.swift; sourceTree = "<group>"; };
		EED75A822CBBA9BD00F0F206 /* NavigationStackRouter.swift */ = {isa = PBXFileReference; lastKnownFileType = sourcecode.swift; path = NavigationStackRouter.swift; sourceTree = "<group>"; };
		EEEA40B12CBD02A20013CB02 /* RoutableView.swift */ = {isa = PBXFileReference; lastKnownFileType = sourcecode.swift; path = RoutableView.swift; sourceTree = "<group>"; };
		EEEA40B32CBD03040013CB02 /* AnyRoutableView.swift */ = {isa = PBXFileReference; lastKnownFileType = sourcecode.swift; path = AnyRoutableView.swift; sourceTree = "<group>"; };
		EEFBB0BF2CBD5F2100AC4A7B /* RoutableNavigationStack.swift */ = {isa = PBXFileReference; lastKnownFileType = sourcecode.swift; path = RoutableNavigationStack.swift; sourceTree = "<group>"; };
/* End PBXFileReference section */

/* Begin PBXFrameworksBuildPhase section */
		EED1C9132C6EC02B00472518 /* Frameworks */ = {
			isa = PBXFrameworksBuildPhase;
			buildActionMask = 2147483647;
			files = (
				EE776A102CBBC5250021E942 /* NavigationRouter in Frameworks */,
			);
			runOnlyForDeploymentPostprocessing = 0;
		};
/* End PBXFrameworksBuildPhase section */

/* Begin PBXGroup section */
		EED1C90C2C6EC02B00472518 = {
			isa = PBXGroup;
			children = (
				EE46AE842CB8093A00C5F23B /* NavigationRouter */,
				EED1C9182C6EC02B00472518 /* Coordinator */,
				EED1C9172C6EC02B00472518 /* Products */,
				EED1C92E2C6EC0AD00472518 /* Frameworks */,
			);
			sourceTree = "<group>";
		};
		EED1C9172C6EC02B00472518 /* Products */ = {
			isa = PBXGroup;
			children = (
				EED1C9162C6EC02B00472518 /* Coordinator.framework */,
			);
			name = Products;
			sourceTree = "<group>";
		};
		EED1C9182C6EC02B00472518 /* Coordinator */ = {
			isa = PBXGroup;
			children = (
				EED1C9232C6EC06C00472518 /* Coordinator */,
			);
			path = Coordinator;
			sourceTree = "<group>";
		};
		EED1C9232C6EC06C00472518 /* Coordinator */ = {
			isa = PBXGroup;
			children = (
				EEFBB0C22CBD5FA700AC4A7B /* Router */,
				EEFBB0C12CBD5F9200AC4A7B /* RoutableView */,
				EED1C9202C6EC06C00472518 /* Coordinator.swift */,
				EEFBB0BF2CBD5F2100AC4A7B /* RoutableNavigationStack.swift */,
			);
			path = Coordinator;
			sourceTree = "<group>";
		};
		EED1C92E2C6EC0AD00472518 /* Frameworks */ = {
			isa = PBXGroup;
			children = (
			);
			name = Frameworks;
			sourceTree = "<group>";
		};
		EEFBB0C12CBD5F9200AC4A7B /* RoutableView */ = {
			isa = PBXGroup;
			children = (
				EEEA40B12CBD02A20013CB02 /* RoutableView.swift */,
				EEEA40B32CBD03040013CB02 /* AnyRoutableView.swift */,
			);
			path = RoutableView;
			sourceTree = "<group>";
		};
		EEFBB0C22CBD5FA700AC4A7B /* Router */ = {
			isa = PBXGroup;
			children = (
				EED1C9222C6EC06C00472518 /* Router.swift */,
				EED1C9212C6EC06C00472518 /* NavigationControllerRouter.swift */,
				EED75A822CBBA9BD00F0F206 /* NavigationStackRouter.swift */,
			);
			path = Router;
			sourceTree = "<group>";
		};
/* End PBXGroup section */

/* Begin PBXHeadersBuildPhase section */
		EED1C9112C6EC02B00472518 /* Headers */ = {
			isa = PBXHeadersBuildPhase;
			buildActionMask = 2147483647;
			files = (
			);
			runOnlyForDeploymentPostprocessing = 0;
		};
/* End PBXHeadersBuildPhase section */

/* Begin PBXNativeTarget section */
		EED1C9152C6EC02B00472518 /* Coordinator */ = {
			isa = PBXNativeTarget;
			buildConfigurationList = EED1C91D2C6EC02B00472518 /* Build configuration list for PBXNativeTarget "Coordinator" */;
			buildPhases = (
				EED1C9112C6EC02B00472518 /* Headers */,
				EED1C9122C6EC02B00472518 /* Sources */,
				EED1C9132C6EC02B00472518 /* Frameworks */,
				EED1C9142C6EC02B00472518 /* Resources */,
			);
			buildRules = (
			);
			dependencies = (
			);
			name = Coordinator;
			packageProductDependencies = (
				EE776A0F2CBBC5250021E942 /* NavigationRouter */,
			);
			productName = Coordinator;
			productReference = EED1C9162C6EC02B00472518 /* Coordinator.framework */;
			productType = "com.apple.product-type.framework";
		};
/* End PBXNativeTarget section */

/* Begin PBXProject section */
		EED1C90D2C6EC02B00472518 /* Project object */ = {
			isa = PBXProject;
			attributes = {
				BuildIndependentTargetsInParallel = 1;
				LastUpgradeCheck = 1540;
				TargetAttributes = {
					EED1C9152C6EC02B00472518 = {
						CreatedOnToolsVersion = 15.4;
					};
				};
			};
			buildConfigurationList = EED1C9102C6EC02B00472518 /* Build configuration list for PBXProject "Coordinator" */;
			compatibilityVersion = "Xcode 14.0";
			developmentRegion = en;
			hasScannedForEncodings = 0;
			knownRegions = (
				en,
				Base,
			);
			mainGroup = EED1C90C2C6EC02B00472518;
			productRefGroup = EED1C9172C6EC02B00472518 /* Products */;
			projectDirPath = "";
			projectRoot = "";
			targets = (
				EED1C9152C6EC02B00472518 /* Coordinator */,
			);
		};
/* End PBXProject section */

/* Begin PBXResourcesBuildPhase section */
		EED1C9142C6EC02B00472518 /* Resources */ = {
			isa = PBXResourcesBuildPhase;
			buildActionMask = 2147483647;
			files = (
			);
			runOnlyForDeploymentPostprocessing = 0;
		};
/* End PBXResourcesBuildPhase section */

/* Begin PBXSourcesBuildPhase section */
		EED1C9122C6EC02B00472518 /* Sources */ = {
			isa = PBXSourcesBuildPhase;
			buildActionMask = 2147483647;
			files = (
				EED1C9262C6EC06C00472518 /* Coordinator.swift in Sources */,
				EED75A832CBBA9BD00F0F206 /* NavigationStackRouter.swift in Sources */,
				EEEA40B22CBD02A20013CB02 /* RoutableView.swift in Sources */,
				EEFBB0C02CBD5F2100AC4A7B /* RoutableNavigationStack.swift in Sources */,
				EEEA40B42CBD03040013CB02 /* AnyRoutableView.swift in Sources */,
				EED1C9282C6EC06C00472518 /* Router.swift in Sources */,
				EED1C9272C6EC06C00472518 /* NavigationControllerRouter.swift in Sources */,
			);
			runOnlyForDeploymentPostprocessing = 0;
		};
/* End PBXSourcesBuildPhase section */

/* Begin XCBuildConfiguration section */
		EED1C91B2C6EC02B00472518 /* Debug */ = {
			isa = XCBuildConfiguration;
			buildSettings = {
				ALWAYS_SEARCH_USER_PATHS = NO;
				ASSETCATALOG_COMPILER_GENERATE_SWIFT_ASSET_SYMBOL_EXTENSIONS = YES;
				CLANG_ANALYZER_NONNULL = YES;
				CLANG_ANALYZER_NUMBER_OBJECT_CONVERSION = YES_AGGRESSIVE;
				CLANG_CXX_LANGUAGE_STANDARD = "gnu++20";
				CLANG_ENABLE_MODULES = YES;
				CLANG_ENABLE_OBJC_ARC = YES;
				CLANG_ENABLE_OBJC_WEAK = YES;
				CLANG_WARN_BLOCK_CAPTURE_AUTORELEASING = YES;
				CLANG_WARN_BOOL_CONVERSION = YES;
				CLANG_WARN_COMMA = YES;
				CLANG_WARN_CONSTANT_CONVERSION = YES;
				CLANG_WARN_DEPRECATED_OBJC_IMPLEMENTATIONS = YES;
				CLANG_WARN_DIRECT_OBJC_ISA_USAGE = YES_ERROR;
				CLANG_WARN_DOCUMENTATION_COMMENTS = YES;
				CLANG_WARN_EMPTY_BODY = YES;
				CLANG_WARN_ENUM_CONVERSION = YES;
				CLANG_WARN_INFINITE_RECURSION = YES;
				CLANG_WARN_INT_CONVERSION = YES;
				CLANG_WARN_NON_LITERAL_NULL_CONVERSION = YES;
				CLANG_WARN_OBJC_IMPLICIT_RETAIN_SELF = YES;
				CLANG_WARN_OBJC_LITERAL_CONVERSION = YES;
				CLANG_WARN_OBJC_ROOT_CLASS = YES_ERROR;
				CLANG_WARN_QUOTED_INCLUDE_IN_FRAMEWORK_HEADER = YES;
				CLANG_WARN_RANGE_LOOP_ANALYSIS = YES;
				CLANG_WARN_STRICT_PROTOTYPES = YES;
				CLANG_WARN_SUSPICIOUS_MOVE = YES;
				CLANG_WARN_UNGUARDED_AVAILABILITY = YES_AGGRESSIVE;
				CLANG_WARN_UNREACHABLE_CODE = YES;
				CLANG_WARN__DUPLICATE_METHOD_MATCH = YES;
				COPY_PHASE_STRIP = NO;
				CURRENT_PROJECT_VERSION = 1;
				DEBUG_INFORMATION_FORMAT = dwarf;
				ENABLE_STRICT_OBJC_MSGSEND = YES;
				ENABLE_TESTABILITY = YES;
				ENABLE_USER_SCRIPT_SANDBOXING = YES;
				GCC_C_LANGUAGE_STANDARD = gnu17;
				GCC_DYNAMIC_NO_PIC = NO;
				GCC_NO_COMMON_BLOCKS = YES;
				GCC_OPTIMIZATION_LEVEL = 0;
				GCC_PREPROCESSOR_DEFINITIONS = (
					"DEBUG=1",
					"$(inherited)",
				);
				GCC_WARN_64_TO_32_BIT_CONVERSION = YES;
				GCC_WARN_ABOUT_RETURN_TYPE = YES_ERROR;
				GCC_WARN_UNDECLARED_SELECTOR = YES;
				GCC_WARN_UNINITIALIZED_AUTOS = YES_AGGRESSIVE;
				GCC_WARN_UNUSED_FUNCTION = YES;
				GCC_WARN_UNUSED_VARIABLE = YES;
				IPHONEOS_DEPLOYMENT_TARGET = 16.0;
				LOCALIZATION_PREFERS_STRING_CATALOGS = YES;
				MTL_ENABLE_DEBUG_INFO = INCLUDE_SOURCE;
				MTL_FAST_MATH = YES;
				ONLY_ACTIVE_ARCH = YES;
				SDKROOT = iphoneos;
				SWIFT_ACTIVE_COMPILATION_CONDITIONS = "DEBUG $(inherited)";
				SWIFT_OPTIMIZATION_LEVEL = "-Onone";
				VERSIONING_SYSTEM = "apple-generic";
				VERSION_INFO_PREFIX = "";
			};
			name = Debug;
		};
		EED1C91C2C6EC02B00472518 /* Release */ = {
			isa = XCBuildConfiguration;
			buildSettings = {
				ALWAYS_SEARCH_USER_PATHS = NO;
				ASSETCATALOG_COMPILER_GENERATE_SWIFT_ASSET_SYMBOL_EXTENSIONS = YES;
				CLANG_ANALYZER_NONNULL = YES;
				CLANG_ANALYZER_NUMBER_OBJECT_CONVERSION = YES_AGGRESSIVE;
				CLANG_CXX_LANGUAGE_STANDARD = "gnu++20";
				CLANG_ENABLE_MODULES = YES;
				CLANG_ENABLE_OBJC_ARC = YES;
				CLANG_ENABLE_OBJC_WEAK = YES;
				CLANG_WARN_BLOCK_CAPTURE_AUTORELEASING = YES;
				CLANG_WARN_BOOL_CONVERSION = YES;
				CLANG_WARN_COMMA = YES;
				CLANG_WARN_CONSTANT_CONVERSION = YES;
				CLANG_WARN_DEPRECATED_OBJC_IMPLEMENTATIONS = YES;
				CLANG_WARN_DIRECT_OBJC_ISA_USAGE = YES_ERROR;
				CLANG_WARN_DOCUMENTATION_COMMENTS = YES;
				CLANG_WARN_EMPTY_BODY = YES;
				CLANG_WARN_ENUM_CONVERSION = YES;
				CLANG_WARN_INFINITE_RECURSION = YES;
				CLANG_WARN_INT_CONVERSION = YES;
				CLANG_WARN_NON_LITERAL_NULL_CONVERSION = YES;
				CLANG_WARN_OBJC_IMPLICIT_RETAIN_SELF = YES;
				CLANG_WARN_OBJC_LITERAL_CONVERSION = YES;
				CLANG_WARN_OBJC_ROOT_CLASS = YES_ERROR;
				CLANG_WARN_QUOTED_INCLUDE_IN_FRAMEWORK_HEADER = YES;
				CLANG_WARN_RANGE_LOOP_ANALYSIS = YES;
				CLANG_WARN_STRICT_PROTOTYPES = YES;
				CLANG_WARN_SUSPICIOUS_MOVE = YES;
				CLANG_WARN_UNGUARDED_AVAILABILITY = YES_AGGRESSIVE;
				CLANG_WARN_UNREACHABLE_CODE = YES;
				CLANG_WARN__DUPLICATE_METHOD_MATCH = YES;
				COPY_PHASE_STRIP = NO;
				CURRENT_PROJECT_VERSION = 1;
				DEBUG_INFORMATION_FORMAT = "dwarf-with-dsym";
				ENABLE_NS_ASSERTIONS = NO;
				ENABLE_STRICT_OBJC_MSGSEND = YES;
				ENABLE_USER_SCRIPT_SANDBOXING = YES;
				GCC_C_LANGUAGE_STANDARD = gnu17;
				GCC_NO_COMMON_BLOCKS = YES;
				GCC_WARN_64_TO_32_BIT_CONVERSION = YES;
				GCC_WARN_ABOUT_RETURN_TYPE = YES_ERROR;
				GCC_WARN_UNDECLARED_SELECTOR = YES;
				GCC_WARN_UNINITIALIZED_AUTOS = YES_AGGRESSIVE;
				GCC_WARN_UNUSED_FUNCTION = YES;
				GCC_WARN_UNUSED_VARIABLE = YES;
				IPHONEOS_DEPLOYMENT_TARGET = 16.0;
				LOCALIZATION_PREFERS_STRING_CATALOGS = YES;
				MTL_ENABLE_DEBUG_INFO = NO;
				MTL_FAST_MATH = YES;
				SDKROOT = iphoneos;
				SWIFT_COMPILATION_MODE = wholemodule;
				VALIDATE_PRODUCT = YES;
				VERSIONING_SYSTEM = "apple-generic";
				VERSION_INFO_PREFIX = "";
			};
			name = Release;
		};
		EED1C91E2C6EC02B00472518 /* Debug */ = {
			isa = XCBuildConfiguration;
			buildSettings = {
				BUILD_LIBRARY_FOR_DISTRIBUTION = NO;
				CODE_SIGN_STYLE = Automatic;
				CURRENT_PROJECT_VERSION = 1;
				DEFINES_MODULE = NO;
				DEVELOPMENT_TEAM = 4U8DMJ33ZN;
				DYLIB_COMPATIBILITY_VERSION = 1;
				DYLIB_CURRENT_VERSION = 1;
				DYLIB_INSTALL_NAME_BASE = "@rpath";
				ENABLE_MODULE_VERIFIER = YES;
				GENERATE_INFOPLIST_FILE = YES;
				INFOPLIST_KEY_NSHumanReadableCopyright = "";
				INSTALL_PATH = "$(LOCAL_LIBRARY_DIR)/Frameworks";
				IPHONEOS_DEPLOYMENT_TARGET = 16.0;
				LD_RUNPATH_SEARCH_PATHS = (
					"$(inherited)",
					"@executable_path/Frameworks",
					"@loader_path/Frameworks",
				);
				MARKETING_VERSION = 1.0;
				MODULE_VERIFIER_SUPPORTED_LANGUAGES = "objective-c objective-c++";
				MODULE_VERIFIER_SUPPORTED_LANGUAGE_STANDARDS = "gnu17 gnu++20";
				PRODUCT_BUNDLE_IDENTIFIER = com.yamany.Coordinator;
				PRODUCT_NAME = "$(TARGET_NAME:c99extidentifier)";
				SKIP_INSTALL = YES;
				SUPPORTED_PLATFORMS = "iphoneos iphonesimulator";
				SUPPORTS_MACCATALYST = NO;
				SUPPORTS_MAC_DESIGNED_FOR_IPHONE_IPAD = NO;
				SUPPORTS_XR_DESIGNED_FOR_IPHONE_IPAD = NO;
				SWIFT_EMIT_LOC_STRINGS = YES;
				SWIFT_INSTALL_OBJC_HEADER = NO;
				SWIFT_VERSION = 5.0;
				TARGETED_DEVICE_FAMILY = 1;
			};
			name = Debug;
		};
		EED1C91F2C6EC02B00472518 /* Release */ = {
			isa = XCBuildConfiguration;
			buildSettings = {
				BUILD_LIBRARY_FOR_DISTRIBUTION = NO;
				CODE_SIGN_STYLE = Automatic;
				CURRENT_PROJECT_VERSION = 1;
				DEFINES_MODULE = NO;
				DEVELOPMENT_TEAM = 4U8DMJ33ZN;
				DYLIB_COMPATIBILITY_VERSION = 1;
				DYLIB_CURRENT_VERSION = 1;
				DYLIB_INSTALL_NAME_BASE = "@rpath";
				ENABLE_MODULE_VERIFIER = YES;
				GENERATE_INFOPLIST_FILE = YES;
				INFOPLIST_KEY_NSHumanReadableCopyright = "";
				INSTALL_PATH = "$(LOCAL_LIBRARY_DIR)/Frameworks";
				IPHONEOS_DEPLOYMENT_TARGET = 16.0;
				LD_RUNPATH_SEARCH_PATHS = (
					"$(inherited)",
					"@executable_path/Frameworks",
					"@loader_path/Frameworks",
				);
				MARKETING_VERSION = 1.0;
				MODULE_VERIFIER_SUPPORTED_LANGUAGES = "objective-c objective-c++";
				MODULE_VERIFIER_SUPPORTED_LANGUAGE_STANDARDS = "gnu17 gnu++20";
				PRODUCT_BUNDLE_IDENTIFIER = com.yamany.Coordinator;
				PRODUCT_NAME = "$(TARGET_NAME:c99extidentifier)";
				SKIP_INSTALL = YES;
				SUPPORTED_PLATFORMS = "iphoneos iphonesimulator";
				SUPPORTS_MACCATALYST = NO;
				SUPPORTS_MAC_DESIGNED_FOR_IPHONE_IPAD = NO;
				SUPPORTS_XR_DESIGNED_FOR_IPHONE_IPAD = NO;
				SWIFT_EMIT_LOC_STRINGS = YES;
				SWIFT_INSTALL_OBJC_HEADER = NO;
				SWIFT_VERSION = 5.0;
				TARGETED_DEVICE_FAMILY = 1;
			};
			name = Release;
		};
/* End XCBuildConfiguration section */

/* Begin XCConfigurationList section */
		EED1C9102C6EC02B00472518 /* Build configuration list for PBXProject "Coordinator" */ = {
			isa = XCConfigurationList;
			buildConfigurations = (
				EED1C91B2C6EC02B00472518 /* Debug */,
				EED1C91C2C6EC02B00472518 /* Release */,
			);
			defaultConfigurationIsVisible = 0;
			defaultConfigurationName = Release;
		};
		EED1C91D2C6EC02B00472518 /* Build configuration list for PBXNativeTarget "Coordinator" */ = {
			isa = XCConfigurationList;
			buildConfigurations = (
				EED1C91E2C6EC02B00472518 /* Debug */,
				EED1C91F2C6EC02B00472518 /* Release */,
			);
			defaultConfigurationIsVisible = 0;
			defaultConfigurationName = Release;
		};
/* End XCConfigurationList section */

/* Begin XCSwiftPackageProductDependency section */
		EE776A0F2CBBC5250021E942 /* NavigationRouter */ = {
			isa = XCSwiftPackageProductDependency;
			productName = NavigationRouter;
		};
/* End XCSwiftPackageProductDependency section */
	};
	rootObject = EED1C90D2C6EC02B00472518 /* Project object */;
}
