// !$*UTF8*$!
{
	archiveVersion = 1;
	classes = {
	};
	objectVersion = 56;
	objects = {

/* Begin PBXBuildFile section */
		73E92D6A2CD55CC400A4A640 /* Shared.framework in Frameworks */ = {isa = PBXBuildFile; fileRef = 73E92D692CD55CC400A4A640 /* Shared.framework */; };
		73E92D6B2CD55CC400A4A640 /* Shared.framework in Embed Frameworks */ = {isa = PBXBuildFile; fileRef = 73E92D692CD55CC400A4A640 /* Shared.framework */; settings = {ATTRIBUTES = (CodeSignOnCopy, RemoveHeadersOnCopy, ); }; };
		73E92D6E2CD55F1700A4A640 /* ForgotPasswordResponseModel.swift in Sources */ = {isa = PBXBuildFile; fileRef = 73E92D6D2CD55F1700A4A640 /* ForgotPasswordResponseModel.swift */; };
		73E92D702CD55F2B00A4A640 /* ForgotPasswordRequestModel.swift in Sources */ = {isa = PBXBuildFile; fileRef = 73E92D6F2CD55F2B00A4A640 /* ForgotPasswordRequestModel.swift */; };
		73E92D722CD55FFB00A4A640 /* ForgotPasswordServiceInterface.swift in Sources */ = {isa = PBXBuildFile; fileRef = 73E92D712CD55FFB00A4A640 /* ForgotPasswordServiceInterface.swift */; };
		73E92D772CD561F700A4A640 /* ForgotPasswordResponseEntity.swift in Sources */ = {isa = PBXBuildFile; fileRef = 73E92D762CD561F700A4A640 /* ForgotPasswordResponseEntity.swift */; };
		73ECBA402CD15A7E00715062 /* ForgotPasswordView.swift in Sources */ = {isa = PBXBuildFile; fileRef = 73ECBA3F2CD15A7D00715062 /* ForgotPasswordView.swift */; };
		73ECBA422CD15A8400715062 /* ForgotPasswordViewModel.swift in Sources */ = {isa = PBXBuildFile; fileRef = 73ECBA412CD15A8400715062 /* ForgotPasswordViewModel.swift */; };
		73ECBA442CD15A8900715062 /* ForgotPasswordCoordinator.swift in Sources */ = {isa = PBXBuildFile; fileRef = 73ECBA432CD15A8900715062 /* ForgotPasswordCoordinator.swift */; };
		73ECBA462CD15A9000715062 /* ForgotPasswordUseCase.swift in Sources */ = {isa = PBXBuildFile; fileRef = 73ECBA452CD15A9000715062 /* ForgotPasswordUseCase.swift */; };
		73ECBA5B2CD1657400715062 /* DesignSystem.framework in Frameworks */ = {isa = PBXBuildFile; fileRef = 73ECBA5A2CD1657400715062 /* DesignSystem.framework */; };
		73ECBA5C2CD1657400715062 /* DesignSystem.framework in Embed Frameworks */ = {isa = PBXBuildFile; fileRef = 73ECBA5A2CD1657400715062 /* DesignSystem.framework */; settings = {ATTRIBUTES = (CodeSignOnCopy, RemoveHeadersOnCopy, ); }; };
		73ECBA5F2CD1657900715062 /* Localization.framework in Frameworks */ = {isa = PBXBuildFile; fileRef = 73ECBA5E2CD1657900715062 /* Localization.framework */; };
		73ECBA602CD1657900715062 /* Localization.framework in Embed Frameworks */ = {isa = PBXBuildFile; fileRef = 73ECBA5E2CD1657900715062 /* Localization.framework */; settings = {ATTRIBUTES = (CodeSignOnCopy, RemoveHeadersOnCopy, ); }; };
/* End PBXBuildFile section */

/* Begin PBXCopyFilesBuildPhase section */
		73ECBA5D2CD1657400715062 /* Embed Frameworks */ = {
			isa = PBXCopyFilesBuildPhase;
			buildActionMask = 2147483647;
			dstPath = "";
			dstSubfolderSpec = 10;
			files = (
				73ECBA5C2CD1657400715062 /* DesignSystem.framework in Embed Frameworks */,
				73E92D6B2CD55CC400A4A640 /* Shared.framework in Embed Frameworks */,
				73ECBA602CD1657900715062 /* Localization.framework in Embed Frameworks */,
			);
			name = "Embed Frameworks";
			runOnlyForDeploymentPostprocessing = 0;
		};
/* End PBXCopyFilesBuildPhase section */

/* Begin PBXFileReference section */
		73D954B42CD159FE002928CF /* ForgotPassword.framework */ = {isa = PBXFileReference; explicitFileType = wrapper.framework; includeInIndex = 0; path = ForgotPassword.framework; sourceTree = BUILT_PRODUCTS_DIR; };
		73E92D692CD55CC400A4A640 /* Shared.framework */ = {isa = PBXFileReference; explicitFileType = wrapper.framework; path = Shared.framework; sourceTree = BUILT_PRODUCTS_DIR; };
		73E92D6D2CD55F1700A4A640 /* ForgotPasswordResponseModel.swift */ = {isa = PBXFileReference; lastKnownFileType = sourcecode.swift; path = ForgotPasswordResponseModel.swift; sourceTree = "<group>"; };
		73E92D6F2CD55F2B00A4A640 /* ForgotPasswordRequestModel.swift */ = {isa = PBXFileReference; lastKnownFileType = sourcecode.swift; path = ForgotPasswordRequestModel.swift; sourceTree = "<group>"; };
		73E92D712CD55FFB00A4A640 /* ForgotPasswordServiceInterface.swift */ = {isa = PBXFileReference; lastKnownFileType = sourcecode.swift; path = ForgotPasswordServiceInterface.swift; sourceTree = "<group>"; };
		73E92D762CD561F700A4A640 /* ForgotPasswordResponseEntity.swift */ = {isa = PBXFileReference; lastKnownFileType = sourcecode.swift; path = ForgotPasswordResponseEntity.swift; sourceTree = "<group>"; };
		73ECBA3F2CD15A7D00715062 /* ForgotPasswordView.swift */ = {isa = PBXFileReference; lastKnownFileType = sourcecode.swift; path = ForgotPasswordView.swift; sourceTree = "<group>"; };
		73ECBA412CD15A8400715062 /* ForgotPasswordViewModel.swift */ = {isa = PBXFileReference; lastKnownFileType = sourcecode.swift; path = ForgotPasswordViewModel.swift; sourceTree = "<group>"; };
		73ECBA432CD15A8900715062 /* ForgotPasswordCoordinator.swift */ = {isa = PBXFileReference; lastKnownFileType = sourcecode.swift; path = ForgotPasswordCoordinator.swift; sourceTree = "<group>"; };
		73ECBA452CD15A9000715062 /* ForgotPasswordUseCase.swift */ = {isa = PBXFileReference; lastKnownFileType = sourcecode.swift; path = ForgotPasswordUseCase.swift; sourceTree = "<group>"; };
		73ECBA5A2CD1657400715062 /* DesignSystem.framework */ = {isa = PBXFileReference; explicitFileType = wrapper.framework; path = DesignSystem.framework; sourceTree = BUILT_PRODUCTS_DIR; };
		73ECBA5E2CD1657900715062 /* Localization.framework */ = {isa = PBXFileReference; explicitFileType = wrapper.framework; path = Localization.framework; sourceTree = BUILT_PRODUCTS_DIR; };
/* End PBXFileReference section */

/* Begin PBXFrameworksBuildPhase section */
		73D954B12CD159FE002928CF /* Frameworks */ = {
			isa = PBXFrameworksBuildPhase;
			buildActionMask = 2147483647;
			files = (
				73ECBA5B2CD1657400715062 /* DesignSystem.framework in Frameworks */,
				73E92D6A2CD55CC400A4A640 /* Shared.framework in Frameworks */,
				73ECBA5F2CD1657900715062 /* Localization.framework in Frameworks */,
			);
			runOnlyForDeploymentPostprocessing = 0;
		};
/* End PBXFrameworksBuildPhase section */

/* Begin PBXGroup section */
		73D954AA2CD159FE002928CF = {
			isa = PBXGroup;
			children = (
				73D954B62CD159FE002928CF /* ForgotPassword */,
				73ECBA592CD1657400715062 /* Frameworks */,
				73D954B52CD159FE002928CF /* Products */,
			);
			sourceTree = "<group>";
		};
		73D954B52CD159FE002928CF /* Products */ = {
			isa = PBXGroup;
			children = (
				73D954B42CD159FE002928CF /* ForgotPassword.framework */,
			);
			name = Products;
			sourceTree = "<group>";
		};
		73D954B62CD159FE002928CF /* ForgotPassword */ = {
			isa = PBXGroup;
			children = (
				73ECBA3E2CD15A6B00715062 /* Data */,
				73ECBA3D2CD15A6400715062 /* Domain */,
				73ECBA3C2CD15A6000715062 /* Presentation */,
			);
			path = ForgotPassword;
			sourceTree = "<group>";
		};
		73E92D6C2CD55F0600A4A640 /* Models */ = {
			isa = PBXGroup;
			children = (
				73E92D6F2CD55F2B00A4A640 /* ForgotPasswordRequestModel.swift */,
				73E92D6D2CD55F1700A4A640 /* ForgotPasswordResponseModel.swift */,
			);
			path = Models;
			sourceTree = "<group>";
		};
		73E92D752CD561D400A4A640 /* Entities */ = {
			isa = PBXGroup;
			children = (
				73E92D762CD561F700A4A640 /* ForgotPasswordResponseEntity.swift */,
			);
			path = Entities;
			sourceTree = "<group>";
		};
		73ECBA3C2CD15A6000715062 /* Presentation */ = {
			isa = PBXGroup;
			children = (
				73ECBA3F2CD15A7D00715062 /* ForgotPasswordView.swift */,
				73ECBA412CD15A8400715062 /* ForgotPasswordViewModel.swift */,
				73ECBA432CD15A8900715062 /* ForgotPasswordCoordinator.swift */,
			);
			path = Presentation;
			sourceTree = "<group>";
		};
		73ECBA3D2CD15A6400715062 /* Domain */ = {
			isa = PBXGroup;
			children = (
				73E92D752CD561D400A4A640 /* Entities */,
				73ECBA452CD15A9000715062 /* ForgotPasswordUseCase.swift */,
			);
			path = Domain;
			sourceTree = "<group>";
		};
		73ECBA3E2CD15A6B00715062 /* Data */ = {
			isa = PBXGroup;
			children = (
				73E92D6C2CD55F0600A4A640 /* Models */,
				73E92D712CD55FFB00A4A640 /* ForgotPasswordServiceInterface.swift */,
			);
			path = Data;
			sourceTree = "<group>";
		};
		73ECBA592CD1657400715062 /* Frameworks */ = {
			isa = PBXGroup;
			children = (
				73E92D692CD55CC400A4A640 /* Shared.framework */,
				73ECBA5E2CD1657900715062 /* Localization.framework */,
				73ECBA5A2CD1657400715062 /* DesignSystem.framework */,
			);
			name = Frameworks;
			sourceTree = "<group>";
		};
/* End PBXGroup section */

/* Begin PBXHeadersBuildPhase section */
		73D954AF2CD159FE002928CF /* Headers */ = {
			isa = PBXHeadersBuildPhase;
			buildActionMask = 2147483647;
			files = (
			);
			runOnlyForDeploymentPostprocessing = 0;
		};
/* End PBXHeadersBuildPhase section */

/* Begin PBXNativeTarget section */
		73D954B32CD159FE002928CF /* ForgotPassword */ = {
			isa = PBXNativeTarget;
			buildConfigurationList = 73D954BB2CD159FE002928CF /* Build configuration list for PBXNativeTarget "ForgotPassword" */;
			buildPhases = (
				73D954AF2CD159FE002928CF /* Headers */,
				73D954B02CD159FE002928CF /* Sources */,
				73D954B12CD159FE002928CF /* Frameworks */,
				73D954B22CD159FE002928CF /* Resources */,
				73ECBA5D2CD1657400715062 /* Embed Frameworks */,
			);
			buildRules = (
			);
			dependencies = (
			);
			name = ForgotPassword;
			productName = ForgotPassword;
			productReference = 73D954B42CD159FE002928CF /* ForgotPassword.framework */;
			productType = "com.apple.product-type.framework";
		};
/* End PBXNativeTarget section */

/* Begin PBXProject section */
		73D954AB2CD159FE002928CF /* Project object */ = {
			isa = PBXProject;
			attributes = {
				BuildIndependentTargetsInParallel = 1;
				LastUpgradeCheck = 1600;
				TargetAttributes = {
					73D954B32CD159FE002928CF = {
						CreatedOnToolsVersion = 15.4;
						LastSwiftMigration = 1600;
					};
				};
			};
			buildConfigurationList = 73D954AE2CD159FE002928CF /* Build configuration list for PBXProject "ForgotPassword" */;
			compatibilityVersion = "Xcode 14.0";
			developmentRegion = en;
			hasScannedForEncodings = 0;
			knownRegions = (
				en,
				Base,
			);
			mainGroup = 73D954AA2CD159FE002928CF;
			productRefGroup = 73D954B52CD159FE002928CF /* Products */;
			projectDirPath = "";
			projectRoot = "";
			targets = (
				73D954B32CD159FE002928CF /* ForgotPassword */,
			);
		};
/* End PBXProject section */

/* Begin PBXResourcesBuildPhase section */
		73D954B22CD159FE002928CF /* Resources */ = {
			isa = PBXResourcesBuildPhase;
			buildActionMask = 2147483647;
			files = (
			);
			runOnlyForDeploymentPostprocessing = 0;
		};
/* End PBXResourcesBuildPhase section */

/* Begin PBXSourcesBuildPhase section */
		73D954B02CD159FE002928CF /* Sources */ = {
			isa = PBXSourcesBuildPhase;
			buildActionMask = 2147483647;
			files = (
				73ECBA422CD15A8400715062 /* ForgotPasswordViewModel.swift in Sources */,
				73ECBA402CD15A7E00715062 /* ForgotPasswordView.swift in Sources */,
				73E92D772CD561F700A4A640 /* ForgotPasswordResponseEntity.swift in Sources */,
				73ECBA442CD15A8900715062 /* ForgotPasswordCoordinator.swift in Sources */,
				73E92D702CD55F2B00A4A640 /* ForgotPasswordRequestModel.swift in Sources */,
				73E92D722CD55FFB00A4A640 /* ForgotPasswordServiceInterface.swift in Sources */,
				73E92D6E2CD55F1700A4A640 /* ForgotPasswordResponseModel.swift in Sources */,
				73ECBA462CD15A9000715062 /* ForgotPasswordUseCase.swift in Sources */,
			);
			runOnlyForDeploymentPostprocessing = 0;
		};
/* End PBXSourcesBuildPhase section */

/* Begin XCBuildConfiguration section */
		73D954B92CD159FE002928CF /* Debug */ = {
			isa = XCBuildConfiguration;
			buildSettings = {
				ALWAYS_SEARCH_USER_PATHS = NO;
				ASSETCATALOG_COMPILER_GENERATE_SWIFT_ASSET_SYMBOL_EXTENSIONS = YES;
				CLANG_ANALYZER_NONNULL = YES;
				CLANG_ANALYZER_NUMBER_OBJECT_CONVERSION = YES_AGGRESSIVE;
				CLANG_CXX_LANGUAGE_STANDARD = "gnu++20";
				CLANG_ENABLE_MODULES = YES;
				CLANG_ENABLE_OBJC_ARC = YES;
				CLANG_ENABLE_OBJC_WEAK = YES;
				CLANG_WARN_BLOCK_CAPTURE_AUTORELEASING = YES;
				CLANG_WARN_BOOL_CONVERSION = YES;
				CLANG_WARN_COMMA = YES;
				CLANG_WARN_CONSTANT_CONVERSION = YES;
				CLANG_WARN_DEPRECATED_OBJC_IMPLEMENTATIONS = YES;
				CLANG_WARN_DIRECT_OBJC_ISA_USAGE = YES_ERROR;
				CLANG_WARN_DOCUMENTATION_COMMENTS = YES;
				CLANG_WARN_EMPTY_BODY = YES;
				CLANG_WARN_ENUM_CONVERSION = YES;
				CLANG_WARN_INFINITE_RECURSION = YES;
				CLANG_WARN_INT_CONVERSION = YES;
				CLANG_WARN_NON_LITERAL_NULL_CONVERSION = YES;
				CLANG_WARN_OBJC_IMPLICIT_RETAIN_SELF = YES;
				CLANG_WARN_OBJC_LITERAL_CONVERSION = YES;
				CLANG_WARN_OBJC_ROOT_CLASS = YES_ERROR;
				CLANG_WARN_QUOTED_INCLUDE_IN_FRAMEWORK_HEADER = YES;
				CLANG_WARN_RANGE_LOOP_ANALYSIS = YES;
				CLANG_WARN_STRICT_PROTOTYPES = YES;
				CLANG_WARN_SUSPICIOUS_MOVE = YES;
				CLANG_WARN_UNGUARDED_AVAILABILITY = YES_AGGRESSIVE;
				CLANG_WARN_UNREACHABLE_CODE = YES;
				CLANG_WARN__DUPLICATE_METHOD_MATCH = YES;
				COPY_PHASE_STRIP = NO;
				CURRENT_PROJECT_VERSION = 1;
				DEBUG_INFORMATION_FORMAT = dwarf;
				ENABLE_STRICT_OBJC_MSGSEND = YES;
				ENABLE_TESTABILITY = YES;
				ENABLE_USER_SCRIPT_SANDBOXING = YES;
				GCC_C_LANGUAGE_STANDARD = gnu17;
				GCC_DYNAMIC_NO_PIC = NO;
				GCC_NO_COMMON_BLOCKS = YES;
				GCC_OPTIMIZATION_LEVEL = 0;
				GCC_PREPROCESSOR_DEFINITIONS = (
					"DEBUG=1",
					"$(inherited)",
				);
				GCC_WARN_64_TO_32_BIT_CONVERSION = YES;
				GCC_WARN_ABOUT_RETURN_TYPE = YES_ERROR;
				GCC_WARN_UNDECLARED_SELECTOR = YES;
				GCC_WARN_UNINITIALIZED_AUTOS = YES_AGGRESSIVE;
				GCC_WARN_UNUSED_FUNCTION = YES;
				GCC_WARN_UNUSED_VARIABLE = YES;
				LOCALIZATION_PREFERS_STRING_CATALOGS = YES;
				MTL_ENABLE_DEBUG_INFO = INCLUDE_SOURCE;
				MTL_FAST_MATH = YES;
				ONLY_ACTIVE_ARCH = YES;
				SWIFT_ACTIVE_COMPILATION_CONDITIONS = "DEBUG $(inherited)";
				SWIFT_OPTIMIZATION_LEVEL = "-Onone";
				VERSIONING_SYSTEM = "apple-generic";
				VERSION_INFO_PREFIX = "";
			};
			name = Debug;
		};
		73D954BA2CD159FE002928CF /* Release */ = {
			isa = XCBuildConfiguration;
			buildSettings = {
				ALWAYS_SEARCH_USER_PATHS = NO;
				ASSETCATALOG_COMPILER_GENERATE_SWIFT_ASSET_SYMBOL_EXTENSIONS = YES;
				CLANG_ANALYZER_NONNULL = YES;
				CLANG_ANALYZER_NUMBER_OBJECT_CONVERSION = YES_AGGRESSIVE;
				CLANG_CXX_LANGUAGE_STANDARD = "gnu++20";
				CLANG_ENABLE_MODULES = YES;
				CLANG_ENABLE_OBJC_ARC = YES;
				CLANG_ENABLE_OBJC_WEAK = YES;
				CLANG_WARN_BLOCK_CAPTURE_AUTORELEASING = YES;
				CLANG_WARN_BOOL_CONVERSION = YES;
				CLANG_WARN_COMMA = YES;
				CLANG_WARN_CONSTANT_CONVERSION = YES;
				CLANG_WARN_DEPRECATED_OBJC_IMPLEMENTATIONS = YES;
				CLANG_WARN_DIRECT_OBJC_ISA_USAGE = YES_ERROR;
				CLANG_WARN_DOCUMENTATION_COMMENTS = YES;
				CLANG_WARN_EMPTY_BODY = YES;
				CLANG_WARN_ENUM_CONVERSION = YES;
				CLANG_WARN_INFINITE_RECURSION = YES;
				CLANG_WARN_INT_CONVERSION = YES;
				CLANG_WARN_NON_LITERAL_NULL_CONVERSION = YES;
				CLANG_WARN_OBJC_IMPLICIT_RETAIN_SELF = YES;
				CLANG_WARN_OBJC_LITERAL_CONVERSION = YES;
				CLANG_WARN_OBJC_ROOT_CLASS = YES_ERROR;
				CLANG_WARN_QUOTED_INCLUDE_IN_FRAMEWORK_HEADER = YES;
				CLANG_WARN_RANGE_LOOP_ANALYSIS = YES;
				CLANG_WARN_STRICT_PROTOTYPES = YES;
				CLANG_WARN_SUSPICIOUS_MOVE = YES;
				CLANG_WARN_UNGUARDED_AVAILABILITY = YES_AGGRESSIVE;
				CLANG_WARN_UNREACHABLE_CODE = YES;
				CLANG_WARN__DUPLICATE_METHOD_MATCH = YES;
				COPY_PHASE_STRIP = NO;
				CURRENT_PROJECT_VERSION = 1;
				DEBUG_INFORMATION_FORMAT = "dwarf-with-dsym";
				ENABLE_NS_ASSERTIONS = NO;
				ENABLE_STRICT_OBJC_MSGSEND = YES;
				ENABLE_USER_SCRIPT_SANDBOXING = YES;
				GCC_C_LANGUAGE_STANDARD = gnu17;
				GCC_NO_COMMON_BLOCKS = YES;
				GCC_WARN_64_TO_32_BIT_CONVERSION = YES;
				GCC_WARN_ABOUT_RETURN_TYPE = YES_ERROR;
				GCC_WARN_UNDECLARED_SELECTOR = YES;
				GCC_WARN_UNINITIALIZED_AUTOS = YES_AGGRESSIVE;
				GCC_WARN_UNUSED_FUNCTION = YES;
				GCC_WARN_UNUSED_VARIABLE = YES;
				LOCALIZATION_PREFERS_STRING_CATALOGS = YES;
				MTL_ENABLE_DEBUG_INFO = NO;
				MTL_FAST_MATH = YES;
				SWIFT_COMPILATION_MODE = wholemodule;
				VERSIONING_SYSTEM = "apple-generic";
				VERSION_INFO_PREFIX = "";
			};
			name = Release;
		};
		73D954BC2CD159FE002928CF /* Debug */ = {
			isa = XCBuildConfiguration;
			buildSettings = {
				ALLOW_TARGET_PLATFORM_SPECIALIZATION = YES;
				BUILD_LIBRARY_FOR_DISTRIBUTION = NO;
				CLANG_ENABLE_MODULES = YES;
				CODE_SIGN_STYLE = Automatic;
				CURRENT_PROJECT_VERSION = 1;
				DEFINES_MODULE = NO;
				DEVELOPMENT_TEAM = 4U8DMJ33ZN;
				DYLIB_COMPATIBILITY_VERSION = 1;
				DYLIB_CURRENT_VERSION = 1;
				DYLIB_INSTALL_NAME_BASE = "@rpath";
				ENABLE_MODULE_VERIFIER = YES;
				GENERATE_INFOPLIST_FILE = YES;
				INFOPLIST_KEY_NSHumanReadableCopyright = "";
				INSTALL_PATH = "$(LOCAL_LIBRARY_DIR)/Frameworks";
				IPHONEOS_DEPLOYMENT_TARGET = 15.6;
				LD_RUNPATH_SEARCH_PATHS = (
					"@executable_path/Frameworks",
					"@loader_path/Frameworks",
				);
				"LD_RUNPATH_SEARCH_PATHS[sdk=macosx*]" = (
					"@executable_path/../Frameworks",
					"@loader_path/Frameworks",
				);
				MACOSX_DEPLOYMENT_TARGET = 14.5;
				MARKETING_VERSION = 1.0;
				MODULE_VERIFIER_SUPPORTED_LANGUAGES = "objective-c objective-c++";
				MODULE_VERIFIER_SUPPORTED_LANGUAGE_STANDARDS = "gnu17 gnu++20";
				PRODUCT_BUNDLE_IDENTIFIER = yamany.ForgotPassword;
				PRODUCT_NAME = "$(TARGET_NAME:c99extidentifier)";
				SDKROOT = auto;
				SKIP_INSTALL = YES;
				SUPPORTED_PLATFORMS = "iphoneos iphonesimulator macosx";
				SWIFT_EMIT_LOC_STRINGS = YES;
				SWIFT_INSTALL_OBJC_HEADER = NO;
				SWIFT_OPTIMIZATION_LEVEL = "-Onone";
				SWIFT_VERSION = 5.0;
				TARGETED_DEVICE_FAMILY = "1,2";
			};
			name = Debug;
		};
		73D954BD2CD159FE002928CF /* Release */ = {
			isa = XCBuildConfiguration;
			buildSettings = {
				ALLOW_TARGET_PLATFORM_SPECIALIZATION = YES;
				BUILD_LIBRARY_FOR_DISTRIBUTION = NO;
				CLANG_ENABLE_MODULES = YES;
				CODE_SIGN_STYLE = Automatic;
				CURRENT_PROJECT_VERSION = 1;
				DEFINES_MODULE = NO;
				DEVELOPMENT_TEAM = 4U8DMJ33ZN;
				DYLIB_COMPATIBILITY_VERSION = 1;
				DYLIB_CURRENT_VERSION = 1;
				DYLIB_INSTALL_NAME_BASE = "@rpath";
				ENABLE_MODULE_VERIFIER = YES;
				GENERATE_INFOPLIST_FILE = YES;
				INFOPLIST_KEY_NSHumanReadableCopyright = "";
				INSTALL_PATH = "$(LOCAL_LIBRARY_DIR)/Frameworks";
				IPHONEOS_DEPLOYMENT_TARGET = 15.6;
				LD_RUNPATH_SEARCH_PATHS = (
					"@executable_path/Frameworks",
					"@loader_path/Frameworks",
				);
				"LD_RUNPATH_SEARCH_PATHS[sdk=macosx*]" = (
					"@executable_path/../Frameworks",
					"@loader_path/Frameworks",
				);
				MACOSX_DEPLOYMENT_TARGET = 14.5;
				MARKETING_VERSION = 1.0;
				MODULE_VERIFIER_SUPPORTED_LANGUAGES = "objective-c objective-c++";
				MODULE_VERIFIER_SUPPORTED_LANGUAGE_STANDARDS = "gnu17 gnu++20";
				PRODUCT_BUNDLE_IDENTIFIER = yamany.ForgotPassword;
				PRODUCT_NAME = "$(TARGET_NAME:c99extidentifier)";
				SDKROOT = auto;
				SKIP_INSTALL = YES;
				SUPPORTED_PLATFORMS = "iphoneos iphonesimulator macosx";
				SWIFT_EMIT_LOC_STRINGS = YES;
				SWIFT_INSTALL_OBJC_HEADER = NO;
				SWIFT_VERSION = 5.0;
				TARGETED_DEVICE_FAMILY = "1,2";
			};
			name = Release;
		};
/* End XCBuildConfiguration section */

/* Begin XCConfigurationList section */
		73D954AE2CD159FE002928CF /* Build configuration list for PBXProject "ForgotPassword" */ = {
			isa = XCConfigurationList;
			buildConfigurations = (
				73D954B92CD159FE002928CF /* Debug */,
				73D954BA2CD159FE002928CF /* Release */,
			);
			defaultConfigurationIsVisible = 0;
			defaultConfigurationName = Release;
		};
		73D954BB2CD159FE002928CF /* Build configuration list for PBXNativeTarget "ForgotPassword" */ = {
			isa = XCConfigurationList;
			buildConfigurations = (
				73D954BC2CD159FE002928CF /* Debug */,
				73D954BD2CD159FE002928CF /* Release */,
			);
			defaultConfigurationIsVisible = 0;
			defaultConfigurationName = Release;
		};
/* End XCConfigurationList section */
	};
	rootObject = 73D954AB2CD159FE002928CF /* Project object */;
}
