// !$*UTF8*$!
{
	archiveVersion = 1;
	classes = {
	};
	objectVersion = 56;
	objects = {

/* Begin PBXBuildFile section */
		EE018F322CB6A68800235DD9 /* HTTPClient in Resources */ = {isa = PBXBuildFile; fileRef = EE018F2D2CB6A68800235DD9 /* HTTPClient */; };
		EE018F332CB6A68800235DD9 /* SwiftUIViews in Resources */ = {isa = PBXBuildFile; fileRef = EE018F2E2CB6A68800235DD9 /* SwiftUIViews */; };
		EE018F342CB6A68800235DD9 /* URLSessionHTTPClient in Resources */ = {isa = PBXBuildFile; fileRef = EE018F2F2CB6A68800235DD9 /* URLSessionHTTPClient */; };
		EE46AE622CB7285300C5F23B /* Splash.framework in Frameworks */ = {isa = PBXBuildFile; fileRef = EE46AE612CB7285300C5F23B /* Splash.framework */; };
		EE46AE632CB7285300C5F23B /* Splash.framework in Embed Frameworks */ = {isa = PBXBuildFile; fileRef = EE46AE612CB7285300C5F23B /* Splash.framework */; settings = {ATTRIBUTES = (CodeSignOnCopy, RemoveHeadersOnCopy, ); }; };
		EE46AE6D2CB7289200C5F23B /* SplashCoordinator.swift in Sources */ = {isa = PBXBuildFile; fileRef = EE46AE672CB7289200C5F23B /* SplashCoordinator.swift */; };
		EE46AE6E2CB7289200C5F23B /* SplashFactoryContainer.swift in Sources */ = {isa = PBXBuildFile; fileRef = EE46AE682CB7289200C5F23B /* SplashFactoryContainer.swift */; };
		EE7958AA2C9C687D00C61658 /* HTTPClient in Frameworks */ = {isa = PBXBuildFile; productRef = EE7958A92C9C687D00C61658 /* HTTPClient */; };
		EE7958AE2C9C688800C61658 /* SwiftUIViews in Frameworks */ = {isa = PBXBuildFile; productRef = EE7958AD2C9C688700C61658 /* SwiftUIViews */; };
		EE7958B02C9C688C00C61658 /* URLSessionHTTPClient in Frameworks */ = {isa = PBXBuildFile; productRef = EE7958AF2C9C688C00C61658 /* URLSessionHTTPClient */; };
		EED75A852CBBB0BE00F0F206 /* Coordinator.framework in Frameworks */ = {isa = PBXBuildFile; fileRef = EED75A842CBBB0BE00F0F206 /* Coordinator.framework */; };
		EED75A862CBBB0BE00F0F206 /* Coordinator.framework in Embed Frameworks */ = {isa = PBXBuildFile; fileRef = EED75A842CBBB0BE00F0F206 /* Coordinator.framework */; settings = {ATTRIBUTES = (CodeSignOnCopy, RemoveHeadersOnCopy, ); }; };
		EED8F5F02C9995A100B11D2B /* TransactApp.swift in Sources */ = {isa = PBXBuildFile; fileRef = EED8F5EF2C9995A100B11D2B /* TransactApp.swift */; };
		EED8F5FF2C9996C900B11D2B /* TransactCoordinator.swift in Sources */ = {isa = PBXBuildFile; fileRef = EED8F5FE2C9996C900B11D2B /* TransactCoordinator.swift */; };
		EED8F60F2C999B1000B11D2B /* AppDelegate.swift in Sources */ = {isa = PBXBuildFile; fileRef = EED8F60E2C999B1000B11D2B /* AppDelegate.swift */; };
		EED8F6602C99A3E600B11D2B /* Assets.xcassets in Resources */ = {isa = PBXBuildFile; fileRef = EED8F65F2C99A3E600B11D2B /* Assets.xcassets */; };
		EEF25F6D2CC14E4A00407E09 /* Localization.framework in Frameworks */ = {isa = PBXBuildFile; fileRef = EEF25F6C2CC14E4A00407E09 /* Localization.framework */; };
		EEF25F6E2CC14E4A00407E09 /* Localization.framework in Embed Frameworks */ = {isa = PBXBuildFile; fileRef = EEF25F6C2CC14E4A00407E09 /* Localization.framework */; settings = {ATTRIBUTES = (CodeSignOnCopy, RemoveHeadersOnCopy, ); }; };
		EEF3A85B2CA1B37100C6BC3E /* DesignSystem.framework in Frameworks */ = {isa = PBXBuildFile; fileRef = EEF3A85A2CA1B37100C6BC3E /* DesignSystem.framework */; };
		EEF3A85C2CA1B37100C6BC3E /* DesignSystem.framework in Embed Frameworks */ = {isa = PBXBuildFile; fileRef = EEF3A85A2CA1B37100C6BC3E /* DesignSystem.framework */; settings = {ATTRIBUTES = (CodeSignOnCopy, RemoveHeadersOnCopy, ); }; };
		EEFBB0BE2CBD58CC00AC4A7B /* TransactFactoryContainer.swift in Sources */ = {isa = PBXBuildFile; fileRef = EEFBB0BD2CBD58CC00AC4A7B /* TransactFactoryContainer.swift */; };
/* End PBXBuildFile section */

/* Begin PBXCopyFilesBuildPhase section */
		EED8F6042C9996D900B11D2B /* Embed Frameworks */ = {
			isa = PBXCopyFilesBuildPhase;
			buildActionMask = 2147483647;
			dstPath = "";
			dstSubfolderSpec = 10;
			files = (
				EE46AE632CB7285300C5F23B /* Splash.framework in Embed Frameworks */,
				EED75A862CBBB0BE00F0F206 /* Coordinator.framework in Embed Frameworks */,
				EEF3A85C2CA1B37100C6BC3E /* DesignSystem.framework in Embed Frameworks */,
				EEF25F6E2CC14E4A00407E09 /* Localization.framework in Embed Frameworks */,
			);
			name = "Embed Frameworks";
			runOnlyForDeploymentPostprocessing = 0;
		};
/* End PBXCopyFilesBuildPhase section */

/* Begin PBXFileReference section */
		EE018F2D2CB6A68800235DD9 /* HTTPClient */ = {isa = PBXFileReference; lastKnownFileType = wrapper; path = HTTPClient; sourceTree = "<group>"; };
		EE018F2E2CB6A68800235DD9 /* SwiftUIViews */ = {isa = PBXFileReference; lastKnownFileType = wrapper; path = SwiftUIViews; sourceTree = "<group>"; };
		EE018F2F2CB6A68800235DD9 /* URLSessionHTTPClient */ = {isa = PBXFileReference; lastKnownFileType = wrapper; path = URLSessionHTTPClient; sourceTree = "<group>"; };
		EE46AE612CB7285300C5F23B /* Splash.framework */ = {isa = PBXFileReference; explicitFileType = wrapper.framework; path = Splash.framework; sourceTree = BUILT_PRODUCTS_DIR; };
		EE46AE672CB7289200C5F23B /* SplashCoordinator.swift */ = {isa = PBXFileReference; fileEncoding = 4; lastKnownFileType = sourcecode.swift; path = SplashCoordinator.swift; sourceTree = "<group>"; };
		EE46AE682CB7289200C5F23B /* SplashFactoryContainer.swift */ = {isa = PBXFileReference; fileEncoding = 4; lastKnownFileType = sourcecode.swift; path = SplashFactoryContainer.swift; sourceTree = "<group>"; };
		EED75A842CBBB0BE00F0F206 /* Coordinator.framework */ = {isa = PBXFileReference; explicitFileType = wrapper.framework; path = Coordinator.framework; sourceTree = BUILT_PRODUCTS_DIR; };
		EED8F5EF2C9995A100B11D2B /* TransactApp.swift */ = {isa = PBXFileReference; lastKnownFileType = sourcecode.swift; path = TransactApp.swift; sourceTree = "<group>"; };
		EED8F5FE2C9996C900B11D2B /* TransactCoordinator.swift */ = {isa = PBXFileReference; lastKnownFileType = sourcecode.swift; path = TransactCoordinator.swift; sourceTree = "<group>"; };
		EED8F60E2C999B1000B11D2B /* AppDelegate.swift */ = {isa = PBXFileReference; lastKnownFileType = sourcecode.swift; path = AppDelegate.swift; sourceTree = "<group>"; };
		EED8F65F2C99A3E600B11D2B /* Assets.xcassets */ = {isa = PBXFileReference; lastKnownFileType = folder.assetcatalog; path = Assets.xcassets; sourceTree = "<group>"; };
		EEDC33BD2CA3458200FCACA1 /* Onboarding.framework */ = {isa = PBXFileReference; explicitFileType = wrapper.framework; path = Onboarding.framework; sourceTree = BUILT_PRODUCTS_DIR; };
		EEE4A9272CA42F7200C65298 /* .swiftlint.yml */ = {isa = PBXFileReference; lastKnownFileType = text.yaml; path = .swiftlint.yml; sourceTree = "<group>"; };
		EEF25F6C2CC14E4A00407E09 /* Localization.framework */ = {isa = PBXFileReference; explicitFileType = wrapper.framework; path = Localization.framework; sourceTree = BUILT_PRODUCTS_DIR; };
		EEF3A8582CA1B36100C6BC3E /* Transact.app */ = {isa = PBXFileReference; explicitFileType = wrapper.application; includeInIndex = 0; path = Transact.app; sourceTree = BUILT_PRODUCTS_DIR; };
		EEF3A85A2CA1B37100C6BC3E /* DesignSystem.framework */ = {isa = PBXFileReference; explicitFileType = wrapper.framework; path = DesignSystem.framework; sourceTree = BUILT_PRODUCTS_DIR; };
		EEF3A85D2CA1B37500C6BC3E /* Coordinator.framework */ = {isa = PBXFileReference; explicitFileType = wrapper.framework; path = Coordinator.framework; sourceTree = BUILT_PRODUCTS_DIR; };
		EEF3A8602CA1B37B00C6BC3E /* Splash.framework */ = {isa = PBXFileReference; explicitFileType = wrapper.framework; path = Splash.framework; sourceTree = BUILT_PRODUCTS_DIR; };
		EEFBB0BD2CBD58CC00AC4A7B /* TransactFactoryContainer.swift */ = {isa = PBXFileReference; lastKnownFileType = sourcecode.swift; path = TransactFactoryContainer.swift; sourceTree = "<group>"; };
/* End PBXFileReference section */

/* Begin PBXFrameworksBuildPhase section */
		EED8F5E92C9995A100B11D2B /* Frameworks */ = {
			isa = PBXFrameworksBuildPhase;
			buildActionMask = 2147483647;
			files = (
				EE7958AA2C9C687D00C61658 /* HTTPClient in Frameworks */,
				EEF25F6D2CC14E4A00407E09 /* Localization.framework in Frameworks */,
				EED75A852CBBB0BE00F0F206 /* Coordinator.framework in Frameworks */,
				EE7958B02C9C688C00C61658 /* URLSessionHTTPClient in Frameworks */,
				EE46AE622CB7285300C5F23B /* Splash.framework in Frameworks */,
				EEF3A85B2CA1B37100C6BC3E /* DesignSystem.framework in Frameworks */,
				EE7958AE2C9C688800C61658 /* SwiftUIViews in Frameworks */,
			);
			runOnlyForDeploymentPostprocessing = 0;
		};
/* End PBXFrameworksBuildPhase section */

/* Begin PBXGroup section */
		EE018F302CB6A68800235DD9 /* SwiftPackages */ = {
			isa = PBXGroup;
			children = (
				EE018F2D2CB6A68800235DD9 /* HTTPClient */,
				EE018F2E2CB6A68800235DD9 /* SwiftUIViews */,
				EE018F2F2CB6A68800235DD9 /* URLSessionHTTPClient */,
			);
			path = SwiftPackages;
			sourceTree = "<group>";
		};
		EE46AE692CB7289200C5F23B /* Splash */ = {
			isa = PBXGroup;
			children = (
				EE46AE672CB7289200C5F23B /* SplashCoordinator.swift */,
				EE46AE682CB7289200C5F23B /* SplashFactoryContainer.swift */,
			);
			path = Splash;
			sourceTree = "<group>";
		};
		EE46AE6A2CB7289200C5F23B /* Modules */ = {
			isa = PBXGroup;
			children = (
				EE46AE692CB7289200C5F23B /* Splash */,
			);
			path = Modules;
			sourceTree = "<group>";
		};
		EED8F5E32C9995A100B11D2B = {
			isa = PBXGroup;
			children = (
				EEE4A9272CA42F7200C65298 /* .swiftlint.yml */,
				EED8F5EE2C9995A100B11D2B /* Transact */,
				EEF3A8582CA1B36100C6BC3E /* Transact.app */,
				EEF3A8592CA1B37100C6BC3E /* Frameworks */,
			);
			sourceTree = "<group>";
		};
		EED8F5EE2C9995A100B11D2B /* Transact */ = {
			isa = PBXGroup;
			children = (
				EED8F5FD2C9996A100B11D2B /* App */,
				EE46AE6A2CB7289200C5F23B /* Modules */,
				EED8F65E2C99A3DA00B11D2B /* Resources */,
				EE018F302CB6A68800235DD9 /* SwiftPackages */,
			);
			path = Transact;
			sourceTree = "<group>";
		};
		EED8F5FD2C9996A100B11D2B /* App */ = {
			isa = PBXGroup;
			children = (
				EED8F60E2C999B1000B11D2B /* AppDelegate.swift */,
				EED8F5EF2C9995A100B11D2B /* TransactApp.swift */,
				EED8F5FE2C9996C900B11D2B /* TransactCoordinator.swift */,
				EEFBB0BD2CBD58CC00AC4A7B /* TransactFactoryContainer.swift */,
			);
			path = App;
			sourceTree = "<group>";
		};
		EED8F65E2C99A3DA00B11D2B /* Resources */ = {
			isa = PBXGroup;
			children = (
				EED8F65F2C99A3E600B11D2B /* Assets.xcassets */,
			);
			path = Resources;
			sourceTree = "<group>";
		};
		EEF3A8592CA1B37100C6BC3E /* Frameworks */ = {
			isa = PBXGroup;
			children = (
				EEF25F6C2CC14E4A00407E09 /* Localization.framework */,
				EED75A842CBBB0BE00F0F206 /* Coordinator.framework */,
				EE46AE612CB7285300C5F23B /* Splash.framework */,
				EEDC33BD2CA3458200FCACA1 /* Onboarding.framework */,
				EEF3A8602CA1B37B00C6BC3E /* Splash.framework */,
				EEF3A85D2CA1B37500C6BC3E /* Coordinator.framework */,
				EEF3A85A2CA1B37100C6BC3E /* DesignSystem.framework */,
			);
			name = Frameworks;
			sourceTree = "<group>";
		};
/* End PBXGroup section */

/* Begin PBXNativeTarget section */
		EED8F5EB2C9995A100B11D2B /* Transact */ = {
			isa = PBXNativeTarget;
			buildConfigurationList = EED8F5FA2C9995A200B11D2B /* Build configuration list for PBXNativeTarget "Transact" */;
			buildPhases = (
				EEE4A9242CA42DB200C65298 /* swiftlint */,
				EED8F5E82C9995A100B11D2B /* Sources */,
				EED8F5E92C9995A100B11D2B /* Frameworks */,
				EED8F5EA2C9995A100B11D2B /* Resources */,
				EED8F6042C9996D900B11D2B /* Embed Frameworks */,
			);
			buildRules = (
			);
			dependencies = (
			);
			name = Transact;
			packageProductDependencies = (
				EE7958A92C9C687D00C61658 /* HTTPClient */,
				EE7958AD2C9C688700C61658 /* SwiftUIViews */,
				EE7958AF2C9C688C00C61658 /* URLSessionHTTPClient */,
			);
			productName = Transact;
			productReference = EEF3A8582CA1B36100C6BC3E /* Transact.app */;
			productType = "com.apple.product-type.application";
		};
/* End PBXNativeTarget section */

/* Begin PBXProject section */
		EED8F5E42C9995A100B11D2B /* Project object */ = {
			isa = PBXProject;
			attributes = {
				BuildIndependentTargetsInParallel = 1;
				LastSwiftUpdateCheck = 1540;
				LastUpgradeCheck = 1540;
				TargetAttributes = {
					EED8F5EB2C9995A100B11D2B = {
						CreatedOnToolsVersion = 15.4;
					};
				};
			};
			buildConfigurationList = EED8F5E72C9995A100B11D2B /* Build configuration list for PBXProject "Transact" */;
			compatibilityVersion = "Xcode 14.0";
			developmentRegion = en;
			hasScannedForEncodings = 0;
			knownRegions = (
				en,
				Base,
			);
			mainGroup = EED8F5E32C9995A100B11D2B;
			productRefGroup = EED8F5E32C9995A100B11D2B;
			projectDirPath = "";
			projectRoot = "";
			targets = (
				EED8F5EB2C9995A100B11D2B /* Transact */,
			);
		};
/* End PBXProject section */

/* Begin PBXResourcesBuildPhase section */
		EED8F5EA2C9995A100B11D2B /* Resources */ = {
			isa = PBXResourcesBuildPhase;
			buildActionMask = 2147483647;
			files = (
				EE018F342CB6A68800235DD9 /* URLSessionHTTPClient in Resources */,
				EED8F6602C99A3E600B11D2B /* Assets.xcassets in Resources */,
				EE018F332CB6A68800235DD9 /* SwiftUIViews in Resources */,
				EE018F322CB6A68800235DD9 /* HTTPClient in Resources */,
			);
			runOnlyForDeploymentPostprocessing = 0;
		};
/* End PBXResourcesBuildPhase section */

/* Begin PBXShellScriptBuildPhase section */
		EEE4A9242CA42DB200C65298 /* swiftlint */ = {
			isa = PBXShellScriptBuildPhase;
			alwaysOutOfDate = 1;
			buildActionMask = 2147483647;
			files = (
			);
			inputFileListPaths = (
			);
			inputPaths = (
			);
			name = swiftlint;
			outputFileListPaths = (
			);
			outputPaths = (
			);
			runOnlyForDeploymentPostprocessing = 0;
			shellPath = /bin/sh;
			shellScript = "export PATH=\"$PATH:/opt/homebrew/bin\"\nif which swiftlint >/dev/null; then\n  swiftlint\nelse\n  echo \"warning: SwiftLint not installed, download from https://github.com/realm/SwiftLint\"\nfi \n";
		};
/* End PBXShellScriptBuildPhase section */

/* Begin PBXSourcesBuildPhase section */
		EED8F5E82C9995A100B11D2B /* Sources */ = {
			isa = PBXSourcesBuildPhase;
			buildActionMask = 2147483647;
			files = (
				EED8F60F2C999B1000B11D2B /* AppDelegate.swift in Sources */,
				EED8F5FF2C9996C900B11D2B /* TransactCoordinator.swift in Sources */,
				EE46AE6D2CB7289200C5F23B /* SplashCoordinator.swift in Sources */,
				EE46AE6E2CB7289200C5F23B /* SplashFactoryContainer.swift in Sources */,
				EEFBB0BE2CBD58CC00AC4A7B /* TransactFactoryContainer.swift in Sources */,
				EED8F5F02C9995A100B11D2B /* TransactApp.swift in Sources */,
			);
			runOnlyForDeploymentPostprocessing = 0;
		};
/* End PBXSourcesBuildPhase section */

/* Begin XCBuildConfiguration section */
		EED8F5F82C9995A200B11D2B /* Debug */ = {
			isa = XCBuildConfiguration;
			buildSettings = {
				ALWAYS_SEARCH_USER_PATHS = NO;
				ASSETCATALOG_COMPILER_GENERATE_SWIFT_ASSET_SYMBOL_EXTENSIONS = YES;
				CLANG_ANALYZER_NONNULL = YES;
				CLANG_ANALYZER_NUMBER_OBJECT_CONVERSION = YES_AGGRESSIVE;
				CLANG_CXX_LANGUAGE_STANDARD = "gnu++20";
				CLANG_ENABLE_MODULES = YES;
				CLANG_ENABLE_OBJC_ARC = YES;
				CLANG_ENABLE_OBJC_WEAK = YES;
				CLANG_WARN_BLOCK_CAPTURE_AUTORELEASING = YES;
				CLANG_WARN_BOOL_CONVERSION = YES;
				CLANG_WARN_COMMA = YES;
				CLANG_WARN_CONSTANT_CONVERSION = YES;
				CLANG_WARN_DEPRECATED_OBJC_IMPLEMENTATIONS = YES;
				CLANG_WARN_DIRECT_OBJC_ISA_USAGE = YES_ERROR;
				CLANG_WARN_DOCUMENTATION_COMMENTS = YES;
				CLANG_WARN_EMPTY_BODY = YES;
				CLANG_WARN_ENUM_CONVERSION = YES;
				CLANG_WARN_INFINITE_RECURSION = YES;
				CLANG_WARN_INT_CONVERSION = YES;
				CLANG_WARN_NON_LITERAL_NULL_CONVERSION = YES;
				CLANG_WARN_OBJC_IMPLICIT_RETAIN_SELF = YES;
				CLANG_WARN_OBJC_LITERAL_CONVERSION = YES;
				CLANG_WARN_OBJC_ROOT_CLASS = YES_ERROR;
				CLANG_WARN_QUOTED_INCLUDE_IN_FRAMEWORK_HEADER = YES;
				CLANG_WARN_RANGE_LOOP_ANALYSIS = YES;
				CLANG_WARN_STRICT_PROTOTYPES = YES;
				CLANG_WARN_SUSPICIOUS_MOVE = YES;
				CLANG_WARN_UNGUARDED_AVAILABILITY = YES_AGGRESSIVE;
				CLANG_WARN_UNREACHABLE_CODE = YES;
				CLANG_WARN__DUPLICATE_METHOD_MATCH = YES;
				COPY_PHASE_STRIP = NO;
				DEBUG_INFORMATION_FORMAT = dwarf;
				ENABLE_STRICT_OBJC_MSGSEND = YES;
				ENABLE_TESTABILITY = YES;
				ENABLE_USER_SCRIPT_SANDBOXING = YES;
				GCC_C_LANGUAGE_STANDARD = gnu17;
				GCC_DYNAMIC_NO_PIC = NO;
				GCC_NO_COMMON_BLOCKS = YES;
				GCC_OPTIMIZATION_LEVEL = 0;
				GCC_PREPROCESSOR_DEFINITIONS = (
					"DEBUG=1",
					"$(inherited)",
				);
				GCC_WARN_64_TO_32_BIT_CONVERSION = YES;
				GCC_WARN_ABOUT_RETURN_TYPE = YES_ERROR;
				GCC_WARN_UNDECLARED_SELECTOR = YES;
				GCC_WARN_UNINITIALIZED_AUTOS = YES_AGGRESSIVE;
				GCC_WARN_UNUSED_FUNCTION = YES;
				GCC_WARN_UNUSED_VARIABLE = YES;
				IPHONEOS_DEPLOYMENT_TARGET = 17.5;
				LOCALIZATION_PREFERS_STRING_CATALOGS = YES;
				MTL_ENABLE_DEBUG_INFO = INCLUDE_SOURCE;
				MTL_FAST_MATH = YES;
				ONLY_ACTIVE_ARCH = YES;
				SDKROOT = iphoneos;
				SWIFT_ACTIVE_COMPILATION_CONDITIONS = "DEBUG $(inherited)";
				SWIFT_OPTIMIZATION_LEVEL = "-Onone";
			};
			name = Debug;
		};
		EED8F5F92C9995A200B11D2B /* Release */ = {
			isa = XCBuildConfiguration;
			buildSettings = {
				ALWAYS_SEARCH_USER_PATHS = NO;
				ASSETCATALOG_COMPILER_GENERATE_SWIFT_ASSET_SYMBOL_EXTENSIONS = YES;
				CLANG_ANALYZER_NONNULL = YES;
				CLANG_ANALYZER_NUMBER_OBJECT_CONVERSION = YES_AGGRESSIVE;
				CLANG_CXX_LANGUAGE_STANDARD = "gnu++20";
				CLANG_ENABLE_MODULES = YES;
				CLANG_ENABLE_OBJC_ARC = YES;
				CLANG_ENABLE_OBJC_WEAK = YES;
				CLANG_WARN_BLOCK_CAPTURE_AUTORELEASING = YES;
				CLANG_WARN_BOOL_CONVERSION = YES;
				CLANG_WARN_COMMA = YES;
				CLANG_WARN_CONSTANT_CONVERSION = YES;
				CLANG_WARN_DEPRECATED_OBJC_IMPLEMENTATIONS = YES;
				CLANG_WARN_DIRECT_OBJC_ISA_USAGE = YES_ERROR;
				CLANG_WARN_DOCUMENTATION_COMMENTS = YES;
				CLANG_WARN_EMPTY_BODY = YES;
				CLANG_WARN_ENUM_CONVERSION = YES;
				CLANG_WARN_INFINITE_RECURSION = YES;
				CLANG_WARN_INT_CONVERSION = YES;
				CLANG_WARN_NON_LITERAL_NULL_CONVERSION = YES;
				CLANG_WARN_OBJC_IMPLICIT_RETAIN_SELF = YES;
				CLANG_WARN_OBJC_LITERAL_CONVERSION = YES;
				CLANG_WARN_OBJC_ROOT_CLASS = YES_ERROR;
				CLANG_WARN_QUOTED_INCLUDE_IN_FRAMEWORK_HEADER = YES;
				CLANG_WARN_RANGE_LOOP_ANALYSIS = YES;
				CLANG_WARN_STRICT_PROTOTYPES = YES;
				CLANG_WARN_SUSPICIOUS_MOVE = YES;
				CLANG_WARN_UNGUARDED_AVAILABILITY = YES_AGGRESSIVE;
				CLANG_WARN_UNREACHABLE_CODE = YES;
				CLANG_WARN__DUPLICATE_METHOD_MATCH = YES;
				COPY_PHASE_STRIP = NO;
				DEBUG_INFORMATION_FORMAT = "dwarf-with-dsym";
				ENABLE_NS_ASSERTIONS = NO;
				ENABLE_STRICT_OBJC_MSGSEND = YES;
				ENABLE_USER_SCRIPT_SANDBOXING = YES;
				GCC_C_LANGUAGE_STANDARD = gnu17;
				GCC_NO_COMMON_BLOCKS = YES;
				GCC_WARN_64_TO_32_BIT_CONVERSION = YES;
				GCC_WARN_ABOUT_RETURN_TYPE = YES_ERROR;
				GCC_WARN_UNDECLARED_SELECTOR = YES;
				GCC_WARN_UNINITIALIZED_AUTOS = YES_AGGRESSIVE;
				GCC_WARN_UNUSED_FUNCTION = YES;
				GCC_WARN_UNUSED_VARIABLE = YES;
				IPHONEOS_DEPLOYMENT_TARGET = 17.5;
				LOCALIZATION_PREFERS_STRING_CATALOGS = YES;
				MTL_ENABLE_DEBUG_INFO = NO;
				MTL_FAST_MATH = YES;
				SDKROOT = iphoneos;
				SWIFT_COMPILATION_MODE = wholemodule;
				VALIDATE_PRODUCT = YES;
			};
			name = Release;
		};
		EED8F5FB2C9995A200B11D2B /* Debug */ = {
			isa = XCBuildConfiguration;
			buildSettings = {
				ASSETCATALOG_COMPILER_APPICON_NAME = AppIcon;
				ASSETCATALOG_COMPILER_GLOBAL_ACCENT_COLOR_NAME = AccentColor;
				CODE_SIGN_STYLE = Automatic;
				CURRENT_PROJECT_VERSION = 1;
				DEVELOPMENT_TEAM = 4U8DMJ33ZN;
				ENABLE_PREVIEWS = YES;
				ENABLE_USER_SCRIPT_SANDBOXING = NO;
				GENERATE_INFOPLIST_FILE = YES;
				INFOPLIST_KEY_UIApplicationSceneManifest_Generation = YES;
				INFOPLIST_KEY_UIApplicationSupportsIndirectInputEvents = YES;
				INFOPLIST_KEY_UILaunchScreen_Generation = YES;
				INFOPLIST_KEY_UISupportedInterfaceOrientations_iPad = "UIInterfaceOrientationPortrait UIInterfaceOrientationPortraitUpsideDown UIInterfaceOrientationLandscapeLeft UIInterfaceOrientationLandscapeRight";
				INFOPLIST_KEY_UISupportedInterfaceOrientations_iPhone = "UIInterfaceOrientationPortrait UIInterfaceOrientationLandscapeLeft UIInterfaceOrientationLandscapeRight";
				IPHONEOS_DEPLOYMENT_TARGET = 16.0;
				LD_RUNPATH_SEARCH_PATHS = (
					"$(inherited)",
					"@executable_path/Frameworks",
				);
				MARKETING_VERSION = 1.0;
				PRODUCT_BUNDLE_IDENTIFIER = com.yamany.Transact;
				PRODUCT_NAME = "$(TARGET_NAME)";
				SUPPORTED_PLATFORMS = "iphoneos iphonesimulator";
				SUPPORTS_MACCATALYST = NO;
				SUPPORTS_MAC_DESIGNED_FOR_IPHONE_IPAD = NO;
				SUPPORTS_XR_DESIGNED_FOR_IPHONE_IPAD = NO;
				SWIFT_EMIT_LOC_STRINGS = YES;
				SWIFT_VERSION = 5.0;
				TARGETED_DEVICE_FAMILY = 1;
			};
			name = Debug;
		};
		EED8F5FC2C9995A200B11D2B /* Release */ = {
			isa = XCBuildConfiguration;
			buildSettings = {
				ASSETCATALOG_COMPILER_APPICON_NAME = AppIcon;
				ASSETCATALOG_COMPILER_GLOBAL_ACCENT_COLOR_NAME = AccentColor;
				CODE_SIGN_STYLE = Automatic;
				CURRENT_PROJECT_VERSION = 1;
				DEVELOPMENT_TEAM = 4U8DMJ33ZN;
				ENABLE_PREVIEWS = YES;
				ENABLE_USER_SCRIPT_SANDBOXING = NO;
				GENERATE_INFOPLIST_FILE = YES;
				INFOPLIST_KEY_UIApplicationSceneManifest_Generation = YES;
				INFOPLIST_KEY_UIApplicationSupportsIndirectInputEvents = YES;
				INFOPLIST_KEY_UILaunchScreen_Generation = YES;
				INFOPLIST_KEY_UISupportedInterfaceOrientations_iPad = "UIInterfaceOrientationPortrait UIInterfaceOrientationPortraitUpsideDown UIInterfaceOrientationLandscapeLeft UIInterfaceOrientationLandscapeRight";
				INFOPLIST_KEY_UISupportedInterfaceOrientations_iPhone = "UIInterfaceOrientationPortrait UIInterfaceOrientationLandscapeLeft UIInterfaceOrientationLandscapeRight";
				IPHONEOS_DEPLOYMENT_TARGET = 16.0;
				LD_RUNPATH_SEARCH_PATHS = (
					"$(inherited)",
					"@executable_path/Frameworks",
				);
				MARKETING_VERSION = 1.0;
				PRODUCT_BUNDLE_IDENTIFIER = com.yamany.Transact;
				PRODUCT_NAME = "$(TARGET_NAME)";
				SUPPORTED_PLATFORMS = "iphoneos iphonesimulator";
				SUPPORTS_MACCATALYST = NO;
				SUPPORTS_MAC_DESIGNED_FOR_IPHONE_IPAD = NO;
				SUPPORTS_XR_DESIGNED_FOR_IPHONE_IPAD = NO;
				SWIFT_EMIT_LOC_STRINGS = YES;
				SWIFT_VERSION = 5.0;
				TARGETED_DEVICE_FAMILY = 1;
			};
			name = Release;
		};
/* End XCBuildConfiguration section */

/* Begin XCConfigurationList section */
		EED8F5E72C9995A100B11D2B /* Build configuration list for PBXProject "Transact" */ = {
			isa = XCConfigurationList;
			buildConfigurations = (
				EED8F5F82C9995A200B11D2B /* Debug */,
				EED8F5F92C9995A200B11D2B /* Release */,
			);
			defaultConfigurationIsVisible = 0;
			defaultConfigurationName = Release;
		};
		EED8F5FA2C9995A200B11D2B /* Build configuration list for PBXNativeTarget "Transact" */ = {
			isa = XCConfigurationList;
			buildConfigurations = (
				EED8F5FB2C9995A200B11D2B /* Debug */,
				EED8F5FC2C9995A200B11D2B /* Release */,
			);
			defaultConfigurationIsVisible = 0;
			defaultConfigurationName = Release;
		};
/* End XCConfigurationList section */

/* Begin XCSwiftPackageProductDependency section */
		EE7958A92C9C687D00C61658 /* HTTPClient */ = {
			isa = XCSwiftPackageProductDependency;
			productName = HTTPClient;
		};
		EE7958AD2C9C688700C61658 /* SwiftUIViews */ = {
			isa = XCSwiftPackageProductDependency;
			productName = SwiftUIViews;
		};
		EE7958AF2C9C688C00C61658 /* URLSessionHTTPClient */ = {
			isa = XCSwiftPackageProductDependency;
			productName = URLSessionHTTPClient;
		};
/* End XCSwiftPackageProductDependency section */
	};
	rootObject = EED8F5E42C9995A100B11D2B /* Project object */;
}
