// !$*UTF8*$!
{
	archiveVersion = 1;
	classes = {
	};
	objectVersion = 56;
	objects = {

/* Begin PBXBuildFile section */
		7302A6132CCBF0680078D08C /* LoginService.swift in Sources */ = {isa = PBXBuildFile; fileRef = 7302A6122CCBF0680078D08C /* LoginService.swift */; };
		7308DF772CDC35C1009476D3 /* ForgotpasswordPasswordService.swift in Sources */ = {isa = PBXBuildFile; fileRef = 7308DF762CDC35C1009476D3 /* ForgotpasswordPasswordService.swift */; };
		7308DF792CDC3618009476D3 /* SignupPasswordService.swift in Sources */ = {isa = PBXBuildFile; fileRef = 7308DF782CDC3618009476D3 /* SignupPasswordService.swift */; };
		7311C0EA2D011507007C5794 /* HTTPClient.framework in Frameworks */ = {isa = PBXBuildFile; fileRef = 7311C0E92D011507007C5794 /* HTTPClient.framework */; };
		7311C0EB2D011507007C5794 /* HTTPClient.framework in Embed Frameworks */ = {isa = PBXBuildFile; fileRef = 7311C0E92D011507007C5794 /* HTTPClient.framework */; settings = {ATTRIBUTES = (CodeSignOnCopy, RemoveHeadersOnCopy, ); }; };
		73199EAB2CD2BF2700C96DBD /* SignupOTPCoordinator.swift in Sources */ = {isa = PBXBuildFile; fileRef = 73199EAA2CD2BF2700C96DBD /* SignupOTPCoordinator.swift */; };
		73199EAD2CD2BF4200C96DBD /* OTP.framework in Frameworks */ = {isa = PBXBuildFile; fileRef = 73199EAC2CD2BF4200C96DBD /* OTP.framework */; };
		73199EAE2CD2BF4200C96DBD /* OTP.framework in Embed Frameworks */ = {isa = PBXBuildFile; fileRef = 73199EAC2CD2BF4200C96DBD /* OTP.framework */; settings = {ATTRIBUTES = (CodeSignOnCopy, RemoveHeadersOnCopy, ); }; };
		73199EB02CD2BF5000C96DBD /* SignupOTPFactoryContainer.swift in Sources */ = {isa = PBXBuildFile; fileRef = 73199EAF2CD2BF5000C96DBD /* SignupOTPFactoryContainer.swift */; };
		73370F6B2CD3AAA300501AE0 /* SignupOTPContent.swift in Sources */ = {isa = PBXBuildFile; fileRef = 73370F6A2CD3AAA300501AE0 /* SignupOTPContent.swift */; };
		735BEBCA2CD3B44C00AA4FA3 /* SignupPasswordCoordinator.swift in Sources */ = {isa = PBXBuildFile; fileRef = 735BEBC82CD3B44C00AA4FA3 /* SignupPasswordCoordinator.swift */; };
		735BEBCB2CD3B44C00AA4FA3 /* SignupPasswordFactoryContainer.swift in Sources */ = {isa = PBXBuildFile; fileRef = 735BEBC92CD3B44C00AA4FA3 /* SignupPasswordFactoryContainer.swift */; };
		735BEBCC2CD3B44C00AA4FA3 /* SignupPasswordContent.swift in Sources */ = {isa = PBXBuildFile; fileRef = 735BEBC72CD3B44C00AA4FA3 /* SignupPasswordContent.swift */; };
		73DA17372CD4FE300002DDD2 /* SignupService.swift in Sources */ = {isa = PBXBuildFile; fileRef = 73DA17362CD4FE300002DDD2 /* SignupService.swift */; };
		73E92D352CD507F500A4A640 /* SignupOTPViewModelEntityMapper.swift in Sources */ = {isa = PBXBuildFile; fileRef = 73E92D342CD507F500A4A640 /* SignupOTPViewModelEntityMapper.swift */; };
		73E92D532CD5234B00A4A640 /* SignupVerifyOtpService.swift in Sources */ = {isa = PBXBuildFile; fileRef = 73E92D522CD5234B00A4A640 /* SignupVerifyOtpService.swift */; };
		73E92D572CD526C000A4A640 /* SignupResendOtpService.swift in Sources */ = {isa = PBXBuildFile; fileRef = 73E92D562CD526C000A4A640 /* SignupResendOtpService.swift */; };
		73E92D5B2CD5538300A4A640 /* ForgotPasswordResendOtpService.swift in Sources */ = {isa = PBXBuildFile; fileRef = 73E92D5A2CD5538300A4A640 /* ForgotPasswordResendOtpService.swift */; };
		73E92D5D2CD5539200A4A640 /* ForgotPasswordVerifyOtpService.swift in Sources */ = {isa = PBXBuildFile; fileRef = 73E92D5C2CD5539200A4A640 /* ForgotPasswordVerifyOtpService.swift */; };
		73E92D5F2CD5539C00A4A640 /* ForgotPasswordOTPContent.swift in Sources */ = {isa = PBXBuildFile; fileRef = 73E92D5E2CD5539C00A4A640 /* ForgotPasswordOTPContent.swift */; };
		73E92D612CD553A600A4A640 /* ForgotPasswordOTPCoordinator.swift in Sources */ = {isa = PBXBuildFile; fileRef = 73E92D602CD553A600A4A640 /* ForgotPasswordOTPCoordinator.swift */; };
		73E92D632CD553B200A4A640 /* ForgotPasswordOTPFactoryContainer.swift in Sources */ = {isa = PBXBuildFile; fileRef = 73E92D622CD553B200A4A640 /* ForgotPasswordOTPFactoryContainer.swift */; };
		73E92D672CD55AD800A4A640 /* Shared.framework in Frameworks */ = {isa = PBXBuildFile; fileRef = 73E92D662CD55AD800A4A640 /* Shared.framework */; };
		73E92D682CD55AD800A4A640 /* Shared.framework in Embed Frameworks */ = {isa = PBXBuildFile; fileRef = 73E92D662CD55AD800A4A640 /* Shared.framework */; settings = {ATTRIBUTES = (CodeSignOnCopy, RemoveHeadersOnCopy, ); }; };
		73E92D742CD5606C00A4A640 /* ForgotPasswordService.swift in Sources */ = {isa = PBXBuildFile; fileRef = 73E92D732CD5606C00A4A640 /* ForgotPasswordService.swift */; };
		73E92D7A2CD563A800A4A640 /* ForgotPasswordOTPViewModelEntityMapper.swift in Sources */ = {isa = PBXBuildFile; fileRef = 73E92D792CD563A800A4A640 /* ForgotPasswordOTPViewModelEntityMapper.swift */; };
		73E92D7D2CD5673300A4A640 /* ForgotpasswordPasswordContent.swift in Sources */ = {isa = PBXBuildFile; fileRef = 73E92D7C2CD5673300A4A640 /* ForgotpasswordPasswordContent.swift */; };
		73E92D7F2CD567B100A4A640 /* ForgotpasswordPasswordCoordinator.swift in Sources */ = {isa = PBXBuildFile; fileRef = 73E92D7E2CD567B100A4A640 /* ForgotpasswordPasswordCoordinator.swift */; };
		73E92D812CD5680C00A4A640 /* ForgotpasswordPasswordFactoryContainer.swift in Sources */ = {isa = PBXBuildFile; fileRef = 73E92D802CD5680C00A4A640 /* ForgotpasswordPasswordFactoryContainer.swift */; };
		73E983F12D011809002E1A67 /* HTTPClient.framework in Frameworks */ = {isa = PBXBuildFile; fileRef = 73E983F02D011809002E1A67 /* HTTPClient.framework */; };
		73E983F22D011809002E1A67 /* HTTPClient.framework in Embed Frameworks */ = {isa = PBXBuildFile; fileRef = 73E983F02D011809002E1A67 /* HTTPClient.framework */; settings = {ATTRIBUTES = (CodeSignOnCopy, RemoveHeadersOnCopy, ); }; };
		73ECBA342CD1565900715062 /* SignupCoordinator.swift in Sources */ = {isa = PBXBuildFile; fileRef = 73ECBA332CD1565900715062 /* SignupCoordinator.swift */; };
		73ECBA362CD1566400715062 /* Signup.framework in Frameworks */ = {isa = PBXBuildFile; fileRef = 73ECBA352CD1566400715062 /* Signup.framework */; };
		73ECBA372CD1566400715062 /* Signup.framework in Embed Frameworks */ = {isa = PBXBuildFile; fileRef = 73ECBA352CD1566400715062 /* Signup.framework */; settings = {ATTRIBUTES = (CodeSignOnCopy, RemoveHeadersOnCopy, ); }; };
		73ECBA392CD1571100715062 /* SignupFactoryContainer.swift in Sources */ = {isa = PBXBuildFile; fileRef = 73ECBA382CD1571100715062 /* SignupFactoryContainer.swift */; };
		73ECBA492CD15BA800715062 /* ForgotPasswordCoordinator.swift in Sources */ = {isa = PBXBuildFile; fileRef = 73ECBA482CD15BA800715062 /* ForgotPasswordCoordinator.swift */; };
		73ECBA4B2CD15BB000715062 /* ForgotPassword.framework in Frameworks */ = {isa = PBXBuildFile; fileRef = 73ECBA4A2CD15BB000715062 /* ForgotPassword.framework */; };
		73ECBA4C2CD15BB000715062 /* ForgotPassword.framework in Embed Frameworks */ = {isa = PBXBuildFile; fileRef = 73ECBA4A2CD15BB000715062 /* ForgotPassword.framework */; settings = {ATTRIBUTES = (CodeSignOnCopy, RemoveHeadersOnCopy, ); }; };
		73ECBA4E2CD15C7500715062 /* ForgotPasswordFactoryContainer.swift in Sources */ = {isa = PBXBuildFile; fileRef = 73ECBA4D2CD15C7500715062 /* ForgotPasswordFactoryContainer.swift */; };
		73FB32C32CD3B2F3005AD46C /* Password.framework in Frameworks */ = {isa = PBXBuildFile; fileRef = 73FB32C22CD3B2F3005AD46C /* Password.framework */; };
		73FB32C42CD3B2F3005AD46C /* Password.framework in Embed Frameworks */ = {isa = PBXBuildFile; fileRef = 73FB32C22CD3B2F3005AD46C /* Password.framework */; settings = {ATTRIBUTES = (CodeSignOnCopy, RemoveHeadersOnCopy, ); }; };
		EE46AE622CB7285300C5F23B /* Splash.framework in Frameworks */ = {isa = PBXBuildFile; fileRef = EE46AE612CB7285300C5F23B /* Splash.framework */; };
		EE46AE632CB7285300C5F23B /* Splash.framework in Embed Frameworks */ = {isa = PBXBuildFile; fileRef = EE46AE612CB7285300C5F23B /* Splash.framework */; settings = {ATTRIBUTES = (CodeSignOnCopy, RemoveHeadersOnCopy, ); }; };
		EE46AE6D2CB7289200C5F23B /* SplashCoordinator.swift in Sources */ = {isa = PBXBuildFile; fileRef = EE46AE672CB7289200C5F23B /* SplashCoordinator.swift */; };
		EE46AE6E2CB7289200C5F23B /* SplashFactoryContainer.swift in Sources */ = {isa = PBXBuildFile; fileRef = EE46AE682CB7289200C5F23B /* SplashFactoryContainer.swift */; };
		EE6EA45C2CC3E4FF00BBC748 /* OnboardingService.swift in Sources */ = {isa = PBXBuildFile; fileRef = EE6EA45B2CC3E4FF00BBC748 /* OnboardingService.swift */; };
		EE6EA45E2CC3E70C00BBC748 /* onboarding.json in Resources */ = {isa = PBXBuildFile; fileRef = EE6EA45D2CC3E70C00BBC748 /* onboarding.json */; };
		EE7958AE2C9C688800C61658 /* SwiftUIViews in Frameworks */ = {isa = PBXBuildFile; productRef = EE7958AD2C9C688700C61658 /* SwiftUIViews */; };
		EE849F652CC424F200A7B18E /* LoginFactoryContainer.swift in Sources */ = {isa = PBXBuildFile; fileRef = EE849F642CC424F200A7B18E /* LoginFactoryContainer.swift */; };
		EE849F672CC4250600A7B18E /* LoginCoordinator.swift in Sources */ = {isa = PBXBuildFile; fileRef = EE849F662CC4250600A7B18E /* LoginCoordinator.swift */; };
		EE849F692CC4250F00A7B18E /* Login.framework in Frameworks */ = {isa = PBXBuildFile; fileRef = EE849F682CC4250F00A7B18E /* Login.framework */; };
		EE849F6A2CC4250F00A7B18E /* Login.framework in Embed Frameworks */ = {isa = PBXBuildFile; fileRef = EE849F682CC4250F00A7B18E /* Login.framework */; settings = {ATTRIBUTES = (CodeSignOnCopy, RemoveHeadersOnCopy, ); }; };
		EEC175022CC15702005966B1 /* TransactViewModel.swift in Sources */ = {isa = PBXBuildFile; fileRef = EEC175012CC15702005966B1 /* TransactViewModel.swift */; };
		EEC175042CC157A4005966B1 /* TransactFlow.swift in Sources */ = {isa = PBXBuildFile; fileRef = EEC175032CC157A4005966B1 /* TransactFlow.swift */; };
		EEC175072CC157E5005966B1 /* AuthenticationFlow.swift in Sources */ = {isa = PBXBuildFile; fileRef = EEC175062CC157E5005966B1 /* AuthenticationFlow.swift */; };
		EEC1750A2CC15812005966B1 /* TabBarFlow.swift in Sources */ = {isa = PBXBuildFile; fileRef = EEC175092CC15812005966B1 /* TabBarFlow.swift */; };
		EEC1752F2CC18A05005966B1 /* OnboardingCoordinator.swift in Sources */ = {isa = PBXBuildFile; fileRef = EEC1752E2CC18A05005966B1 /* OnboardingCoordinator.swift */; };
		EEC175312CC18A12005966B1 /* Onboarding.framework in Frameworks */ = {isa = PBXBuildFile; fileRef = EEC175302CC18A12005966B1 /* Onboarding.framework */; };
		EEC175322CC18A12005966B1 /* Onboarding.framework in Embed Frameworks */ = {isa = PBXBuildFile; fileRef = EEC175302CC18A12005966B1 /* Onboarding.framework */; settings = {ATTRIBUTES = (CodeSignOnCopy, RemoveHeadersOnCopy, ); }; };
		EEC175342CC18B1C005966B1 /* OnboardingFactoryContainer.swift in Sources */ = {isa = PBXBuildFile; fileRef = EEC175332CC18B1C005966B1 /* OnboardingFactoryContainer.swift */; };
		EED75A852CBBB0BE00F0F206 /* Coordinator.framework in Frameworks */ = {isa = PBXBuildFile; fileRef = EED75A842CBBB0BE00F0F206 /* Coordinator.framework */; };
		EED75A862CBBB0BE00F0F206 /* Coordinator.framework in Embed Frameworks */ = {isa = PBXBuildFile; fileRef = EED75A842CBBB0BE00F0F206 /* Coordinator.framework */; settings = {ATTRIBUTES = (CodeSignOnCopy, RemoveHeadersOnCopy, ); }; };
		EED8F5F02C9995A100B11D2B /* TransactApp.swift in Sources */ = {isa = PBXBuildFile; fileRef = EED8F5EF2C9995A100B11D2B /* TransactApp.swift */; };
		EED8F5FF2C9996C900B11D2B /* TransactCoordinator.swift in Sources */ = {isa = PBXBuildFile; fileRef = EED8F5FE2C9996C900B11D2B /* TransactCoordinator.swift */; };
		EED8F60F2C999B1000B11D2B /* AppDelegate.swift in Sources */ = {isa = PBXBuildFile; fileRef = EED8F60E2C999B1000B11D2B /* AppDelegate.swift */; };
		EED8F6602C99A3E600B11D2B /* Assets.xcassets in Resources */ = {isa = PBXBuildFile; fileRef = EED8F65F2C99A3E600B11D2B /* Assets.xcassets */; };
		EEF25F6D2CC14E4A00407E09 /* Localization.framework in Frameworks */ = {isa = PBXBuildFile; fileRef = EEF25F6C2CC14E4A00407E09 /* Localization.framework */; };
		EEF25F6E2CC14E4A00407E09 /* Localization.framework in Embed Frameworks */ = {isa = PBXBuildFile; fileRef = EEF25F6C2CC14E4A00407E09 /* Localization.framework */; settings = {ATTRIBUTES = (CodeSignOnCopy, RemoveHeadersOnCopy, ); }; };
		EEF3A85B2CA1B37100C6BC3E /* DesignSystem.framework in Frameworks */ = {isa = PBXBuildFile; fileRef = EEF3A85A2CA1B37100C6BC3E /* DesignSystem.framework */; };
		EEF3A85C2CA1B37100C6BC3E /* DesignSystem.framework in Embed Frameworks */ = {isa = PBXBuildFile; fileRef = EEF3A85A2CA1B37100C6BC3E /* DesignSystem.framework */; settings = {ATTRIBUTES = (CodeSignOnCopy, RemoveHeadersOnCopy, ); }; };
		EEFBB0BE2CBD58CC00AC4A7B /* TransactFactoryContainer.swift in Sources */ = {isa = PBXBuildFile; fileRef = EEFBB0BD2CBD58CC00AC4A7B /* TransactFactoryContainer.swift */; };
/* End PBXBuildFile section */

/* Begin PBXCopyFilesBuildPhase section */
		739EBBA02CE3E88F00FA3D5E /* Embed Foundation Extensions */ = {
			isa = PBXCopyFilesBuildPhase;
			buildActionMask = 2147483647;
			dstPath = "";
			dstSubfolderSpec = 13;
			files = (
			);
			name = "Embed Foundation Extensions";
			runOnlyForDeploymentPostprocessing = 0;
		};
		EED8F6042C9996D900B11D2B /* Embed Frameworks */ = {
			isa = PBXCopyFilesBuildPhase;
			buildActionMask = 2147483647;
			dstPath = "";
			dstSubfolderSpec = 10;
			files = (
				73ECBA4C2CD15BB000715062 /* ForgotPassword.framework in Embed Frameworks */,
				EE46AE632CB7285300C5F23B /* Splash.framework in Embed Frameworks */,
				73E983F22D011809002E1A67 /* HTTPClient.framework in Embed Frameworks */,
				73E92D682CD55AD800A4A640 /* Shared.framework in Embed Frameworks */,
				EEC175322CC18A12005966B1 /* Onboarding.framework in Embed Frameworks */,
				73FB32C42CD3B2F3005AD46C /* Password.framework in Embed Frameworks */,
				EED75A862CBBB0BE00F0F206 /* Coordinator.framework in Embed Frameworks */,
				73ECBA372CD1566400715062 /* Signup.framework in Embed Frameworks */,
				7311C0EB2D011507007C5794 /* HTTPClient.framework in Embed Frameworks */,
				EEF3A85C2CA1B37100C6BC3E /* DesignSystem.framework in Embed Frameworks */,
				EE849F6A2CC4250F00A7B18E /* Login.framework in Embed Frameworks */,
				73199EAE2CD2BF4200C96DBD /* OTP.framework in Embed Frameworks */,
				EEF25F6E2CC14E4A00407E09 /* Localization.framework in Embed Frameworks */,
			);
			name = "Embed Frameworks";
			runOnlyForDeploymentPostprocessing = 0;
		};
/* End PBXCopyFilesBuildPhase section */

/* Begin PBXFileReference section */
		7302A6122CCBF0680078D08C /* LoginService.swift */ = {isa = PBXFileReference; lastKnownFileType = sourcecode.swift; path = LoginService.swift; sourceTree = "<group>"; };
		7308DF762CDC35C1009476D3 /* ForgotpasswordPasswordService.swift */ = {isa = PBXFileReference; lastKnownFileType = sourcecode.swift; path = ForgotpasswordPasswordService.swift; sourceTree = "<group>"; };
		7308DF782CDC3618009476D3 /* SignupPasswordService.swift */ = {isa = PBXFileReference; lastKnownFileType = sourcecode.swift; path = SignupPasswordService.swift; sourceTree = "<group>"; };
		7311C0E92D011507007C5794 /* HTTPClient.framework */ = {isa = PBXFileReference; explicitFileType = wrapper.framework; path = HTTPClient.framework; sourceTree = BUILT_PRODUCTS_DIR; };
		73199EAA2CD2BF2700C96DBD /* SignupOTPCoordinator.swift */ = {isa = PBXFileReference; lastKnownFileType = sourcecode.swift; path = SignupOTPCoordinator.swift; sourceTree = "<group>"; };
		73199EAC2CD2BF4200C96DBD /* OTP.framework */ = {isa = PBXFileReference; explicitFileType = wrapper.framework; path = OTP.framework; sourceTree = BUILT_PRODUCTS_DIR; };
		73199EAF2CD2BF5000C96DBD /* SignupOTPFactoryContainer.swift */ = {isa = PBXFileReference; lastKnownFileType = sourcecode.swift; path = SignupOTPFactoryContainer.swift; sourceTree = "<group>"; };
		73370F6A2CD3AAA300501AE0 /* SignupOTPContent.swift */ = {isa = PBXFileReference; lastKnownFileType = sourcecode.swift; path = SignupOTPContent.swift; sourceTree = "<group>"; };
		735BEBC72CD3B44C00AA4FA3 /* SignupPasswordContent.swift */ = {isa = PBXFileReference; lastKnownFileType = sourcecode.swift; path = SignupPasswordContent.swift; sourceTree = "<group>"; };
		735BEBC82CD3B44C00AA4FA3 /* SignupPasswordCoordinator.swift */ = {isa = PBXFileReference; lastKnownFileType = sourcecode.swift; path = SignupPasswordCoordinator.swift; sourceTree = "<group>"; };
		735BEBC92CD3B44C00AA4FA3 /* SignupPasswordFactoryContainer.swift */ = {isa = PBXFileReference; lastKnownFileType = sourcecode.swift; path = SignupPasswordFactoryContainer.swift; sourceTree = "<group>"; };
		73CFA5F02CE92359009FBA14 /* Info.plist */ = {isa = PBXFileReference; lastKnownFileType = text.plist; path = Info.plist; sourceTree = "<group>"; };
		73DA17362CD4FE300002DDD2 /* SignupService.swift */ = {isa = PBXFileReference; lastKnownFileType = sourcecode.swift; path = SignupService.swift; sourceTree = "<group>"; };
		73E92D342CD507F500A4A640 /* SignupOTPViewModelEntityMapper.swift */ = {isa = PBXFileReference; lastKnownFileType = sourcecode.swift; path = SignupOTPViewModelEntityMapper.swift; sourceTree = "<group>"; };
		73E92D522CD5234B00A4A640 /* SignupVerifyOtpService.swift */ = {isa = PBXFileReference; lastKnownFileType = sourcecode.swift; path = SignupVerifyOtpService.swift; sourceTree = "<group>"; };
		73E92D562CD526C000A4A640 /* SignupResendOtpService.swift */ = {isa = PBXFileReference; lastKnownFileType = sourcecode.swift; path = SignupResendOtpService.swift; sourceTree = "<group>"; };
		73E92D5A2CD5538300A4A640 /* ForgotPasswordResendOtpService.swift */ = {isa = PBXFileReference; lastKnownFileType = sourcecode.swift; path = ForgotPasswordResendOtpService.swift; sourceTree = "<group>"; };
		73E92D5C2CD5539200A4A640 /* ForgotPasswordVerifyOtpService.swift */ = {isa = PBXFileReference; lastKnownFileType = sourcecode.swift; path = ForgotPasswordVerifyOtpService.swift; sourceTree = "<group>"; };
		73E92D5E2CD5539C00A4A640 /* ForgotPasswordOTPContent.swift */ = {isa = PBXFileReference; lastKnownFileType = sourcecode.swift; path = ForgotPasswordOTPContent.swift; sourceTree = "<group>"; };
		73E92D602CD553A600A4A640 /* ForgotPasswordOTPCoordinator.swift */ = {isa = PBXFileReference; lastKnownFileType = sourcecode.swift; path = ForgotPasswordOTPCoordinator.swift; sourceTree = "<group>"; };
		73E92D622CD553B200A4A640 /* ForgotPasswordOTPFactoryContainer.swift */ = {isa = PBXFileReference; lastKnownFileType = sourcecode.swift; path = ForgotPasswordOTPFactoryContainer.swift; sourceTree = "<group>"; };
		73E92D662CD55AD800A4A640 /* Shared.framework */ = {isa = PBXFileReference; explicitFileType = wrapper.framework; path = Shared.framework; sourceTree = BUILT_PRODUCTS_DIR; };
		73E92D732CD5606C00A4A640 /* ForgotPasswordService.swift */ = {isa = PBXFileReference; lastKnownFileType = sourcecode.swift; path = ForgotPasswordService.swift; sourceTree = "<group>"; };
		73E92D792CD563A800A4A640 /* ForgotPasswordOTPViewModelEntityMapper.swift */ = {isa = PBXFileReference; lastKnownFileType = sourcecode.swift; path = ForgotPasswordOTPViewModelEntityMapper.swift; sourceTree = "<group>"; };
		73E92D7C2CD5673300A4A640 /* ForgotpasswordPasswordContent.swift */ = {isa = PBXFileReference; lastKnownFileType = sourcecode.swift; path = ForgotpasswordPasswordContent.swift; sourceTree = "<group>"; };
		73E92D7E2CD567B100A4A640 /* ForgotpasswordPasswordCoordinator.swift */ = {isa = PBXFileReference; lastKnownFileType = sourcecode.swift; path = ForgotpasswordPasswordCoordinator.swift; sourceTree = "<group>"; };
		73E92D802CD5680C00A4A640 /* ForgotpasswordPasswordFactoryContainer.swift */ = {isa = PBXFileReference; lastKnownFileType = sourcecode.swift; path = ForgotpasswordPasswordFactoryContainer.swift; sourceTree = "<group>"; };
		73E983F02D011809002E1A67 /* HTTPClient.framework */ = {isa = PBXFileReference; explicitFileType = wrapper.framework; path = HTTPClient.framework; sourceTree = BUILT_PRODUCTS_DIR; };
		73ECBA332CD1565900715062 /* SignupCoordinator.swift */ = {isa = PBXFileReference; lastKnownFileType = sourcecode.swift; path = SignupCoordinator.swift; sourceTree = "<group>"; };
		73ECBA352CD1566400715062 /* Signup.framework */ = {isa = PBXFileReference; explicitFileType = wrapper.framework; path = Signup.framework; sourceTree = BUILT_PRODUCTS_DIR; };
		73ECBA382CD1571100715062 /* SignupFactoryContainer.swift */ = {isa = PBXFileReference; lastKnownFileType = sourcecode.swift; path = SignupFactoryContainer.swift; sourceTree = "<group>"; };
		73ECBA482CD15BA800715062 /* ForgotPasswordCoordinator.swift */ = {isa = PBXFileReference; lastKnownFileType = sourcecode.swift; path = ForgotPasswordCoordinator.swift; sourceTree = "<group>"; };
		73ECBA4A2CD15BB000715062 /* ForgotPassword.framework */ = {isa = PBXFileReference; explicitFileType = wrapper.framework; path = ForgotPassword.framework; sourceTree = BUILT_PRODUCTS_DIR; };
		73ECBA4D2CD15C7500715062 /* ForgotPasswordFactoryContainer.swift */ = {isa = PBXFileReference; lastKnownFileType = sourcecode.swift; path = ForgotPasswordFactoryContainer.swift; sourceTree = "<group>"; };
		73FB32C22CD3B2F3005AD46C /* Password.framework */ = {isa = PBXFileReference; explicitFileType = wrapper.framework; path = Password.framework; sourceTree = BUILT_PRODUCTS_DIR; };
		EE46AE612CB7285300C5F23B /* Splash.framework */ = {isa = PBXFileReference; explicitFileType = wrapper.framework; path = Splash.framework; sourceTree = BUILT_PRODUCTS_DIR; };
		EE46AE672CB7289200C5F23B /* SplashCoordinator.swift */ = {isa = PBXFileReference; fileEncoding = 4; lastKnownFileType = sourcecode.swift; path = SplashCoordinator.swift; sourceTree = "<group>"; };
		EE46AE682CB7289200C5F23B /* SplashFactoryContainer.swift */ = {isa = PBXFileReference; fileEncoding = 4; lastKnownFileType = sourcecode.swift; path = SplashFactoryContainer.swift; sourceTree = "<group>"; };
		EE6EA45B2CC3E4FF00BBC748 /* OnboardingService.swift */ = {isa = PBXFileReference; lastKnownFileType = sourcecode.swift; path = OnboardingService.swift; sourceTree = "<group>"; };
		EE6EA45D2CC3E70C00BBC748 /* onboarding.json */ = {isa = PBXFileReference; lastKnownFileType = text.json; path = onboarding.json; sourceTree = "<group>"; };
		EE849F642CC424F200A7B18E /* LoginFactoryContainer.swift */ = {isa = PBXFileReference; lastKnownFileType = sourcecode.swift; path = LoginFactoryContainer.swift; sourceTree = "<group>"; };
		EE849F662CC4250600A7B18E /* LoginCoordinator.swift */ = {isa = PBXFileReference; lastKnownFileType = sourcecode.swift; path = LoginCoordinator.swift; sourceTree = "<group>"; };
		EE849F682CC4250F00A7B18E /* Login.framework */ = {isa = PBXFileReference; explicitFileType = wrapper.framework; path = Login.framework; sourceTree = BUILT_PRODUCTS_DIR; };
		EEC175012CC15702005966B1 /* TransactViewModel.swift */ = {isa = PBXFileReference; lastKnownFileType = sourcecode.swift; path = TransactViewModel.swift; sourceTree = "<group>"; };
		EEC175032CC157A4005966B1 /* TransactFlow.swift */ = {isa = PBXFileReference; lastKnownFileType = sourcecode.swift; path = TransactFlow.swift; sourceTree = "<group>"; };
		EEC175062CC157E5005966B1 /* AuthenticationFlow.swift */ = {isa = PBXFileReference; lastKnownFileType = sourcecode.swift; path = AuthenticationFlow.swift; sourceTree = "<group>"; };
		EEC175092CC15812005966B1 /* TabBarFlow.swift */ = {isa = PBXFileReference; lastKnownFileType = sourcecode.swift; path = TabBarFlow.swift; sourceTree = "<group>"; };
		EEC1752E2CC18A05005966B1 /* OnboardingCoordinator.swift */ = {isa = PBXFileReference; lastKnownFileType = sourcecode.swift; path = OnboardingCoordinator.swift; sourceTree = "<group>"; };
		EEC175302CC18A12005966B1 /* Onboarding.framework */ = {isa = PBXFileReference; explicitFileType = wrapper.framework; path = Onboarding.framework; sourceTree = BUILT_PRODUCTS_DIR; };
		EEC175332CC18B1C005966B1 /* OnboardingFactoryContainer.swift */ = {isa = PBXFileReference; lastKnownFileType = sourcecode.swift; path = OnboardingFactoryContainer.swift; sourceTree = "<group>"; };
		EED75A842CBBB0BE00F0F206 /* Coordinator.framework */ = {isa = PBXFileReference; explicitFileType = wrapper.framework; path = Coordinator.framework; sourceTree = BUILT_PRODUCTS_DIR; };
		EED8F5EF2C9995A100B11D2B /* TransactApp.swift */ = {isa = PBXFileReference; lastKnownFileType = sourcecode.swift; path = TransactApp.swift; sourceTree = "<group>"; };
		EED8F5FE2C9996C900B11D2B /* TransactCoordinator.swift */ = {isa = PBXFileReference; lastKnownFileType = sourcecode.swift; path = TransactCoordinator.swift; sourceTree = "<group>"; };
		EED8F60E2C999B1000B11D2B /* AppDelegate.swift */ = {isa = PBXFileReference; lastKnownFileType = sourcecode.swift; path = AppDelegate.swift; sourceTree = "<group>"; };
		EED8F65F2C99A3E600B11D2B /* Assets.xcassets */ = {isa = PBXFileReference; lastKnownFileType = folder.assetcatalog; path = Assets.xcassets; sourceTree = "<group>"; };
		EEDC33BD2CA3458200FCACA1 /* Onboarding.framework */ = {isa = PBXFileReference; explicitFileType = wrapper.framework; path = Onboarding.framework; sourceTree = BUILT_PRODUCTS_DIR; };
		EEE4A9272CA42F7200C65298 /* .swiftlint.yml */ = {isa = PBXFileReference; lastKnownFileType = text.yaml; path = .swiftlint.yml; sourceTree = "<group>"; };
		EEF25F6C2CC14E4A00407E09 /* Localization.framework */ = {isa = PBXFileReference; explicitFileType = wrapper.framework; path = Localization.framework; sourceTree = BUILT_PRODUCTS_DIR; };
		EEF3A8582CA1B36100C6BC3E /* Transact.app */ = {isa = PBXFileReference; explicitFileType = wrapper.application; includeInIndex = 0; path = Transact.app; sourceTree = BUILT_PRODUCTS_DIR; };
		EEF3A85A2CA1B37100C6BC3E /* DesignSystem.framework */ = {isa = PBXFileReference; explicitFileType = wrapper.framework; path = DesignSystem.framework; sourceTree = BUILT_PRODUCTS_DIR; };
		EEF3A85D2CA1B37500C6BC3E /* Coordinator.framework */ = {isa = PBXFileReference; explicitFileType = wrapper.framework; path = Coordinator.framework; sourceTree = BUILT_PRODUCTS_DIR; };
		EEF3A8602CA1B37B00C6BC3E /* Splash.framework */ = {isa = PBXFileReference; explicitFileType = wrapper.framework; path = Splash.framework; sourceTree = BUILT_PRODUCTS_DIR; };
		EEFBB0BD2CBD58CC00AC4A7B /* TransactFactoryContainer.swift */ = {isa = PBXFileReference; lastKnownFileType = sourcecode.swift; path = TransactFactoryContainer.swift; sourceTree = "<group>"; };
/* End PBXFileReference section */

/* Begin PBXFrameworksBuildPhase section */
		EED8F5E92C9995A100B11D2B /* Frameworks */ = {
			isa = PBXFrameworksBuildPhase;
			buildActionMask = 2147483647;
			files = (
				EEF25F6D2CC14E4A00407E09 /* Localization.framework in Frameworks */,
				EED75A852CBBB0BE00F0F206 /* Coordinator.framework in Frameworks */,
				7311C0EA2D011507007C5794 /* HTTPClient.framework in Frameworks */,
				EEC175312CC18A12005966B1 /* Onboarding.framework in Frameworks */,
				73199EAD2CD2BF4200C96DBD /* OTP.framework in Frameworks */,
				73E92D672CD55AD800A4A640 /* Shared.framework in Frameworks */,
				73ECBA362CD1566400715062 /* Signup.framework in Frameworks */,
				73FB32C32CD3B2F3005AD46C /* Password.framework in Frameworks */,
				73ECBA4B2CD15BB000715062 /* ForgotPassword.framework in Frameworks */,
				73E983F12D011809002E1A67 /* HTTPClient.framework in Frameworks */,
				EE46AE622CB7285300C5F23B /* Splash.framework in Frameworks */,
				EEF3A85B2CA1B37100C6BC3E /* DesignSystem.framework in Frameworks */,
				EE849F692CC4250F00A7B18E /* Login.framework in Frameworks */,
				EE7958AE2C9C688800C61658 /* SwiftUIViews in Frameworks */,
			);
			runOnlyForDeploymentPostprocessing = 0;
		};
/* End PBXFrameworksBuildPhase section */

/* Begin PBXGroup section */
		73199EA72CD2BF0C00C96DBD /* Signup */ = {
			isa = PBXGroup;
			children = (
				73E92D332CD507F200A4A640 /* Mapper */,
				73DA17362CD4FE300002DDD2 /* SignupService.swift */,
				73ECBA332CD1565900715062 /* SignupCoordinator.swift */,
				73ECBA382CD1571100715062 /* SignupFactoryContainer.swift */,
			);
			path = Signup;
			sourceTree = "<group>";
		};
		73199EA82CD2BF1600C96DBD /* OTP */ = {
			isa = PBXGroup;
			children = (
				73E92D562CD526C000A4A640 /* SignupResendOtpService.swift */,
				73E92D522CD5234B00A4A640 /* SignupVerifyOtpService.swift */,
				73370F6A2CD3AAA300501AE0 /* SignupOTPContent.swift */,
				73199EAA2CD2BF2700C96DBD /* SignupOTPCoordinator.swift */,
				73199EAF2CD2BF5000C96DBD /* SignupOTPFactoryContainer.swift */,
			);
			path = OTP;
			sourceTree = "<group>";
		};
		735BEBC62CD3B43800AA4FA3 /* Password */ = {
			isa = PBXGroup;
			children = (
				7308DF782CDC3618009476D3 /* SignupPasswordService.swift */,
				735BEBC72CD3B44C00AA4FA3 /* SignupPasswordContent.swift */,
				735BEBC82CD3B44C00AA4FA3 /* SignupPasswordCoordinator.swift */,
				735BEBC92CD3B44C00AA4FA3 /* SignupPasswordFactoryContainer.swift */,
			);
			path = Password;
			sourceTree = "<group>";
		};
		73E92D332CD507F200A4A640 /* Mapper */ = {
			isa = PBXGroup;
			children = (
				73E92D342CD507F500A4A640 /* SignupOTPViewModelEntityMapper.swift */,
			);
			path = Mapper;
			sourceTree = "<group>";
		};
		73E92D582CD5532500A4A640 /* ForgotPassword */ = {
			isa = PBXGroup;
			children = (
				73E92D782CD5637800A4A640 /* Mapper */,
				73E92D732CD5606C00A4A640 /* ForgotPasswordService.swift */,
				73ECBA482CD15BA800715062 /* ForgotPasswordCoordinator.swift */,
				73ECBA4D2CD15C7500715062 /* ForgotPasswordFactoryContainer.swift */,
			);
			path = ForgotPassword;
			sourceTree = "<group>";
		};
		73E92D592CD5532F00A4A640 /* OTP */ = {
			isa = PBXGroup;
			children = (
				73E92D5A2CD5538300A4A640 /* ForgotPasswordResendOtpService.swift */,
				73E92D5C2CD5539200A4A640 /* ForgotPasswordVerifyOtpService.swift */,
				73E92D5E2CD5539C00A4A640 /* ForgotPasswordOTPContent.swift */,
				73E92D602CD553A600A4A640 /* ForgotPasswordOTPCoordinator.swift */,
				73E92D622CD553B200A4A640 /* ForgotPasswordOTPFactoryContainer.swift */,
			);
			path = OTP;
			sourceTree = "<group>";
		};
		73E92D782CD5637800A4A640 /* Mapper */ = {
			isa = PBXGroup;
			children = (
				73E92D792CD563A800A4A640 /* ForgotPasswordOTPViewModelEntityMapper.swift */,
			);
			path = Mapper;
			sourceTree = "<group>";
		};
		73E92D7B2CD5666900A4A640 /* Password */ = {
			isa = PBXGroup;
			children = (
				7308DF762CDC35C1009476D3 /* ForgotpasswordPasswordService.swift */,
				73E92D7C2CD5673300A4A640 /* ForgotpasswordPasswordContent.swift */,
				73E92D7E2CD567B100A4A640 /* ForgotpasswordPasswordCoordinator.swift */,
				73E92D802CD5680C00A4A640 /* ForgotpasswordPasswordFactoryContainer.swift */,
			);
			path = Password;
			sourceTree = "<group>";
		};
		73ECBA322CD1562500715062 /* Signup */ = {
			isa = PBXGroup;
			children = (
				73199EA72CD2BF0C00C96DBD /* Signup */,
				73199EA82CD2BF1600C96DBD /* OTP */,
				735BEBC62CD3B43800AA4FA3 /* Password */,
			);
			path = Signup;
			sourceTree = "<group>";
		};
		73ECBA472CD15B8E00715062 /* ForgotPassword */ = {
			isa = PBXGroup;
			children = (
				73E92D582CD5532500A4A640 /* ForgotPassword */,
				73E92D592CD5532F00A4A640 /* OTP */,
				73E92D7B2CD5666900A4A640 /* Password */,
			);
			path = ForgotPassword;
			sourceTree = "<group>";
		};
		EE46AE692CB7289200C5F23B /* Splash */ = {
			isa = PBXGroup;
			children = (
				EE46AE672CB7289200C5F23B /* SplashCoordinator.swift */,
				EE46AE682CB7289200C5F23B /* SplashFactoryContainer.swift */,
			);
			path = Splash;
			sourceTree = "<group>";
		};
		EE46AE6A2CB7289200C5F23B /* Modules */ = {
			isa = PBXGroup;
			children = (
				EE46AE692CB7289200C5F23B /* Splash */,
				EEC1752D2CC189EE005966B1 /* Onboarding */,
				EEC175052CC157DE005966B1 /* Authentication */,
				EEC175082CC15805005966B1 /* TabBar */,
			);
			path = Modules;
			sourceTree = "<group>";
		};
		EE849F632CC424E600A7B18E /* Login */ = {
			isa = PBXGroup;
			children = (
				7302A6122CCBF0680078D08C /* LoginService.swift */,
				EE849F662CC4250600A7B18E /* LoginCoordinator.swift */,
				EE849F642CC424F200A7B18E /* LoginFactoryContainer.swift */,
			);
			path = Login;
			sourceTree = "<group>";
		};
		EEC175052CC157DE005966B1 /* Authentication */ = {
			isa = PBXGroup;
			children = (
				EEC175062CC157E5005966B1 /* AuthenticationFlow.swift */,
				EE849F632CC424E600A7B18E /* Login */,
				73ECBA322CD1562500715062 /* Signup */,
				73ECBA472CD15B8E00715062 /* ForgotPassword */,
			);
			path = Authentication;
			sourceTree = "<group>";
		};
		EEC175082CC15805005966B1 /* TabBar */ = {
			isa = PBXGroup;
			children = (
				EEC175092CC15812005966B1 /* TabBarFlow.swift */,
			);
			path = TabBar;
			sourceTree = "<group>";
		};
		EEC1750B2CC1582C005966B1 /* Transact */ = {
			isa = PBXGroup;
			children = (
				EED8F60E2C999B1000B11D2B /* AppDelegate.swift */,
				EED8F5EF2C9995A100B11D2B /* TransactApp.swift */,
				EEC175032CC157A4005966B1 /* TransactFlow.swift */,
				EEC175012CC15702005966B1 /* TransactViewModel.swift */,
				EED8F5FE2C9996C900B11D2B /* TransactCoordinator.swift */,
				EEFBB0BD2CBD58CC00AC4A7B /* TransactFactoryContainer.swift */,
			);
			path = Transact;
			sourceTree = "<group>";
		};
		EEC1752D2CC189EE005966B1 /* Onboarding */ = {
			isa = PBXGroup;
			children = (
				EE6EA45D2CC3E70C00BBC748 /* onboarding.json */,
				EE6EA45B2CC3E4FF00BBC748 /* OnboardingService.swift */,
				EEC1752E2CC18A05005966B1 /* OnboardingCoordinator.swift */,
				EEC175332CC18B1C005966B1 /* OnboardingFactoryContainer.swift */,
			);
			name = Onboarding;
			path = Authentication/Onboarding;
			sourceTree = "<group>";
		};
		EED8F5E32C9995A100B11D2B = {
			isa = PBXGroup;
			children = (
				EEE4A9272CA42F7200C65298 /* .swiftlint.yml */,
				EED8F5EE2C9995A100B11D2B /* Transact */,
				EEF3A8582CA1B36100C6BC3E /* Transact.app */,
				EEF3A8592CA1B37100C6BC3E /* Frameworks */,
			);
			sourceTree = "<group>";
		};
		EED8F5EE2C9995A100B11D2B /* Transact */ = {
			isa = PBXGroup;
			children = (
				73CFA5F02CE92359009FBA14 /* Info.plist */,
				EEC1750B2CC1582C005966B1 /* Transact */,
				EE46AE6A2CB7289200C5F23B /* Modules */,
				EED8F65E2C99A3DA00B11D2B /* Resources */,
			);
			path = Transact;
			sourceTree = "<group>";
		};
		EED8F65E2C99A3DA00B11D2B /* Resources */ = {
			isa = PBXGroup;
			children = (
				EED8F65F2C99A3E600B11D2B /* Assets.xcassets */,
			);
			path = Resources;
			sourceTree = "<group>";
		};
		EEF3A8592CA1B37100C6BC3E /* Frameworks */ = {
			isa = PBXGroup;
			children = (
				73E983F02D011809002E1A67 /* HTTPClient.framework */,
				7311C0E92D011507007C5794 /* HTTPClient.framework */,
				73E92D662CD55AD800A4A640 /* Shared.framework */,
				73FB32C22CD3B2F3005AD46C /* Password.framework */,
				73199EAC2CD2BF4200C96DBD /* OTP.framework */,
				73ECBA4A2CD15BB000715062 /* ForgotPassword.framework */,
				73ECBA352CD1566400715062 /* Signup.framework */,
				EE849F682CC4250F00A7B18E /* Login.framework */,
				EEC175302CC18A12005966B1 /* Onboarding.framework */,
				EEF25F6C2CC14E4A00407E09 /* Localization.framework */,
				EED75A842CBBB0BE00F0F206 /* Coordinator.framework */,
				EE46AE612CB7285300C5F23B /* Splash.framework */,
				EEDC33BD2CA3458200FCACA1 /* Onboarding.framework */,
				EEF3A8602CA1B37B00C6BC3E /* Splash.framework */,
				EEF3A85D2CA1B37500C6BC3E /* Coordinator.framework */,
				EEF3A85A2CA1B37100C6BC3E /* DesignSystem.framework */,
			);
			name = Frameworks;
			sourceTree = "<group>";
		};
/* End PBXGroup section */

/* Begin PBXNativeTarget section */
		EED8F5EB2C9995A100B11D2B /* Transact */ = {
			isa = PBXNativeTarget;
			buildConfigurationList = EED8F5FA2C9995A200B11D2B /* Build configuration list for PBXNativeTarget "Transact" */;
			buildPhases = (
				EEE4A9242CA42DB200C65298 /* swiftlint */,
				EED8F5E82C9995A100B11D2B /* Sources */,
				EED8F5E92C9995A100B11D2B /* Frameworks */,
				EED8F5EA2C9995A100B11D2B /* Resources */,
				EED8F6042C9996D900B11D2B /* Embed Frameworks */,
				739EBBA02CE3E88F00FA3D5E /* Embed Foundation Extensions */,
			);
			buildRules = (
			);
			dependencies = (
			);
			name = Transact;
			packageProductDependencies = (
				EE7958AD2C9C688700C61658 /* SwiftUIViews */,
			);
			productName = Transact;
			productReference = EEF3A8582CA1B36100C6BC3E /* Transact.app */;
			productType = "com.apple.product-type.application";
		};
/* End PBXNativeTarget section */

/* Begin PBXProject section */
		EED8F5E42C9995A100B11D2B /* Project object */ = {
			isa = PBXProject;
			attributes = {
				BuildIndependentTargetsInParallel = 1;
				LastSwiftUpdateCheck = 1600;
				LastUpgradeCheck = 1540;
				TargetAttributes = {
					EED8F5EB2C9995A100B11D2B = {
						CreatedOnToolsVersion = 15.4;
					};
				};
			};
			buildConfigurationList = EED8F5E72C9995A100B11D2B /* Build configuration list for PBXProject "Transact" */;
			compatibilityVersion = "Xcode 14.0";
			developmentRegion = en;
			hasScannedForEncodings = 0;
			knownRegions = (
				en,
				Base,
			);
			mainGroup = EED8F5E32C9995A100B11D2B;
			productRefGroup = EED8F5E32C9995A100B11D2B;
			projectDirPath = "";
			projectRoot = "";
			targets = (
				EED8F5EB2C9995A100B11D2B /* Transact */,
			);
		};
/* End PBXProject section */

/* Begin PBXResourcesBuildPhase section */
		EED8F5EA2C9995A100B11D2B /* Resources */ = {
			isa = PBXResourcesBuildPhase;
			buildActionMask = 2147483647;
			files = (
				EED8F6602C99A3E600B11D2B /* Assets.xcassets in Resources */,
				EE6EA45E2CC3E70C00BBC748 /* onboarding.json in Resources */,
			);
			runOnlyForDeploymentPostprocessing = 0;
		};
/* End PBXResourcesBuildPhase section */

/* Begin PBXShellScriptBuildPhase section */
		EEE4A9242CA42DB200C65298 /* swiftlint */ = {
			isa = PBXShellScriptBuildPhase;
			alwaysOutOfDate = 1;
			buildActionMask = 2147483647;
			files = (
			);
			inputFileListPaths = (
			);
			inputPaths = (
			);
			name = swiftlint;
			outputFileListPaths = (
			);
			outputPaths = (
			);
			runOnlyForDeploymentPostprocessing = 0;
			shellPath = /bin/sh;
			shellScript = "export PATH=\"$PATH:/opt/homebrew/bin\"\nif which swiftlint >/dev/null; then\n  swiftlint\nelse\n  echo \"warning: SwiftLint not installed, download from https://github.com/realm/SwiftLint\"\nfi \n";
		};
/* End PBXShellScriptBuildPhase section */

/* Begin PBXSourcesBuildPhase section */
		EED8F5E82C9995A100B11D2B /* Sources */ = {
			isa = PBXSourcesBuildPhase;
			buildActionMask = 2147483647;
			files = (
				EE849F652CC424F200A7B18E /* LoginFactoryContainer.swift in Sources */,
				EED8F60F2C999B1000B11D2B /* AppDelegate.swift in Sources */,
				EED8F5FF2C9996C900B11D2B /* TransactCoordinator.swift in Sources */,
				EE46AE6D2CB7289200C5F23B /* SplashCoordinator.swift in Sources */,
				73ECBA392CD1571100715062 /* SignupFactoryContainer.swift in Sources */,
				EE46AE6E2CB7289200C5F23B /* SplashFactoryContainer.swift in Sources */,
				EEC175022CC15702005966B1 /* TransactViewModel.swift in Sources */,
				EEC175042CC157A4005966B1 /* TransactFlow.swift in Sources */,
				73199EAB2CD2BF2700C96DBD /* SignupOTPCoordinator.swift in Sources */,
				73E92D632CD553B200A4A640 /* ForgotPasswordOTPFactoryContainer.swift in Sources */,
				7302A6132CCBF0680078D08C /* LoginService.swift in Sources */,
				73E92D612CD553A600A4A640 /* ForgotPasswordOTPCoordinator.swift in Sources */,
				73370F6B2CD3AAA300501AE0 /* SignupOTPContent.swift in Sources */,
				73E92D7D2CD5673300A4A640 /* ForgotpasswordPasswordContent.swift in Sources */,
				73199EB02CD2BF5000C96DBD /* SignupOTPFactoryContainer.swift in Sources */,
				73E92D7F2CD567B100A4A640 /* ForgotpasswordPasswordCoordinator.swift in Sources */,
				73ECBA342CD1565900715062 /* SignupCoordinator.swift in Sources */,
				73E92D812CD5680C00A4A640 /* ForgotpasswordPasswordFactoryContainer.swift in Sources */,
				7308DF792CDC3618009476D3 /* SignupPasswordService.swift in Sources */,
				73E92D742CD5606C00A4A640 /* ForgotPasswordService.swift in Sources */,
				73ECBA4E2CD15C7500715062 /* ForgotPasswordFactoryContainer.swift in Sources */,
				EEC175342CC18B1C005966B1 /* OnboardingFactoryContainer.swift in Sources */,
				EE6EA45C2CC3E4FF00BBC748 /* OnboardingService.swift in Sources */,
				7308DF772CDC35C1009476D3 /* ForgotpasswordPasswordService.swift in Sources */,
				EEC175072CC157E5005966B1 /* AuthenticationFlow.swift in Sources */,
				EEFBB0BE2CBD58CC00AC4A7B /* TransactFactoryContainer.swift in Sources */,
				EEC1752F2CC18A05005966B1 /* OnboardingCoordinator.swift in Sources */,
				73E92D352CD507F500A4A640 /* SignupOTPViewModelEntityMapper.swift in Sources */,
				73E92D572CD526C000A4A640 /* SignupResendOtpService.swift in Sources */,
				73E92D532CD5234B00A4A640 /* SignupVerifyOtpService.swift in Sources */,
				EE849F672CC4250600A7B18E /* LoginCoordinator.swift in Sources */,
				EEC1750A2CC15812005966B1 /* TabBarFlow.swift in Sources */,
				73DA17372CD4FE300002DDD2 /* SignupService.swift in Sources */,
				735BEBCA2CD3B44C00AA4FA3 /* SignupPasswordCoordinator.swift in Sources */,
				735BEBCB2CD3B44C00AA4FA3 /* SignupPasswordFactoryContainer.swift in Sources */,
				735BEBCC2CD3B44C00AA4FA3 /* SignupPasswordContent.swift in Sources */,
				73E92D5D2CD5539200A4A640 /* ForgotPasswordVerifyOtpService.swift in Sources */,
				73E92D5F2CD5539C00A4A640 /* ForgotPasswordOTPContent.swift in Sources */,
				73ECBA492CD15BA800715062 /* ForgotPasswordCoordinator.swift in Sources */,
				EED8F5F02C9995A100B11D2B /* TransactApp.swift in Sources */,
				73E92D5B2CD5538300A4A640 /* ForgotPasswordResendOtpService.swift in Sources */,
				73E92D7A2CD563A800A4A640 /* ForgotPasswordOTPViewModelEntityMapper.swift in Sources */,
			);
			runOnlyForDeploymentPostprocessing = 0;
		};
/* End PBXSourcesBuildPhase section */

/* Begin XCBuildConfiguration section */
		EED8F5F82C9995A200B11D2B /* Debug */ = {
			isa = XCBuildConfiguration;
			buildSettings = {
				ALWAYS_SEARCH_USER_PATHS = NO;
				ASSETCATALOG_COMPILER_GENERATE_SWIFT_ASSET_SYMBOL_EXTENSIONS = YES;
				CLANG_ANALYZER_NONNULL = YES;
				CLANG_ANALYZER_NUMBER_OBJECT_CONVERSION = YES_AGGRESSIVE;
				CLANG_CXX_LANGUAGE_STANDARD = "gnu++20";
				CLANG_ENABLE_MODULES = YES;
				CLANG_ENABLE_OBJC_ARC = YES;
				CLANG_ENABLE_OBJC_WEAK = YES;
				CLANG_WARN_BLOCK_CAPTURE_AUTORELEASING = YES;
				CLANG_WARN_BOOL_CONVERSION = YES;
				CLANG_WARN_COMMA = YES;
				CLANG_WARN_CONSTANT_CONVERSION = YES;
				CLANG_WARN_DEPRECATED_OBJC_IMPLEMENTATIONS = YES;
				CLANG_WARN_DIRECT_OBJC_ISA_USAGE = YES_ERROR;
				CLANG_WARN_DOCUMENTATION_COMMENTS = YES;
				CLANG_WARN_EMPTY_BODY = YES;
				CLANG_WARN_ENUM_CONVERSION = YES;
				CLANG_WARN_INFINITE_RECURSION = YES;
				CLANG_WARN_INT_CONVERSION = YES;
				CLANG_WARN_NON_LITERAL_NULL_CONVERSION = YES;
				CLANG_WARN_OBJC_IMPLICIT_RETAIN_SELF = YES;
				CLANG_WARN_OBJC_LITERAL_CONVERSION = YES;
				CLANG_WARN_OBJC_ROOT_CLASS = YES_ERROR;
				CLANG_WARN_QUOTED_INCLUDE_IN_FRAMEWORK_HEADER = YES;
				CLANG_WARN_RANGE_LOOP_ANALYSIS = YES;
				CLANG_WARN_STRICT_PROTOTYPES = YES;
				CLANG_WARN_SUSPICIOUS_MOVE = YES;
				CLANG_WARN_UNGUARDED_AVAILABILITY = YES_AGGRESSIVE;
				CLANG_WARN_UNREACHABLE_CODE = YES;
				CLANG_WARN__DUPLICATE_METHOD_MATCH = YES;
				COPY_PHASE_STRIP = NO;
				DEBUG_INFORMATION_FORMAT = dwarf;
				ENABLE_STRICT_OBJC_MSGSEND = YES;
				ENABLE_TESTABILITY = YES;
				ENABLE_USER_SCRIPT_SANDBOXING = YES;
				GCC_C_LANGUAGE_STANDARD = gnu17;
				GCC_DYNAMIC_NO_PIC = NO;
				GCC_NO_COMMON_BLOCKS = YES;
				GCC_OPTIMIZATION_LEVEL = 0;
				GCC_PREPROCESSOR_DEFINITIONS = (
					"DEBUG=1",
					"$(inherited)",
				);
				GCC_WARN_64_TO_32_BIT_CONVERSION = YES;
				GCC_WARN_ABOUT_RETURN_TYPE = YES_ERROR;
				GCC_WARN_UNDECLARED_SELECTOR = YES;
				GCC_WARN_UNINITIALIZED_AUTOS = YES_AGGRESSIVE;
				GCC_WARN_UNUSED_FUNCTION = YES;
				GCC_WARN_UNUSED_VARIABLE = YES;
				IPHONEOS_DEPLOYMENT_TARGET = 17.5;
				LOCALIZATION_PREFERS_STRING_CATALOGS = YES;
				MTL_ENABLE_DEBUG_INFO = INCLUDE_SOURCE;
				MTL_FAST_MATH = YES;
				ONLY_ACTIVE_ARCH = YES;
				SDKROOT = iphoneos;
				SWIFT_ACTIVE_COMPILATION_CONDITIONS = "DEBUG $(inherited)";
				SWIFT_OPTIMIZATION_LEVEL = "-Onone";
			};
			name = Debug;
		};
		EED8F5F92C9995A200B11D2B /* Release */ = {
			isa = XCBuildConfiguration;
			buildSettings = {
				ALWAYS_SEARCH_USER_PATHS = NO;
				ASSETCATALOG_COMPILER_GENERATE_SWIFT_ASSET_SYMBOL_EXTENSIONS = YES;
				CLANG_ANALYZER_NONNULL = YES;
				CLANG_ANALYZER_NUMBER_OBJECT_CONVERSION = YES_AGGRESSIVE;
				CLANG_CXX_LANGUAGE_STANDARD = "gnu++20";
				CLANG_ENABLE_MODULES = YES;
				CLANG_ENABLE_OBJC_ARC = YES;
				CLANG_ENABLE_OBJC_WEAK = YES;
				CLANG_WARN_BLOCK_CAPTURE_AUTORELEASING = YES;
				CLANG_WARN_BOOL_CONVERSION = YES;
				CLANG_WARN_COMMA = YES;
				CLANG_WARN_CONSTANT_CONVERSION = YES;
				CLANG_WARN_DEPRECATED_OBJC_IMPLEMENTATIONS = YES;
				CLANG_WARN_DIRECT_OBJC_ISA_USAGE = YES_ERROR;
				CLANG_WARN_DOCUMENTATION_COMMENTS = YES;
				CLANG_WARN_EMPTY_BODY = YES;
				CLANG_WARN_ENUM_CONVERSION = YES;
				CLANG_WARN_INFINITE_RECURSION = YES;
				CLANG_WARN_INT_CONVERSION = YES;
				CLANG_WARN_NON_LITERAL_NULL_CONVERSION = YES;
				CLANG_WARN_OBJC_IMPLICIT_RETAIN_SELF = YES;
				CLANG_WARN_OBJC_LITERAL_CONVERSION = YES;
				CLANG_WARN_OBJC_ROOT_CLASS = YES_ERROR;
				CLANG_WARN_QUOTED_INCLUDE_IN_FRAMEWORK_HEADER = YES;
				CLANG_WARN_RANGE_LOOP_ANALYSIS = YES;
				CLANG_WARN_STRICT_PROTOTYPES = YES;
				CLANG_WARN_SUSPICIOUS_MOVE = YES;
				CLANG_WARN_UNGUARDED_AVAILABILITY = YES_AGGRESSIVE;
				CLANG_WARN_UNREACHABLE_CODE = YES;
				CLANG_WARN__DUPLICATE_METHOD_MATCH = YES;
				COPY_PHASE_STRIP = NO;
				DEBUG_INFORMATION_FORMAT = "dwarf-with-dsym";
				ENABLE_NS_ASSERTIONS = NO;
				ENABLE_STRICT_OBJC_MSGSEND = YES;
				ENABLE_USER_SCRIPT_SANDBOXING = YES;
				GCC_C_LANGUAGE_STANDARD = gnu17;
				GCC_NO_COMMON_BLOCKS = YES;
				GCC_WARN_64_TO_32_BIT_CONVERSION = YES;
				GCC_WARN_ABOUT_RETURN_TYPE = YES_ERROR;
				GCC_WARN_UNDECLARED_SELECTOR = YES;
				GCC_WARN_UNINITIALIZED_AUTOS = YES_AGGRESSIVE;
				GCC_WARN_UNUSED_FUNCTION = YES;
				GCC_WARN_UNUSED_VARIABLE = YES;
				IPHONEOS_DEPLOYMENT_TARGET = 17.5;
				LOCALIZATION_PREFERS_STRING_CATALOGS = YES;
				MTL_ENABLE_DEBUG_INFO = NO;
				MTL_FAST_MATH = YES;
				SDKROOT = iphoneos;
				SWIFT_COMPILATION_MODE = wholemodule;
				VALIDATE_PRODUCT = YES;
			};
			name = Release;
		};
		EED8F5FB2C9995A200B11D2B /* Debug */ = {
			isa = XCBuildConfiguration;
			buildSettings = {
				ASSETCATALOG_COMPILER_APPICON_NAME = AppIcon;
				ASSETCATALOG_COMPILER_GLOBAL_ACCENT_COLOR_NAME = AccentColor;
				CODE_SIGN_STYLE = Automatic;
				CURRENT_PROJECT_VERSION = 1;
				DEVELOPMENT_TEAM = 4U8DMJ33ZN;
				ENABLE_PREVIEWS = YES;
				ENABLE_USER_SCRIPT_SANDBOXING = NO;
				GENERATE_INFOPLIST_FILE = YES;
				INFOPLIST_FILE = Transact/Info.plist;
				INFOPLIST_KEY_UIApplicationSceneManifest_Generation = YES;
				INFOPLIST_KEY_UIApplicationSupportsIndirectInputEvents = YES;
				INFOPLIST_KEY_UILaunchScreen_Generation = YES;
				INFOPLIST_KEY_UISupportedInterfaceOrientations_iPad = "UIInterfaceOrientationPortrait UIInterfaceOrientationPortraitUpsideDown UIInterfaceOrientationLandscapeLeft UIInterfaceOrientationLandscapeRight";
				INFOPLIST_KEY_UISupportedInterfaceOrientations_iPhone = "UIInterfaceOrientationPortrait UIInterfaceOrientationLandscapeLeft UIInterfaceOrientationLandscapeRight";
				IPHONEOS_DEPLOYMENT_TARGET = 16.6;
				LD_RUNPATH_SEARCH_PATHS = (
					"$(inherited)",
					"@executable_path/Frameworks",
				);
				MARKETING_VERSION = 1.0;
				PRODUCT_BUNDLE_IDENTIFIER = com.yamany.Transact;
				PRODUCT_NAME = "$(TARGET_NAME)";
				SUPPORTED_PLATFORMS = "iphoneos iphonesimulator";
				SUPPORTS_MACCATALYST = NO;
				SUPPORTS_MAC_DESIGNED_FOR_IPHONE_IPAD = NO;
				SUPPORTS_XR_DESIGNED_FOR_IPHONE_IPAD = NO;
				SWIFT_EMIT_LOC_STRINGS = YES;
				SWIFT_VERSION = 5.0;
				TARGETED_DEVICE_FAMILY = 1;
			};
			name = Debug;
		};
		EED8F5FC2C9995A200B11D2B /* Release */ = {
			isa = XCBuildConfiguration;
			buildSettings = {
				ASSETCATALOG_COMPILER_APPICON_NAME = AppIcon;
				ASSETCATALOG_COMPILER_GLOBAL_ACCENT_COLOR_NAME = AccentColor;
				CODE_SIGN_STYLE = Automatic;
				CURRENT_PROJECT_VERSION = 1;
				DEVELOPMENT_TEAM = 4U8DMJ33ZN;
				ENABLE_PREVIEWS = YES;
				ENABLE_USER_SCRIPT_SANDBOXING = NO;
				GENERATE_INFOPLIST_FILE = YES;
				INFOPLIST_FILE = Transact/Info.plist;
				INFOPLIST_KEY_UIApplicationSceneManifest_Generation = YES;
				INFOPLIST_KEY_UIApplicationSupportsIndirectInputEvents = YES;
				INFOPLIST_KEY_UILaunchScreen_Generation = YES;
				INFOPLIST_KEY_UISupportedInterfaceOrientations_iPad = "UIInterfaceOrientationPortrait UIInterfaceOrientationPortraitUpsideDown UIInterfaceOrientationLandscapeLeft UIInterfaceOrientationLandscapeRight";
				INFOPLIST_KEY_UISupportedInterfaceOrientations_iPhone = "UIInterfaceOrientationPortrait UIInterfaceOrientationLandscapeLeft UIInterfaceOrientationLandscapeRight";
				IPHONEOS_DEPLOYMENT_TARGET = 16.6;
				LD_RUNPATH_SEARCH_PATHS = (
					"$(inherited)",
					"@executable_path/Frameworks",
				);
				MARKETING_VERSION = 1.0;
				PRODUCT_BUNDLE_IDENTIFIER = com.yamany.Transact;
				PRODUCT_NAME = "$(TARGET_NAME)";
				SUPPORTED_PLATFORMS = "iphoneos iphonesimulator";
				SUPPORTS_MACCATALYST = NO;
				SUPPORTS_MAC_DESIGNED_FOR_IPHONE_IPAD = NO;
				SUPPORTS_XR_DESIGNED_FOR_IPHONE_IPAD = NO;
				SWIFT_EMIT_LOC_STRINGS = YES;
				SWIFT_VERSION = 5.0;
				TARGETED_DEVICE_FAMILY = 1;
			};
			name = Release;
		};
/* End XCBuildConfiguration section */

/* Begin XCConfigurationList section */
		EED8F5E72C9995A100B11D2B /* Build configuration list for PBXProject "Transact" */ = {
			isa = XCConfigurationList;
			buildConfigurations = (
				EED8F5F82C9995A200B11D2B /* Debug */,
				EED8F5F92C9995A200B11D2B /* Release */,
			);
			defaultConfigurationIsVisible = 0;
			defaultConfigurationName = Release;
		};
		EED8F5FA2C9995A200B11D2B /* Build configuration list for PBXNativeTarget "Transact" */ = {
			isa = XCConfigurationList;
			buildConfigurations = (
				EED8F5FB2C9995A200B11D2B /* Debug */,
				EED8F5FC2C9995A200B11D2B /* Release */,
			);
			defaultConfigurationIsVisible = 0;
			defaultConfigurationName = Release;
		};
/* End XCConfigurationList section */

/* Begin XCSwiftPackageProductDependency section */
		EE7958AD2C9C688700C61658 /* SwiftUIViews */ = {
			isa = XCSwiftPackageProductDependency;
			productName = SwiftUIViews;
		};
/* End XCSwiftPackageProductDependency section */
	};
	rootObject = EED8F5E42C9995A100B11D2B /* Project object */;
}
