// !$*UTF8*$!
{
	archiveVersion = 1;
	classes = {
	};
	objectVersion = 56;
	objects = {

/* Begin PBXBuildFile section */
		EE018F202CB6A60D00235DD9 /* FoundationExtensions in Resources */ = {isa = PBXBuildFile; fileRef = EE018F1B2CB6A60D00235DD9 /* FoundationExtensions */; };
		EE018F212CB6A60D00235DD9 /* orbit-swiftui in Resources */ = {isa = PBXBuildFile; fileRef = EE018F1C2CB6A60D00235DD9 /* orbit-swiftui */; };
		EE018F222CB6A60D00235DD9 /* SwiftUIModifiers in Resources */ = {isa = PBXBuildFile; fileRef = EE018F1D2CB6A60D00235DD9 /* SwiftUIModifiers */; };
		EE018F232CB6A60D00235DD9 /* UIExtensions in Resources */ = {isa = PBXBuildFile; fileRef = EE018F1E2CB6A60D00235DD9 /* UIExtensions */; };
		EE018F252CB6A61600235DD9 /* Orbit in Frameworks */ = {isa = PBXBuildFile; productRef = EE018F242CB6A61600235DD9 /* Orbit */; };
		EE018F3B2CB6AAC600235DD9 /* DesignSystem.swift in Sources */ = {isa = PBXBuildFile; fileRef = EE018F3A2CB6AAC600235DD9 /* DesignSystem.swift */; };
		EE018F402CB6CBB600235DD9 /* ContentSizeCategory+FontRatio.swift in Sources */ = {isa = PBXBuildFile; fileRef = EE018F3F2CB6CBB600235DD9 /* ContentSizeCategory+FontRatio.swift */; };
		EE018F572CB6D9D100235DD9 /* Icons.xcassets in Resources */ = {isa = PBXBuildFile; fileRef = EE018F562CB6D9D100235DD9 /* Icons.xcassets */; };
		EE018F592CB6DBE700235DD9 /* FoundationIcons.swift in Sources */ = {isa = PBXBuildFile; fileRef = EE018F582CB6DBE700235DD9 /* FoundationIcons.swift */; };
		EE018F5B2CB6E1AA00235DD9 /* FontSizes.swift in Sources */ = {isa = PBXBuildFile; fileRef = EE018F5A2CB6E1AA00235DD9 /* FontSizes.swift */; };
		EE018F5D2CB6E41E00235DD9 /* Padding.swift in Sources */ = {isa = PBXBuildFile; fileRef = EE018F5C2CB6E41E00235DD9 /* Padding.swift */; };
		EE7EC40D2CA56F3B00E073C1 /* BorderRadius.swift in Sources */ = {isa = PBXBuildFile; fileRef = EE7EC40C2CA56F3B00E073C1 /* BorderRadius.swift */; };
		EE7EC40F2CA56F8A00E073C1 /* BorderWidth.swift in Sources */ = {isa = PBXBuildFile; fileRef = EE7EC40E2CA56F8A00E073C1 /* BorderWidth.swift */; };
		EE7EC4122CA5700000E073C1 /* Spacing.swift in Sources */ = {isa = PBXBuildFile; fileRef = EE7EC4112CA5700000E073C1 /* Spacing.swift */; };
		EE7EC4152CA5732100E073C1 /* FontFamily.swift in Sources */ = {isa = PBXBuildFile; fileRef = EE7EC4142CA5732100E073C1 /* FontFamily.swift */; };
		EE7EC4182CA5742C00E073C1 /* FoundationColors.swift in Sources */ = {isa = PBXBuildFile; fileRef = EE7EC4172CA5742C00E073C1 /* FoundationColors.swift */; };
		EE9ED1CB2C99D71D00DFA2F2 /* FoundationExtensions in Frameworks */ = {isa = PBXBuildFile; productRef = EE9ED1CA2C99D71D00DFA2F2 /* FoundationExtensions */; };
		EEADB4342CA0505E00F928D7 /* Cairo.ttf in Resources */ = {isa = PBXBuildFile; fileRef = EEADB4332CA0505500F928D7 /* Cairo.ttf */; };
		EECCF13E2CA1BCCA007E38D2 /* UIExtensions in Frameworks */ = {isa = PBXBuildFile; productRef = EECCF13D2CA1BCCA007E38D2 /* UIExtensions */; };
		EECCF1402CA1C064007E38D2 /* ColorTokens.swift in Sources */ = {isa = PBXBuildFile; fileRef = EECCF13F2CA1C064007E38D2 /* ColorTokens.swift */; };
		EED8F65B2C99A3C900B11D2B /* Images.xcassets in Resources */ = {isa = PBXBuildFile; fileRef = EED8F65A2C99A3C900B11D2B /* Images.xcassets */; };
		EED8F65D2C99A3D500B11D2B /* Colors.xcassets in Resources */ = {isa = PBXBuildFile; fileRef = EED8F65C2C99A3D500B11D2B /* Colors.xcassets */; };
		EED8F6652C99A51E00B11D2B /* Inter.ttf in Resources */ = {isa = PBXBuildFile; fileRef = EED8F6642C99A51E00B11D2B /* Inter.ttf */; };
		EED8F6672C99A8AB00B11D2B /* swiftgen.yml in Resources */ = {isa = PBXBuildFile; fileRef = EED8F6662C99A8AB00B11D2B /* swiftgen.yml */; };
		EED8F66E2C99AD4300B11D2B /* Files+Generated.swift in Sources */ = {isa = PBXBuildFile; fileRef = EED8F66D2C99AD4300B11D2B /* Files+Generated.swift */; };
		EED8F6722C99AE1A00B11D2B /* Localizable.strings in Resources */ = {isa = PBXBuildFile; fileRef = EED8F6702C99AE1A00B11D2B /* Localizable.strings */; };
		EED8F6752C99AE5D00B11D2B /* Strings+Generated.swift in Sources */ = {isa = PBXBuildFile; fileRef = EED8F6742C99AE5D00B11D2B /* Strings+Generated.swift */; };
		EED8F6772C99AF8000B11D2B /* swiftgen+localized.swift in Sources */ = {isa = PBXBuildFile; fileRef = EED8F6762C99AF8000B11D2B /* swiftgen+localized.swift */; };
		EED8F67A2C99B01900B11D2B /* Language.swift in Sources */ = {isa = PBXBuildFile; fileRef = EED8F6792C99B01900B11D2B /* Language.swift */; };
		EED8F67C2C99B0F900B11D2B /* LanguageSettings.swift in Sources */ = {isa = PBXBuildFile; fileRef = EED8F67B2C99B0F900B11D2B /* LanguageSettings.swift */; };
		EEDC33822CA310F100FCACA1 /* ButtonSize.swift in Sources */ = {isa = PBXBuildFile; fileRef = EEDC33812CA310F100FCACA1 /* ButtonSize.swift */; };
		EEDC33842CA3111F00FCACA1 /* BigButtonSize.swift in Sources */ = {isa = PBXBuildFile; fileRef = EEDC33832CA3111F00FCACA1 /* BigButtonSize.swift */; };
		EEDC33862CA3115800FCACA1 /* SmallButtonSize.swift in Sources */ = {isa = PBXBuildFile; fileRef = EEDC33852CA3115800FCACA1 /* SmallButtonSize.swift */; };
		EEDC33892CA3124900FCACA1 /* ButtonStyleConfiguration.swift in Sources */ = {isa = PBXBuildFile; fileRef = EEDC33882CA3124900FCACA1 /* ButtonStyleConfiguration.swift */; };
		EEDC338B2CA314E700FCACA1 /* PrimaryButtonConfigurations.swift in Sources */ = {isa = PBXBuildFile; fileRef = EEDC338A2CA314E700FCACA1 /* PrimaryButtonConfigurations.swift */; };
		EEDC338E2CA316DF00FCACA1 /* PrimaryLinearGradient.swift in Sources */ = {isa = PBXBuildFile; fileRef = EEDC338D2CA316DF00FCACA1 /* PrimaryLinearGradient.swift */; };
		EEDC33912CA3222C00FCACA1 /* PrimaryButtonStyle.swift in Sources */ = {isa = PBXBuildFile; fileRef = EEDC33902CA3222C00FCACA1 /* PrimaryButtonStyle.swift */; };
		EEDC33952CA3254100FCACA1 /* SwiftUIModifiers in Frameworks */ = {isa = PBXBuildFile; productRef = EEDC33942CA3254100FCACA1 /* SwiftUIModifiers */; };
		EEDC33972CA32A6A00FCACA1 /* SecondaryButtonConfigurations.swift in Sources */ = {isa = PBXBuildFile; fileRef = EEDC33962CA32A6A00FCACA1 /* SecondaryButtonConfigurations.swift */; };
		EEE4298C2C9DD86600D96CD8 /* View+configureLanguageSettings.swift in Sources */ = {isa = PBXBuildFile; fileRef = EEE4298B2C9DD86600D96CD8 /* View+configureLanguageSettings.swift */; };
		EEE4298E2C9DD92600D96CD8 /* EnvironmentValues+.swift in Sources */ = {isa = PBXBuildFile; fileRef = EEE4298D2C9DD92600D96CD8 /* EnvironmentValues+.swift */; };
		EEE4A9232CA42C4400C65298 /* LabelButtonConfigurations.swift in Sources */ = {isa = PBXBuildFile; fileRef = EEE4A9222CA42C4400C65298 /* LabelButtonConfigurations.swift */; };
		EEE4A92A2CA430C900C65298 /* applyPrimaryDesign.swift in Sources */ = {isa = PBXBuildFile; fileRef = EEE4A9292CA430C900C65298 /* applyPrimaryDesign.swift */; };
/* End PBXBuildFile section */

/* Begin PBXFileReference section */
		EE018F1B2CB6A60D00235DD9 /* FoundationExtensions */ = {isa = PBXFileReference; lastKnownFileType = wrapper; path = FoundationExtensions; sourceTree = "<group>"; };
		EE018F1C2CB6A60D00235DD9 /* orbit-swiftui */ = {isa = PBXFileReference; lastKnownFileType = wrapper; path = "orbit-swiftui"; sourceTree = "<group>"; };
		EE018F1D2CB6A60D00235DD9 /* SwiftUIModifiers */ = {isa = PBXFileReference; lastKnownFileType = wrapper; path = SwiftUIModifiers; sourceTree = "<group>"; };
		EE018F1E2CB6A60D00235DD9 /* UIExtensions */ = {isa = PBXFileReference; lastKnownFileType = wrapper; path = UIExtensions; sourceTree = "<group>"; };
		EE018F3A2CB6AAC600235DD9 /* DesignSystem.swift */ = {isa = PBXFileReference; lastKnownFileType = sourcecode.swift; path = DesignSystem.swift; sourceTree = "<group>"; };
		EE018F3F2CB6CBB600235DD9 /* ContentSizeCategory+FontRatio.swift */ = {isa = PBXFileReference; lastKnownFileType = sourcecode.swift; path = "ContentSizeCategory+FontRatio.swift"; sourceTree = "<group>"; };
		EE018F562CB6D9D100235DD9 /* Icons.xcassets */ = {isa = PBXFileReference; lastKnownFileType = folder.assetcatalog; path = Icons.xcassets; sourceTree = "<group>"; };
		EE018F582CB6DBE700235DD9 /* FoundationIcons.swift */ = {isa = PBXFileReference; fileEncoding = 4; lastKnownFileType = sourcecode.swift; path = FoundationIcons.swift; sourceTree = "<group>"; };
		EE018F5A2CB6E1AA00235DD9 /* FontSizes.swift */ = {isa = PBXFileReference; lastKnownFileType = sourcecode.swift; path = FontSizes.swift; sourceTree = "<group>"; };
		EE018F5C2CB6E41E00235DD9 /* Padding.swift */ = {isa = PBXFileReference; lastKnownFileType = sourcecode.swift; path = Padding.swift; sourceTree = "<group>"; };
		EE7EC40C2CA56F3B00E073C1 /* BorderRadius.swift */ = {isa = PBXFileReference; lastKnownFileType = sourcecode.swift; path = BorderRadius.swift; sourceTree = "<group>"; };
		EE7EC40E2CA56F8A00E073C1 /* BorderWidth.swift */ = {isa = PBXFileReference; lastKnownFileType = sourcecode.swift; path = BorderWidth.swift; sourceTree = "<group>"; };
		EE7EC4112CA5700000E073C1 /* Spacing.swift */ = {isa = PBXFileReference; lastKnownFileType = sourcecode.swift; path = Spacing.swift; sourceTree = "<group>"; };
		EE7EC4142CA5732100E073C1 /* FontFamily.swift */ = {isa = PBXFileReference; fileEncoding = 4; lastKnownFileType = sourcecode.swift; path = FontFamily.swift; sourceTree = "<group>"; };
		EE7EC4172CA5742C00E073C1 /* FoundationColors.swift */ = {isa = PBXFileReference; fileEncoding = 4; lastKnownFileType = sourcecode.swift; path = FoundationColors.swift; sourceTree = "<group>"; };
		EEADB4332CA0505500F928D7 /* Cairo.ttf */ = {isa = PBXFileReference; lastKnownFileType = file; path = Cairo.ttf; sourceTree = "<group>"; };
		EECCF13F2CA1C064007E38D2 /* ColorTokens.swift */ = {isa = PBXFileReference; lastKnownFileType = sourcecode.swift; path = ColorTokens.swift; sourceTree = "<group>"; };
		EED8F65A2C99A3C900B11D2B /* Images.xcassets */ = {isa = PBXFileReference; lastKnownFileType = folder.assetcatalog; path = Images.xcassets; sourceTree = "<group>"; };
		EED8F65C2C99A3D500B11D2B /* Colors.xcassets */ = {isa = PBXFileReference; lastKnownFileType = folder.assetcatalog; path = Colors.xcassets; sourceTree = "<group>"; };
		EED8F6642C99A51E00B11D2B /* Inter.ttf */ = {isa = PBXFileReference; lastKnownFileType = file; path = Inter.ttf; sourceTree = "<group>"; };
		EED8F6662C99A8AB00B11D2B /* swiftgen.yml */ = {isa = PBXFileReference; fileEncoding = 4; lastKnownFileType = text.yaml; path = swiftgen.yml; sourceTree = "<group>"; };
		EED8F66D2C99AD4300B11D2B /* Files+Generated.swift */ = {isa = PBXFileReference; fileEncoding = 4; lastKnownFileType = sourcecode.swift; path = "Files+Generated.swift"; sourceTree = "<group>"; };
		EED8F6712C99AE1A00B11D2B /* en */ = {isa = PBXFileReference; lastKnownFileType = text.plist.strings; name = en; path = en.lproj/Localizable.strings; sourceTree = "<group>"; };
		EED8F6732C99AE3600B11D2B /* ar */ = {isa = PBXFileReference; lastKnownFileType = text.plist.strings; name = ar; path = ar.lproj/Localizable.strings; sourceTree = "<group>"; };
		EED8F6742C99AE5D00B11D2B /* Strings+Generated.swift */ = {isa = PBXFileReference; fileEncoding = 4; lastKnownFileType = sourcecode.swift; path = "Strings+Generated.swift"; sourceTree = "<group>"; };
		EED8F6762C99AF8000B11D2B /* swiftgen+localized.swift */ = {isa = PBXFileReference; lastKnownFileType = sourcecode.swift; path = "swiftgen+localized.swift"; sourceTree = "<group>"; };
		EED8F6792C99B01900B11D2B /* Language.swift */ = {isa = PBXFileReference; lastKnownFileType = sourcecode.swift; path = Language.swift; sourceTree = "<group>"; };
		EED8F67B2C99B0F900B11D2B /* LanguageSettings.swift */ = {isa = PBXFileReference; lastKnownFileType = sourcecode.swift; path = LanguageSettings.swift; sourceTree = "<group>"; };
		EEDC33812CA310F100FCACA1 /* ButtonSize.swift */ = {isa = PBXFileReference; lastKnownFileType = sourcecode.swift; path = ButtonSize.swift; sourceTree = "<group>"; };
		EEDC33832CA3111F00FCACA1 /* BigButtonSize.swift */ = {isa = PBXFileReference; lastKnownFileType = sourcecode.swift; path = BigButtonSize.swift; sourceTree = "<group>"; };
		EEDC33852CA3115800FCACA1 /* SmallButtonSize.swift */ = {isa = PBXFileReference; lastKnownFileType = sourcecode.swift; path = SmallButtonSize.swift; sourceTree = "<group>"; };
		EEDC33882CA3124900FCACA1 /* ButtonStyleConfiguration.swift */ = {isa = PBXFileReference; lastKnownFileType = sourcecode.swift; path = ButtonStyleConfiguration.swift; sourceTree = "<group>"; };
		EEDC338A2CA314E700FCACA1 /* PrimaryButtonConfigurations.swift */ = {isa = PBXFileReference; lastKnownFileType = sourcecode.swift; path = PrimaryButtonConfigurations.swift; sourceTree = "<group>"; };
		EEDC338D2CA316DF00FCACA1 /* PrimaryLinearGradient.swift */ = {isa = PBXFileReference; lastKnownFileType = sourcecode.swift; path = PrimaryLinearGradient.swift; sourceTree = "<group>"; };
		EEDC33902CA3222C00FCACA1 /* PrimaryButtonStyle.swift */ = {isa = PBXFileReference; lastKnownFileType = sourcecode.swift; path = PrimaryButtonStyle.swift; sourceTree = "<group>"; };
		EEDC33962CA32A6A00FCACA1 /* SecondaryButtonConfigurations.swift */ = {isa = PBXFileReference; lastKnownFileType = sourcecode.swift; path = SecondaryButtonConfigurations.swift; sourceTree = "<group>"; };
		EEE4298B2C9DD86600D96CD8 /* View+configureLanguageSettings.swift */ = {isa = PBXFileReference; lastKnownFileType = sourcecode.swift; path = "View+configureLanguageSettings.swift"; sourceTree = "<group>"; };
		EEE4298D2C9DD92600D96CD8 /* EnvironmentValues+.swift */ = {isa = PBXFileReference; lastKnownFileType = sourcecode.swift; path = "EnvironmentValues+.swift"; sourceTree = "<group>"; };
		EEE4A9222CA42C4400C65298 /* LabelButtonConfigurations.swift */ = {isa = PBXFileReference; lastKnownFileType = sourcecode.swift; path = LabelButtonConfigurations.swift; sourceTree = "<group>"; };
		EEE4A9292CA430C900C65298 /* applyPrimaryDesign.swift */ = {isa = PBXFileReference; lastKnownFileType = sourcecode.swift; path = applyPrimaryDesign.swift; sourceTree = "<group>"; };
		EEF3A8562CA1B36100C6BC3E /* DesignSystem.framework */ = {isa = PBXFileReference; explicitFileType = wrapper.framework; includeInIndex = 0; path = DesignSystem.framework; sourceTree = BUILT_PRODUCTS_DIR; };
/* End PBXFileReference section */

/* Begin PBXFrameworksBuildPhase section */
		EED8F61F2C999D2200B11D2B /* Frameworks */ = {
			isa = PBXFrameworksBuildPhase;
			buildActionMask = 2147483647;
			files = (
				EECCF13E2CA1BCCA007E38D2 /* UIExtensions in Frameworks */,
				EE018F252CB6A61600235DD9 /* Orbit in Frameworks */,
				EE9ED1CB2C99D71D00DFA2F2 /* FoundationExtensions in Frameworks */,
				EEDC33952CA3254100FCACA1 /* SwiftUIModifiers in Frameworks */,
			);
			runOnlyForDeploymentPostprocessing = 0;
		};
/* End PBXFrameworksBuildPhase section */

/* Begin PBXGroup section */
		EE018F1F2CB6A60D00235DD9 /* SwitPackage */ = {
			isa = PBXGroup;
			children = (
				EE018F1B2CB6A60D00235DD9 /* FoundationExtensions */,
				EE018F1C2CB6A60D00235DD9 /* orbit-swiftui */,
				EE018F1D2CB6A60D00235DD9 /* SwiftUIModifiers */,
				EE018F1E2CB6A60D00235DD9 /* UIExtensions */,
			);
			path = SwitPackage;
			sourceTree = "<group>";
		};
		EE018F5E2CB6E89000235DD9 /* Tokens */ = {
			isa = PBXGroup;
			children = (
			);
			path = Tokens;
			sourceTree = "<group>";
		};
		EE5EEF262CA5837600D5E2F0 /* Icons */ = {
			isa = PBXGroup;
			children = (
				EE018F582CB6DBE700235DD9 /* FoundationIcons.swift */,
				EE018F562CB6D9D100235DD9 /* Icons.xcassets */,
			);
			path = Icons;
			sourceTree = "<group>";
		};
		EE5EEF272CA5844F00D5E2F0 /* Measurments */ = {
			isa = PBXGroup;
			children = (
				EE018F5A2CB6E1AA00235DD9 /* FontSizes.swift */,
				EE7EC40E2CA56F8A00E073C1 /* BorderWidth.swift */,
				EE7EC40C2CA56F3B00E073C1 /* BorderRadius.swift */,
				EE7EC4112CA5700000E073C1 /* Spacing.swift */,
				EE018F5C2CB6E41E00235DD9 /* Padding.swift */,
			);
			path = Measurments;
			sourceTree = "<group>";
		};
		EE7EC40A2CA56EF200E073C1 /* Foundation */ = {
			isa = PBXGroup;
			children = (
				EE7EC4162CA5738E00E073C1 /* Colors */,
				EE7EC4132CA572C500E073C1 /* Typography */,
				EE5EEF262CA5837600D5E2F0 /* Icons */,
				EE5EEF272CA5844F00D5E2F0 /* Measurments */,
			);
			path = Foundation;
			sourceTree = "<group>";
		};
		EE7EC4132CA572C500E073C1 /* Typography */ = {
			isa = PBXGroup;
			children = (
				EED8F6312C999F6900B11D2B /* Fonts */,
				EE7EC4142CA5732100E073C1 /* FontFamily.swift */,
				EE018F3F2CB6CBB600235DD9 /* ContentSizeCategory+FontRatio.swift */,
			);
			path = Typography;
			sourceTree = "<group>";
		};
		EE7EC4162CA5738E00E073C1 /* Colors */ = {
			isa = PBXGroup;
			children = (
				EED8F65C2C99A3D500B11D2B /* Colors.xcassets */,
				EE7EC4172CA5742C00E073C1 /* FoundationColors.swift */,
			);
			path = Colors;
			sourceTree = "<group>";
		};
		EEADB4352CA0524500F928D7 /* Utilites */ = {
			isa = PBXGroup;
			children = (
				EEF3A8692CA1BBE900C6BC3E /* Colors */,
				EEDC337E2CA3101300FCACA1 /* Components */,
				EEE4A9282CA4307E00C65298 /* Modifiers */,
			);
			path = Utilites;
			sourceTree = "<group>";
		};
		EECCF13C2CA1BCCA007E38D2 /* Frameworks */ = {
			isa = PBXGroup;
			children = (
			);
			name = Frameworks;
			sourceTree = "<group>";
		};
		EED8F6182C999D2200B11D2B = {
			isa = PBXGroup;
			children = (
				EED8F6662C99A8AB00B11D2B /* swiftgen.yml */,
				EED8F6242C999D2200B11D2B /* DesignSystem */,
				EEF3A8562CA1B36100C6BC3E /* DesignSystem.framework */,
				EECCF13C2CA1BCCA007E38D2 /* Frameworks */,
			);
			sourceTree = "<group>";
		};
		EED8F6242C999D2200B11D2B /* DesignSystem */ = {
			isa = PBXGroup;
			children = (
				EE018F3A2CB6AAC600235DD9 /* DesignSystem.swift */,
				EE7EC40A2CA56EF200E073C1 /* Foundation */,
				EE018F5E2CB6E89000235DD9 /* Tokens */,
				EED8F6782C99B00D00B11D2B /* LanguageSettings */,
				EED8F62D2C999EC400B11D2B /* Resources */,
				EEADB4352CA0524500F928D7 /* Utilites */,
				EE018F1F2CB6A60D00235DD9 /* SwitPackage */,
			);
			path = DesignSystem;
			sourceTree = "<group>";
		};
		EED8F62D2C999EC400B11D2B /* Resources */ = {
			isa = PBXGroup;
			children = (
				EED8F6302C999F6000B11D2B /* Assets */,
				EED8F6322C999F6E00B11D2B /* Files */,
				EED8F66F2C99ADFB00B11D2B /* Localization */,
				EED8F6332C999F7500B11D2B /* Generated */,
			);
			path = Resources;
			sourceTree = "<group>";
		};
		EED8F6302C999F6000B11D2B /* Assets */ = {
			isa = PBXGroup;
			children = (
				EED8F65A2C99A3C900B11D2B /* Images.xcassets */,
			);
			path = Assets;
			sourceTree = "<group>";
		};
		EED8F6312C999F6900B11D2B /* Fonts */ = {
			isa = PBXGroup;
			children = (
				EEADB4332CA0505500F928D7 /* Cairo.ttf */,
				EED8F6642C99A51E00B11D2B /* Inter.ttf */,
			);
			path = Fonts;
			sourceTree = "<group>";
		};
		EED8F6322C999F6E00B11D2B /* Files */ = {
			isa = PBXGroup;
			children = (
			);
			path = Files;
			sourceTree = "<group>";
		};
		EED8F6332C999F7500B11D2B /* Generated */ = {
			isa = PBXGroup;
			children = (
				EED8F6742C99AE5D00B11D2B /* Strings+Generated.swift */,
				EED8F66D2C99AD4300B11D2B /* Files+Generated.swift */,
			);
			path = Generated;
			sourceTree = "<group>";
		};
		EED8F66F2C99ADFB00B11D2B /* Localization */ = {
			isa = PBXGroup;
			children = (
				EED8F6762C99AF8000B11D2B /* swiftgen+localized.swift */,
				EED8F6702C99AE1A00B11D2B /* Localizable.strings */,
			);
			path = Localization;
			sourceTree = "<group>";
		};
		EED8F6782C99B00D00B11D2B /* LanguageSettings */ = {
			isa = PBXGroup;
			children = (
				EED8F6792C99B01900B11D2B /* Language.swift */,
				EED8F67B2C99B0F900B11D2B /* LanguageSettings.swift */,
				EEE4298D2C9DD92600D96CD8 /* EnvironmentValues+.swift */,
				EEE4298B2C9DD86600D96CD8 /* View+configureLanguageSettings.swift */,
			);
			path = LanguageSettings;
			sourceTree = "<group>";
		};
		EEDC337E2CA3101300FCACA1 /* Components */ = {
			isa = PBXGroup;
			children = (
				EEDC338C2CA316CC00FCACA1 /* Gradients */,
				EEDC337F2CA3105B00FCACA1 /* Buttons */,
			);
			path = Components;
			sourceTree = "<group>";
		};
		EEDC337F2CA3105B00FCACA1 /* Buttons */ = {
			isa = PBXGroup;
			children = (
				EEDC33802CA310E000FCACA1 /* Size */,
				EEDC33872CA311B700FCACA1 /* StyleConfigurations */,
				EEDC338F2CA3220100FCACA1 /* Style */,
			);
			path = Buttons;
			sourceTree = "<group>";
		};
		EEDC33802CA310E000FCACA1 /* Size */ = {
			isa = PBXGroup;
			children = (
				EEDC33812CA310F100FCACA1 /* ButtonSize.swift */,
				EEDC33832CA3111F00FCACA1 /* BigButtonSize.swift */,
				EEDC33852CA3115800FCACA1 /* SmallButtonSize.swift */,
			);
			path = Size;
			sourceTree = "<group>";
		};
		EEDC33872CA311B700FCACA1 /* StyleConfigurations */ = {
			isa = PBXGroup;
			children = (
				EEDC33882CA3124900FCACA1 /* ButtonStyleConfiguration.swift */,
				EEDC338A2CA314E700FCACA1 /* PrimaryButtonConfigurations.swift */,
				EEDC33962CA32A6A00FCACA1 /* SecondaryButtonConfigurations.swift */,
				EEE4A9222CA42C4400C65298 /* LabelButtonConfigurations.swift */,
			);
			path = StyleConfigurations;
			sourceTree = "<group>";
		};
		EEDC338C2CA316CC00FCACA1 /* Gradients */ = {
			isa = PBXGroup;
			children = (
				EEDC338D2CA316DF00FCACA1 /* PrimaryLinearGradient.swift */,
			);
			path = Gradients;
			sourceTree = "<group>";
		};
		EEDC338F2CA3220100FCACA1 /* Style */ = {
			isa = PBXGroup;
			children = (
				EEDC33902CA3222C00FCACA1 /* PrimaryButtonStyle.swift */,
			);
			path = Style;
			sourceTree = "<group>";
		};
		EEE4A9282CA4307E00C65298 /* Modifiers */ = {
			isa = PBXGroup;
			children = (
				EEE4A9292CA430C900C65298 /* applyPrimaryDesign.swift */,
			);
			path = Modifiers;
			sourceTree = "<group>";
		};
		EEF3A8692CA1BBE900C6BC3E /* Colors */ = {
			isa = PBXGroup;
			children = (
				EECCF13F2CA1C064007E38D2 /* ColorTokens.swift */,
			);
			path = Colors;
			sourceTree = "<group>";
		};
/* End PBXGroup section */

/* Begin PBXHeadersBuildPhase section */
		EED8F61D2C999D2200B11D2B /* Headers */ = {
			isa = PBXHeadersBuildPhase;
			buildActionMask = 2147483647;
			files = (
			);
			runOnlyForDeploymentPostprocessing = 0;
		};
/* End PBXHeadersBuildPhase section */

/* Begin PBXNativeTarget section */
		EED8F6212C999D2200B11D2B /* DesignSystem */ = {
			isa = PBXNativeTarget;
			buildConfigurationList = EED8F6292C999D2200B11D2B /* Build configuration list for PBXNativeTarget "DesignSystem" */;
			buildPhases = (
				EE018F3C2CB6ADB800235DD9 /* swiftgen */,
				EED8F61D2C999D2200B11D2B /* Headers */,
				EED8F61E2C999D2200B11D2B /* Sources */,
				EED8F61F2C999D2200B11D2B /* Frameworks */,
				EED8F6202C999D2200B11D2B /* Resources */,
			);
			buildRules = (
			);
			dependencies = (
			);
			name = DesignSystem;
			packageProductDependencies = (
				EE9ED1CA2C99D71D00DFA2F2 /* FoundationExtensions */,
				EECCF13D2CA1BCCA007E38D2 /* UIExtensions */,
				EEDC33942CA3254100FCACA1 /* SwiftUIModifiers */,
				EE018F242CB6A61600235DD9 /* Orbit */,
			);
			productName = DesignSystem;
			productReference = EEF3A8562CA1B36100C6BC3E /* DesignSystem.framework */;
			productType = "com.apple.product-type.framework";
		};
/* End PBXNativeTarget section */

/* Begin PBXProject section */
		EED8F6192C999D2200B11D2B /* Project object */ = {
			isa = PBXProject;
			attributes = {
				BuildIndependentTargetsInParallel = 1;
				LastUpgradeCheck = 1540;
				TargetAttributes = {
					EED8F6212C999D2200B11D2B = {
						CreatedOnToolsVersion = 15.4;
						LastSwiftMigration = 1540;
					};
				};
			};
			buildConfigurationList = EED8F61C2C999D2200B11D2B /* Build configuration list for PBXProject "DesignSystem" */;
			compatibilityVersion = "Xcode 14.0";
			developmentRegion = en;
			hasScannedForEncodings = 0;
			knownRegions = (
				en,
				Base,
				ar,
			);
			mainGroup = EED8F6182C999D2200B11D2B;
			productRefGroup = EED8F6182C999D2200B11D2B;
			projectDirPath = "";
			projectRoot = "";
			targets = (
				EED8F6212C999D2200B11D2B /* DesignSystem */,
			);
		};
/* End PBXProject section */

/* Begin PBXResourcesBuildPhase section */
		EED8F6202C999D2200B11D2B /* Resources */ = {
			isa = PBXResourcesBuildPhase;
			buildActionMask = 2147483647;
			files = (
				EE018F202CB6A60D00235DD9 /* FoundationExtensions in Resources */,
				EED8F6722C99AE1A00B11D2B /* Localizable.strings in Resources */,
				EED8F6652C99A51E00B11D2B /* Inter.ttf in Resources */,
				EED8F65B2C99A3C900B11D2B /* Images.xcassets in Resources */,
				EED8F65D2C99A3D500B11D2B /* Colors.xcassets in Resources */,
				EE018F222CB6A60D00235DD9 /* SwiftUIModifiers in Resources */,
				EE018F232CB6A60D00235DD9 /* UIExtensions in Resources */,
				EE018F212CB6A60D00235DD9 /* orbit-swiftui in Resources */,
				EED8F6672C99A8AB00B11D2B /* swiftgen.yml in Resources */,
				EEADB4342CA0505E00F928D7 /* Cairo.ttf in Resources */,
				EE018F572CB6D9D100235DD9 /* Icons.xcassets in Resources */,
			);
			runOnlyForDeploymentPostprocessing = 0;
		};
/* End PBXResourcesBuildPhase section */

/* Begin PBXShellScriptBuildPhase section */
		EE018F3C2CB6ADB800235DD9 /* swiftgen */ = {
			isa = PBXShellScriptBuildPhase;
			buildActionMask = 2147483647;
			files = (
			);
			inputFileListPaths = (
			);
			inputPaths = (
			);
			name = swiftgen;
			outputFileListPaths = (
			);
			outputPaths = (
			);
			runOnlyForDeploymentPostprocessing = 0;
			shellPath = /bin/sh;
			shellScript = "# Type a script or drag a script file from your workspace to insert its path.\nexport PATH=\"$PATH:/opt/homebrew/bin\"\nif which swiftgen >/dev/null; then\n  swiftgen\nelse\n  echo \"swiftgen not installed\"\nfi \n";
		};
/* End PBXShellScriptBuildPhase section */

/* Begin PBXSourcesBuildPhase section */
		EED8F61E2C999D2200B11D2B /* Sources */ = {
			isa = PBXSourcesBuildPhase;
			buildActionMask = 2147483647;
			files = (
				EEE4298C2C9DD86600D96CD8 /* View+configureLanguageSettings.swift in Sources */,
				EED8F66E2C99AD4300B11D2B /* Files+Generated.swift in Sources */,
				EEDC33972CA32A6A00FCACA1 /* SecondaryButtonConfigurations.swift in Sources */,
				EEDC338B2CA314E700FCACA1 /* PrimaryButtonConfigurations.swift in Sources */,
				EED8F6752C99AE5D00B11D2B /* Strings+Generated.swift in Sources */,
				EEDC33892CA3124900FCACA1 /* ButtonStyleConfiguration.swift in Sources */,
				EEDC33822CA310F100FCACA1 /* ButtonSize.swift in Sources */,
				EEE4A9232CA42C4400C65298 /* LabelButtonConfigurations.swift in Sources */,
				EE018F3B2CB6AAC600235DD9 /* DesignSystem.swift in Sources */,
				EECCF1402CA1C064007E38D2 /* ColorTokens.swift in Sources */,
				EEE4A92A2CA430C900C65298 /* applyPrimaryDesign.swift in Sources */,
				EED8F67A2C99B01900B11D2B /* Language.swift in Sources */,
				EE018F402CB6CBB600235DD9 /* ContentSizeCategory+FontRatio.swift in Sources */,
				EE018F5B2CB6E1AA00235DD9 /* FontSizes.swift in Sources */,
				EEDC338E2CA316DF00FCACA1 /* PrimaryLinearGradient.swift in Sources */,
				EE7EC40D2CA56F3B00E073C1 /* BorderRadius.swift in Sources */,
				EE7EC4122CA5700000E073C1 /* Spacing.swift in Sources */,
				EEDC33912CA3222C00FCACA1 /* PrimaryButtonStyle.swift in Sources */,
				EE018F592CB6DBE700235DD9 /* FoundationIcons.swift in Sources */,
				EEE4298E2C9DD92600D96CD8 /* EnvironmentValues+.swift in Sources */,
				EED8F67C2C99B0F900B11D2B /* LanguageSettings.swift in Sources */,
				EED8F6772C99AF8000B11D2B /* swiftgen+localized.swift in Sources */,
				EE7EC4182CA5742C00E073C1 /* FoundationColors.swift in Sources */,
				EE018F5D2CB6E41E00235DD9 /* Padding.swift in Sources */,
				EE7EC4152CA5732100E073C1 /* FontFamily.swift in Sources */,
				EEDC33862CA3115800FCACA1 /* SmallButtonSize.swift in Sources */,
				EE7EC40F2CA56F8A00E073C1 /* BorderWidth.swift in Sources */,
				EEDC33842CA3111F00FCACA1 /* BigButtonSize.swift in Sources */,
			);
			runOnlyForDeploymentPostprocessing = 0;
		};
/* End PBXSourcesBuildPhase section */

/* Begin PBXVariantGroup section */
		EED8F6702C99AE1A00B11D2B /* Localizable.strings */ = {
			isa = PBXVariantGroup;
			children = (
				EED8F6712C99AE1A00B11D2B /* en */,
				EED8F6732C99AE3600B11D2B /* ar */,
			);
			name = Localizable.strings;
			sourceTree = "<group>";
		};
/* End PBXVariantGroup section */

/* Begin XCBuildConfiguration section */
		EED8F6272C999D2200B11D2B /* Debug */ = {
			isa = XCBuildConfiguration;
			buildSettings = {
				ALWAYS_SEARCH_USER_PATHS = NO;
				ASSETCATALOG_COMPILER_GENERATE_SWIFT_ASSET_SYMBOL_EXTENSIONS = YES;
				CLANG_ANALYZER_LOCALIZABILITY_NONLOCALIZED = YES;
				CLANG_ANALYZER_NONNULL = YES;
				CLANG_ANALYZER_NUMBER_OBJECT_CONVERSION = YES_AGGRESSIVE;
				CLANG_CXX_LANGUAGE_STANDARD = "gnu++20";
				CLANG_ENABLE_MODULES = YES;
				CLANG_ENABLE_OBJC_ARC = YES;
				CLANG_ENABLE_OBJC_WEAK = YES;
				CLANG_WARN_BLOCK_CAPTURE_AUTORELEASING = YES;
				CLANG_WARN_BOOL_CONVERSION = YES;
				CLANG_WARN_COMMA = YES;
				CLANG_WARN_CONSTANT_CONVERSION = YES;
				CLANG_WARN_DEPRECATED_OBJC_IMPLEMENTATIONS = YES;
				CLANG_WARN_DIRECT_OBJC_ISA_USAGE = YES_ERROR;
				CLANG_WARN_DOCUMENTATION_COMMENTS = YES;
				CLANG_WARN_EMPTY_BODY = YES;
				CLANG_WARN_ENUM_CONVERSION = YES;
				CLANG_WARN_INFINITE_RECURSION = YES;
				CLANG_WARN_INT_CONVERSION = YES;
				CLANG_WARN_NON_LITERAL_NULL_CONVERSION = YES;
				CLANG_WARN_OBJC_IMPLICIT_RETAIN_SELF = YES;
				CLANG_WARN_OBJC_LITERAL_CONVERSION = YES;
				CLANG_WARN_OBJC_ROOT_CLASS = YES_ERROR;
				CLANG_WARN_QUOTED_INCLUDE_IN_FRAMEWORK_HEADER = YES;
				CLANG_WARN_RANGE_LOOP_ANALYSIS = YES;
				CLANG_WARN_STRICT_PROTOTYPES = YES;
				CLANG_WARN_SUSPICIOUS_MOVE = YES;
				CLANG_WARN_UNGUARDED_AVAILABILITY = YES_AGGRESSIVE;
				CLANG_WARN_UNREACHABLE_CODE = YES;
				CLANG_WARN__DUPLICATE_METHOD_MATCH = YES;
				COPY_PHASE_STRIP = NO;
				CURRENT_PROJECT_VERSION = 1;
				DEBUG_INFORMATION_FORMAT = dwarf;
				ENABLE_STRICT_OBJC_MSGSEND = YES;
				ENABLE_TESTABILITY = YES;
				ENABLE_USER_SCRIPT_SANDBOXING = NO;
				GCC_C_LANGUAGE_STANDARD = gnu17;
				GCC_DYNAMIC_NO_PIC = NO;
				GCC_NO_COMMON_BLOCKS = YES;
				GCC_OPTIMIZATION_LEVEL = 0;
				GCC_PREPROCESSOR_DEFINITIONS = (
					"DEBUG=1",
					"$(inherited)",
				);
				GCC_WARN_64_TO_32_BIT_CONVERSION = YES;
				GCC_WARN_ABOUT_RETURN_TYPE = YES_ERROR;
				GCC_WARN_UNDECLARED_SELECTOR = YES;
				GCC_WARN_UNINITIALIZED_AUTOS = YES_AGGRESSIVE;
				GCC_WARN_UNUSED_FUNCTION = YES;
				GCC_WARN_UNUSED_VARIABLE = YES;
				IPHONEOS_DEPLOYMENT_TARGET = 17.5;
				LOCALIZATION_PREFERS_STRING_CATALOGS = YES;
				MTL_ENABLE_DEBUG_INFO = INCLUDE_SOURCE;
				MTL_FAST_MATH = YES;
				ONLY_ACTIVE_ARCH = YES;
				SDKROOT = iphoneos;
				SWIFT_ACTIVE_COMPILATION_CONDITIONS = "DEBUG $(inherited)";
				SWIFT_OPTIMIZATION_LEVEL = "-Onone";
				VERSIONING_SYSTEM = "apple-generic";
				VERSION_INFO_PREFIX = "";
			};
			name = Debug;
		};
		EED8F6282C999D2200B11D2B /* Release */ = {
			isa = XCBuildConfiguration;
			buildSettings = {
				ALWAYS_SEARCH_USER_PATHS = NO;
				ASSETCATALOG_COMPILER_GENERATE_SWIFT_ASSET_SYMBOL_EXTENSIONS = YES;
				CLANG_ANALYZER_LOCALIZABILITY_NONLOCALIZED = YES;
				CLANG_ANALYZER_NONNULL = YES;
				CLANG_ANALYZER_NUMBER_OBJECT_CONVERSION = YES_AGGRESSIVE;
				CLANG_CXX_LANGUAGE_STANDARD = "gnu++20";
				CLANG_ENABLE_MODULES = YES;
				CLANG_ENABLE_OBJC_ARC = YES;
				CLANG_ENABLE_OBJC_WEAK = YES;
				CLANG_WARN_BLOCK_CAPTURE_AUTORELEASING = YES;
				CLANG_WARN_BOOL_CONVERSION = YES;
				CLANG_WARN_COMMA = YES;
				CLANG_WARN_CONSTANT_CONVERSION = YES;
				CLANG_WARN_DEPRECATED_OBJC_IMPLEMENTATIONS = YES;
				CLANG_WARN_DIRECT_OBJC_ISA_USAGE = YES_ERROR;
				CLANG_WARN_DOCUMENTATION_COMMENTS = YES;
				CLANG_WARN_EMPTY_BODY = YES;
				CLANG_WARN_ENUM_CONVERSION = YES;
				CLANG_WARN_INFINITE_RECURSION = YES;
				CLANG_WARN_INT_CONVERSION = YES;
				CLANG_WARN_NON_LITERAL_NULL_CONVERSION = YES;
				CLANG_WARN_OBJC_IMPLICIT_RETAIN_SELF = YES;
				CLANG_WARN_OBJC_LITERAL_CONVERSION = YES;
				CLANG_WARN_OBJC_ROOT_CLASS = YES_ERROR;
				CLANG_WARN_QUOTED_INCLUDE_IN_FRAMEWORK_HEADER = YES;
				CLANG_WARN_RANGE_LOOP_ANALYSIS = YES;
				CLANG_WARN_STRICT_PROTOTYPES = YES;
				CLANG_WARN_SUSPICIOUS_MOVE = YES;
				CLANG_WARN_UNGUARDED_AVAILABILITY = YES_AGGRESSIVE;
				CLANG_WARN_UNREACHABLE_CODE = YES;
				CLANG_WARN__DUPLICATE_METHOD_MATCH = YES;
				COPY_PHASE_STRIP = NO;
				CURRENT_PROJECT_VERSION = 1;
				DEBUG_INFORMATION_FORMAT = "dwarf-with-dsym";
				ENABLE_NS_ASSERTIONS = NO;
				ENABLE_STRICT_OBJC_MSGSEND = YES;
				ENABLE_USER_SCRIPT_SANDBOXING = NO;
				GCC_C_LANGUAGE_STANDARD = gnu17;
				GCC_NO_COMMON_BLOCKS = YES;
				GCC_WARN_64_TO_32_BIT_CONVERSION = YES;
				GCC_WARN_ABOUT_RETURN_TYPE = YES_ERROR;
				GCC_WARN_UNDECLARED_SELECTOR = YES;
				GCC_WARN_UNINITIALIZED_AUTOS = YES_AGGRESSIVE;
				GCC_WARN_UNUSED_FUNCTION = YES;
				GCC_WARN_UNUSED_VARIABLE = YES;
				IPHONEOS_DEPLOYMENT_TARGET = 17.5;
				LOCALIZATION_PREFERS_STRING_CATALOGS = YES;
				MTL_ENABLE_DEBUG_INFO = NO;
				MTL_FAST_MATH = YES;
				SDKROOT = iphoneos;
				SWIFT_COMPILATION_MODE = wholemodule;
				VALIDATE_PRODUCT = YES;
				VERSIONING_SYSTEM = "apple-generic";
				VERSION_INFO_PREFIX = "";
			};
			name = Release;
		};
		EED8F62A2C999D2200B11D2B /* Debug */ = {
			isa = XCBuildConfiguration;
			buildSettings = {
				BUILD_LIBRARY_FOR_DISTRIBUTION = NO;
				CLANG_ENABLE_MODULES = YES;
				CODE_SIGN_STYLE = Automatic;
				CURRENT_PROJECT_VERSION = 1;
				DEFINES_MODULE = NO;
				DEVELOPMENT_TEAM = 4U8DMJ33ZN;
				DYLIB_COMPATIBILITY_VERSION = 1;
				DYLIB_CURRENT_VERSION = 1;
				DYLIB_INSTALL_NAME_BASE = "@rpath";
				ENABLE_MODULE_VERIFIER = YES;
				GENERATE_INFOPLIST_FILE = YES;
				INFOPLIST_KEY_NSHumanReadableCopyright = "";
				INSTALL_PATH = "$(LOCAL_LIBRARY_DIR)/Frameworks";
				IPHONEOS_DEPLOYMENT_TARGET = 16.0;
				LD_RUNPATH_SEARCH_PATHS = (
					"$(inherited)",
					"@executable_path/Frameworks",
					"@loader_path/Frameworks",
				);
				MARKETING_VERSION = 1.0;
				MODULE_VERIFIER_SUPPORTED_LANGUAGES = "objective-c objective-c++";
				MODULE_VERIFIER_SUPPORTED_LANGUAGE_STANDARDS = "gnu17 gnu++20";
				PRODUCT_BUNDLE_IDENTIFIER = com.yamany.DesignSystem;
				PRODUCT_NAME = "$(TARGET_NAME:c99extidentifier)";
				SKIP_INSTALL = YES;
				SUPPORTED_PLATFORMS = "iphoneos iphonesimulator";
				SUPPORTS_MACCATALYST = NO;
				SUPPORTS_MAC_DESIGNED_FOR_IPHONE_IPAD = NO;
				SUPPORTS_XR_DESIGNED_FOR_IPHONE_IPAD = NO;
				SWIFT_EMIT_LOC_STRINGS = YES;
				SWIFT_INSTALL_OBJC_HEADER = NO;
				SWIFT_OPTIMIZATION_LEVEL = "-Onone";
				SWIFT_VERSION = 5.0;
				TARGETED_DEVICE_FAMILY = 1;
			};
			name = Debug;
		};
		EED8F62B2C999D2200B11D2B /* Release */ = {
			isa = XCBuildConfiguration;
			buildSettings = {
				BUILD_LIBRARY_FOR_DISTRIBUTION = NO;
				CLANG_ENABLE_MODULES = YES;
				CODE_SIGN_STYLE = Automatic;
				CURRENT_PROJECT_VERSION = 1;
				DEFINES_MODULE = NO;
				DEVELOPMENT_TEAM = 4U8DMJ33ZN;
				DYLIB_COMPATIBILITY_VERSION = 1;
				DYLIB_CURRENT_VERSION = 1;
				DYLIB_INSTALL_NAME_BASE = "@rpath";
				ENABLE_MODULE_VERIFIER = YES;
				GENERATE_INFOPLIST_FILE = YES;
				INFOPLIST_KEY_NSHumanReadableCopyright = "";
				INSTALL_PATH = "$(LOCAL_LIBRARY_DIR)/Frameworks";
				IPHONEOS_DEPLOYMENT_TARGET = 16.0;
				LD_RUNPATH_SEARCH_PATHS = (
					"$(inherited)",
					"@executable_path/Frameworks",
					"@loader_path/Frameworks",
				);
				MARKETING_VERSION = 1.0;
				MODULE_VERIFIER_SUPPORTED_LANGUAGES = "objective-c objective-c++";
				MODULE_VERIFIER_SUPPORTED_LANGUAGE_STANDARDS = "gnu17 gnu++20";
				PRODUCT_BUNDLE_IDENTIFIER = com.yamany.DesignSystem;
				PRODUCT_NAME = "$(TARGET_NAME:c99extidentifier)";
				SKIP_INSTALL = YES;
				SUPPORTED_PLATFORMS = "iphoneos iphonesimulator";
				SUPPORTS_MACCATALYST = NO;
				SUPPORTS_MAC_DESIGNED_FOR_IPHONE_IPAD = NO;
				SUPPORTS_XR_DESIGNED_FOR_IPHONE_IPAD = NO;
				SWIFT_EMIT_LOC_STRINGS = YES;
				SWIFT_INSTALL_OBJC_HEADER = NO;
				SWIFT_VERSION = 5.0;
				TARGETED_DEVICE_FAMILY = 1;
			};
			name = Release;
		};
/* End XCBuildConfiguration section */

/* Begin XCConfigurationList section */
		EED8F61C2C999D2200B11D2B /* Build configuration list for PBXProject "DesignSystem" */ = {
			isa = XCConfigurationList;
			buildConfigurations = (
				EED8F6272C999D2200B11D2B /* Debug */,
				EED8F6282C999D2200B11D2B /* Release */,
			);
			defaultConfigurationIsVisible = 0;
			defaultConfigurationName = Release;
		};
		EED8F6292C999D2200B11D2B /* Build configuration list for PBXNativeTarget "DesignSystem" */ = {
			isa = XCConfigurationList;
			buildConfigurations = (
				EED8F62A2C999D2200B11D2B /* Debug */,
				EED8F62B2C999D2200B11D2B /* Release */,
			);
			defaultConfigurationIsVisible = 0;
			defaultConfigurationName = Release;
		};
/* End XCConfigurationList section */

/* Begin XCSwiftPackageProductDependency section */
		EE018F242CB6A61600235DD9 /* Orbit */ = {
			isa = XCSwiftPackageProductDependency;
			productName = Orbit;
		};
		EE9ED1CA2C99D71D00DFA2F2 /* FoundationExtensions */ = {
			isa = XCSwiftPackageProductDependency;
			productName = FoundationExtensions;
		};
		EECCF13D2CA1BCCA007E38D2 /* UIExtensions */ = {
			isa = XCSwiftPackageProductDependency;
			productName = UIExtensions;
		};
		EEDC33942CA3254100FCACA1 /* SwiftUIModifiers */ = {
			isa = XCSwiftPackageProductDependency;
			productName = SwiftUIModifiers;
		};
/* End XCSwiftPackageProductDependency section */
	};
	rootObject = EED8F6192C999D2200B11D2B /* Project object */;
}
