// !$*UTF8*$!
{
	archiveVersion = 1;
	classes = {
	};
	objectVersion = 56;
	objects = {

/* Begin PBXBuildFile section */
		EE018F202CB6A60D00235DD9 /* FoundationExtensions in Resources */ = {isa = PBXBuildFile; fileRef = EE018F1B2CB6A60D00235DD9 /* FoundationExtensions */; };
		EE018F212CB6A60D00235DD9 /* orbit-swiftui in Resources */ = {isa = PBXBuildFile; fileRef = EE018F1C2CB6A60D00235DD9 /* orbit-swiftui */; };
		EE018F222CB6A60D00235DD9 /* SwiftUIModifiers in Resources */ = {isa = PBXBuildFile; fileRef = EE018F1D2CB6A60D00235DD9 /* SwiftUIModifiers */; };
		EE018F232CB6A60D00235DD9 /* UIExtensions in Resources */ = {isa = PBXBuildFile; fileRef = EE018F1E2CB6A60D00235DD9 /* UIExtensions */; };
		EE018F3B2CB6AAC600235DD9 /* DesignSystem.swift in Sources */ = {isa = PBXBuildFile; fileRef = EE018F3A2CB6AAC600235DD9 /* DesignSystem.swift */; };
		EE41D0AE2CB71BC10043182D /* applyPrimaryDesign.swift in Sources */ = {isa = PBXBuildFile; fileRef = EE41D0922CB71BC10043182D /* applyPrimaryDesign.swift */; };
		EE41D0B72CB71BC10043182D /* ColorTokens.swift in Sources */ = {isa = PBXBuildFile; fileRef = EE41D09E2CB71BC10043182D /* ColorTokens.swift */; };
		EE41D0B82CB71BC10043182D /* FoundationExtensions in Resources */ = {isa = PBXBuildFile; fileRef = EE41D0A02CB71BC10043182D /* FoundationExtensions */; };
		EE41D0B92CB71BC10043182D /* orbit-swiftui in Resources */ = {isa = PBXBuildFile; fileRef = EE41D0A12CB71BC10043182D /* orbit-swiftui */; };
		EE41D0BA2CB71BC10043182D /* SwiftUIModifiers in Resources */ = {isa = PBXBuildFile; fileRef = EE41D0A22CB71BC10043182D /* SwiftUIModifiers */; };
		EE41D0BB2CB71BC10043182D /* UIExtensions in Resources */ = {isa = PBXBuildFile; fileRef = EE41D0A32CB71BC10043182D /* UIExtensions */; };
		EE41D0ED2CB71BD90043182D /* H1Text.swift in Sources */ = {isa = PBXBuildFile; fileRef = EE41D0BC2CB71BD90043182D /* H1Text.swift */; };
		EE41D0EE2CB71BD90043182D /* H2Text.swift in Sources */ = {isa = PBXBuildFile; fileRef = EE41D0BD2CB71BD90043182D /* H2Text.swift */; };
		EE41D0EF2CB71BD90043182D /* H3Text.swift in Sources */ = {isa = PBXBuildFile; fileRef = EE41D0BE2CB71BD90043182D /* H3Text.swift */; };
		EE41D0F02CB71BD90043182D /* H4Text.swift in Sources */ = {isa = PBXBuildFile; fileRef = EE41D0BF2CB71BD90043182D /* H4Text.swift */; };
		EE41D0F12CB71BD90043182D /* P1Text.swift in Sources */ = {isa = PBXBuildFile; fileRef = EE41D0C02CB71BD90043182D /* P1Text.swift */; };
		EE41D0F22CB71BD90043182D /* P2Text.swift in Sources */ = {isa = PBXBuildFile; fileRef = EE41D0C12CB71BD90043182D /* P2Text.swift */; };
		EE41D0F32CB71BD90043182D /* P3Text.swift in Sources */ = {isa = PBXBuildFile; fileRef = EE41D0C22CB71BD90043182D /* P3Text.swift */; };
		EE41D0F42CB71BD90043182D /* P4Text.swift in Sources */ = {isa = PBXBuildFile; fileRef = EE41D0C32CB71BD90043182D /* P4Text.swift */; };
		EE41D0F52CB71BD90043182D /* EnvironmentValues+.swift in Sources */ = {isa = PBXBuildFile; fileRef = EE41D0C62CB71BD90043182D /* EnvironmentValues+.swift */; };
		EE41D0F62CB71BD90043182D /* Language.swift in Sources */ = {isa = PBXBuildFile; fileRef = EE41D0C72CB71BD90043182D /* Language.swift */; };
		EE41D0F72CB71BD90043182D /* LanguageSettings.swift in Sources */ = {isa = PBXBuildFile; fileRef = EE41D0C82CB71BD90043182D /* LanguageSettings.swift */; };
		EE41D0F82CB71BD90043182D /* View+configureLanguageSettings.swift in Sources */ = {isa = PBXBuildFile; fileRef = EE41D0C92CB71BD90043182D /* View+configureLanguageSettings.swift */; };
		EE41D0F92CB71BD90043182D /* Images.xcassets in Resources */ = {isa = PBXBuildFile; fileRef = EE41D0CB2CB71BD90043182D /* Images.xcassets */; };
		EE41D0FA2CB71BD90043182D /* Files+Generated.swift in Sources */ = {isa = PBXBuildFile; fileRef = EE41D0CD2CB71BD90043182D /* Files+Generated.swift */; };
		EE41D0FB2CB71BD90043182D /* Strings+Generated.swift in Sources */ = {isa = PBXBuildFile; fileRef = EE41D0CE2CB71BD90043182D /* Strings+Generated.swift */; };
		EE41D0FF2CB71BD90043182D /* swiftgen+localized.swift in Sources */ = {isa = PBXBuildFile; fileRef = EE41D0D52CB71BD90043182D /* swiftgen+localized.swift */; };
		EE41D1002CB71BD90043182D /* Colors.xcassets in Resources */ = {isa = PBXBuildFile; fileRef = EE41D0D82CB71BD90043182D /* Colors.xcassets */; };
		EE41D1012CB71BD90043182D /* FoundationColors.swift in Sources */ = {isa = PBXBuildFile; fileRef = EE41D0D92CB71BD90043182D /* FoundationColors.swift */; };
		EE41D1022CB71BD90043182D /* FoundationIcons.swift in Sources */ = {isa = PBXBuildFile; fileRef = EE41D0DB2CB71BD90043182D /* FoundationIcons.swift */; };
		EE41D1032CB71BD90043182D /* Icons.xcassets in Resources */ = {isa = PBXBuildFile; fileRef = EE41D0DC2CB71BD90043182D /* Icons.xcassets */; };
		EE41D1042CB71BD90043182D /* FontLetterSpacing.swift in Sources */ = {isa = PBXBuildFile; fileRef = EE41D0DE2CB71BD90043182D /* FontLetterSpacing.swift */; };
		EE41D1052CB71BD90043182D /* FontSizes.swift in Sources */ = {isa = PBXBuildFile; fileRef = EE41D0DF2CB71BD90043182D /* FontSizes.swift */; };
		EE41D1062CB71BD90043182D /* BorderRadius.swift in Sources */ = {isa = PBXBuildFile; fileRef = EE41D0E12CB71BD90043182D /* BorderRadius.swift */; };
		EE41D1072CB71BD90043182D /* BorderWidth.swift in Sources */ = {isa = PBXBuildFile; fileRef = EE41D0E22CB71BD90043182D /* BorderWidth.swift */; };
		EE41D1082CB71BD90043182D /* Padding.swift in Sources */ = {isa = PBXBuildFile; fileRef = EE41D0E32CB71BD90043182D /* Padding.swift */; };
		EE41D1092CB71BD90043182D /* Spacing.swift in Sources */ = {isa = PBXBuildFile; fileRef = EE41D0E42CB71BD90043182D /* Spacing.swift */; };
		EE41D10A2CB71BD90043182D /* Cairo.ttf in Resources */ = {isa = PBXBuildFile; fileRef = EE41D0E62CB71BD90043182D /* Cairo.ttf */; };
		EE41D10B2CB71BD90043182D /* Inter.ttf in Resources */ = {isa = PBXBuildFile; fileRef = EE41D0E72CB71BD90043182D /* Inter.ttf */; };
		EE41D10C2CB71BD90043182D /* FontFamily.swift in Sources */ = {isa = PBXBuildFile; fileRef = EE41D0E92CB71BD90043182D /* FontFamily.swift */; };
		EE41D10D2CB71BD90043182D /* Typography+FontConvertible.swift in Sources */ = {isa = PBXBuildFile; fileRef = EE41D0EA2CB71BD90043182D /* Typography+FontConvertible.swift */; };
		EE9ED1CB2C99D71D00DFA2F2 /* FoundationExtensions in Frameworks */ = {isa = PBXBuildFile; productRef = EE9ED1CA2C99D71D00DFA2F2 /* FoundationExtensions */; };
		EECCF13E2CA1BCCA007E38D2 /* UIExtensions in Frameworks */ = {isa = PBXBuildFile; productRef = EECCF13D2CA1BCCA007E38D2 /* UIExtensions */; };
		EED8F6672C99A8AB00B11D2B /* swiftgen.yml in Resources */ = {isa = PBXBuildFile; fileRef = EED8F6662C99A8AB00B11D2B /* swiftgen.yml */; };
		EEDC33952CA3254100FCACA1 /* SwiftUIModifiers in Frameworks */ = {isa = PBXBuildFile; productRef = EEDC33942CA3254100FCACA1 /* SwiftUIModifiers */; };
/* End PBXBuildFile section */

/* Begin PBXFileReference section */
		EE018F1B2CB6A60D00235DD9 /* FoundationExtensions */ = {isa = PBXFileReference; lastKnownFileType = wrapper; path = FoundationExtensions; sourceTree = "<group>"; };
		EE018F1C2CB6A60D00235DD9 /* orbit-swiftui */ = {isa = PBXFileReference; lastKnownFileType = wrapper; path = "orbit-swiftui"; sourceTree = "<group>"; };
		EE018F1D2CB6A60D00235DD9 /* SwiftUIModifiers */ = {isa = PBXFileReference; lastKnownFileType = wrapper; path = SwiftUIModifiers; sourceTree = "<group>"; };
		EE018F1E2CB6A60D00235DD9 /* UIExtensions */ = {isa = PBXFileReference; lastKnownFileType = wrapper; path = UIExtensions; sourceTree = "<group>"; };
		EE018F3A2CB6AAC600235DD9 /* DesignSystem.swift */ = {isa = PBXFileReference; lastKnownFileType = sourcecode.swift; path = DesignSystem.swift; sourceTree = "<group>"; };
		EE41D0922CB71BC10043182D /* applyPrimaryDesign.swift */ = {isa = PBXFileReference; fileEncoding = 4; lastKnownFileType = sourcecode.swift; path = applyPrimaryDesign.swift; sourceTree = "<group>"; };
		EE41D09E2CB71BC10043182D /* ColorTokens.swift */ = {isa = PBXFileReference; fileEncoding = 4; lastKnownFileType = sourcecode.swift; path = ColorTokens.swift; sourceTree = "<group>"; };
		EE41D0A02CB71BC10043182D /* FoundationExtensions */ = {isa = PBXFileReference; lastKnownFileType = wrapper; path = FoundationExtensions; sourceTree = "<group>"; };
		EE41D0A12CB71BC10043182D /* orbit-swiftui */ = {isa = PBXFileReference; lastKnownFileType = wrapper; path = "orbit-swiftui"; sourceTree = "<group>"; };
		EE41D0A22CB71BC10043182D /* SwiftUIModifiers */ = {isa = PBXFileReference; lastKnownFileType = wrapper; path = SwiftUIModifiers; sourceTree = "<group>"; };
		EE41D0A32CB71BC10043182D /* UIExtensions */ = {isa = PBXFileReference; lastKnownFileType = wrapper; path = UIExtensions; sourceTree = "<group>"; };
		EE41D0BC2CB71BD90043182D /* H1Text.swift */ = {isa = PBXFileReference; fileEncoding = 4; lastKnownFileType = sourcecode.swift; path = H1Text.swift; sourceTree = "<group>"; };
		EE41D0BD2CB71BD90043182D /* H2Text.swift */ = {isa = PBXFileReference; fileEncoding = 4; lastKnownFileType = sourcecode.swift; path = H2Text.swift; sourceTree = "<group>"; };
		EE41D0BE2CB71BD90043182D /* H3Text.swift */ = {isa = PBXFileReference; fileEncoding = 4; lastKnownFileType = sourcecode.swift; path = H3Text.swift; sourceTree = "<group>"; };
		EE41D0BF2CB71BD90043182D /* H4Text.swift */ = {isa = PBXFileReference; fileEncoding = 4; lastKnownFileType = sourcecode.swift; path = H4Text.swift; sourceTree = "<group>"; };
		EE41D0C02CB71BD90043182D /* P1Text.swift */ = {isa = PBXFileReference; fileEncoding = 4; lastKnownFileType = sourcecode.swift; path = P1Text.swift; sourceTree = "<group>"; };
		EE41D0C12CB71BD90043182D /* P2Text.swift */ = {isa = PBXFileReference; fileEncoding = 4; lastKnownFileType = sourcecode.swift; path = P2Text.swift; sourceTree = "<group>"; };
		EE41D0C22CB71BD90043182D /* P3Text.swift */ = {isa = PBXFileReference; fileEncoding = 4; lastKnownFileType = sourcecode.swift; path = P3Text.swift; sourceTree = "<group>"; };
		EE41D0C32CB71BD90043182D /* P4Text.swift */ = {isa = PBXFileReference; fileEncoding = 4; lastKnownFileType = sourcecode.swift; path = P4Text.swift; sourceTree = "<group>"; };
		EE41D0C62CB71BD90043182D /* EnvironmentValues+.swift */ = {isa = PBXFileReference; fileEncoding = 4; lastKnownFileType = sourcecode.swift; path = "EnvironmentValues+.swift"; sourceTree = "<group>"; };
		EE41D0C72CB71BD90043182D /* Language.swift */ = {isa = PBXFileReference; fileEncoding = 4; lastKnownFileType = sourcecode.swift; path = Language.swift; sourceTree = "<group>"; };
		EE41D0C82CB71BD90043182D /* LanguageSettings.swift */ = {isa = PBXFileReference; fileEncoding = 4; lastKnownFileType = sourcecode.swift; path = LanguageSettings.swift; sourceTree = "<group>"; };
		EE41D0C92CB71BD90043182D /* View+configureLanguageSettings.swift */ = {isa = PBXFileReference; fileEncoding = 4; lastKnownFileType = sourcecode.swift; path = "View+configureLanguageSettings.swift"; sourceTree = "<group>"; };
		EE41D0CB2CB71BD90043182D /* Images.xcassets */ = {isa = PBXFileReference; lastKnownFileType = folder.assetcatalog; path = Images.xcassets; sourceTree = "<group>"; };
		EE41D0CD2CB71BD90043182D /* Files+Generated.swift */ = {isa = PBXFileReference; fileEncoding = 4; lastKnownFileType = sourcecode.swift; path = "Files+Generated.swift"; sourceTree = "<group>"; };
		EE41D0CE2CB71BD90043182D /* Strings+Generated.swift */ = {isa = PBXFileReference; fileEncoding = 4; lastKnownFileType = sourcecode.swift; path = "Strings+Generated.swift"; sourceTree = "<group>"; };
		EE41D0D52CB71BD90043182D /* swiftgen+localized.swift */ = {isa = PBXFileReference; fileEncoding = 4; lastKnownFileType = sourcecode.swift; path = "swiftgen+localized.swift"; sourceTree = "<group>"; };
		EE41D0D82CB71BD90043182D /* Colors.xcassets */ = {isa = PBXFileReference; lastKnownFileType = folder.assetcatalog; path = Colors.xcassets; sourceTree = "<group>"; };
		EE41D0D92CB71BD90043182D /* FoundationColors.swift */ = {isa = PBXFileReference; fileEncoding = 4; lastKnownFileType = sourcecode.swift; path = FoundationColors.swift; sourceTree = "<group>"; };
		EE41D0DB2CB71BD90043182D /* FoundationIcons.swift */ = {isa = PBXFileReference; fileEncoding = 4; lastKnownFileType = sourcecode.swift; path = FoundationIcons.swift; sourceTree = "<group>"; };
		EE41D0DC2CB71BD90043182D /* Icons.xcassets */ = {isa = PBXFileReference; lastKnownFileType = folder.assetcatalog; path = Icons.xcassets; sourceTree = "<group>"; };
		EE41D0DE2CB71BD90043182D /* FontLetterSpacing.swift */ = {isa = PBXFileReference; fileEncoding = 4; lastKnownFileType = sourcecode.swift; path = FontLetterSpacing.swift; sourceTree = "<group>"; };
		EE41D0DF2CB71BD90043182D /* FontSizes.swift */ = {isa = PBXFileReference; fileEncoding = 4; lastKnownFileType = sourcecode.swift; path = FontSizes.swift; sourceTree = "<group>"; };
		EE41D0E12CB71BD90043182D /* BorderRadius.swift */ = {isa = PBXFileReference; fileEncoding = 4; lastKnownFileType = sourcecode.swift; path = BorderRadius.swift; sourceTree = "<group>"; };
		EE41D0E22CB71BD90043182D /* BorderWidth.swift */ = {isa = PBXFileReference; fileEncoding = 4; lastKnownFileType = sourcecode.swift; path = BorderWidth.swift; sourceTree = "<group>"; };
		EE41D0E32CB71BD90043182D /* Padding.swift */ = {isa = PBXFileReference; fileEncoding = 4; lastKnownFileType = sourcecode.swift; path = Padding.swift; sourceTree = "<group>"; };
		EE41D0E42CB71BD90043182D /* Spacing.swift */ = {isa = PBXFileReference; fileEncoding = 4; lastKnownFileType = sourcecode.swift; path = Spacing.swift; sourceTree = "<group>"; };
		EE41D0E62CB71BD90043182D /* Cairo.ttf */ = {isa = PBXFileReference; lastKnownFileType = file; path = Cairo.ttf; sourceTree = "<group>"; };
		EE41D0E72CB71BD90043182D /* Inter.ttf */ = {isa = PBXFileReference; lastKnownFileType = file; path = Inter.ttf; sourceTree = "<group>"; };
		EE41D0E92CB71BD90043182D /* FontFamily.swift */ = {isa = PBXFileReference; fileEncoding = 4; lastKnownFileType = sourcecode.swift; path = FontFamily.swift; sourceTree = "<group>"; };
		EE41D0EA2CB71BD90043182D /* Typography+FontConvertible.swift */ = {isa = PBXFileReference; fileEncoding = 4; lastKnownFileType = sourcecode.swift; path = "Typography+FontConvertible.swift"; sourceTree = "<group>"; };
		EED8F6662C99A8AB00B11D2B /* swiftgen.yml */ = {isa = PBXFileReference; fileEncoding = 4; lastKnownFileType = text.yaml; path = swiftgen.yml; sourceTree = "<group>"; };
		EEF3A8562CA1B36100C6BC3E /* DesignSystem.framework */ = {isa = PBXFileReference; explicitFileType = wrapper.framework; includeInIndex = 0; path = DesignSystem.framework; sourceTree = BUILT_PRODUCTS_DIR; };
/* End PBXFileReference section */

/* Begin PBXFrameworksBuildPhase section */
		EED8F61F2C999D2200B11D2B /* Frameworks */ = {
			isa = PBXFrameworksBuildPhase;
			buildActionMask = 2147483647;
			files = (
				EECCF13E2CA1BCCA007E38D2 /* UIExtensions in Frameworks */,
				EE9ED1CB2C99D71D00DFA2F2 /* FoundationExtensions in Frameworks */,
				EEDC33952CA3254100FCACA1 /* SwiftUIModifiers in Frameworks */,
			);
			runOnlyForDeploymentPostprocessing = 0;
		};
/* End PBXFrameworksBuildPhase section */

/* Begin PBXGroup section */
		EE018F1F2CB6A60D00235DD9 /* SwitPackage */ = {
			isa = PBXGroup;
			children = (
				EE018F1B2CB6A60D00235DD9 /* FoundationExtensions */,
				EE018F1C2CB6A60D00235DD9 /* orbit-swiftui */,
				EE018F1D2CB6A60D00235DD9 /* SwiftUIModifiers */,
				EE018F1E2CB6A60D00235DD9 /* UIExtensions */,
			);
			path = SwitPackage;
			sourceTree = "<group>";
		};
		EE41D0932CB71BC10043182D /* Modifiers */ = {
			isa = PBXGroup;
			children = (
				EE41D0922CB71BC10043182D /* applyPrimaryDesign.swift */,
			);
			path = Modifiers;
			sourceTree = "<group>";
		};
		EE41D09D2CB71BC10043182D /* Utilites */ = {
			isa = PBXGroup;
			children = (
				EE41D0932CB71BC10043182D /* Modifiers */,
			);
			path = Utilites;
			sourceTree = "<group>";
		};
		EE41D09F2CB71BC10043182D /* Tokens */ = {
			isa = PBXGroup;
			children = (
				EE41D09E2CB71BC10043182D /* ColorTokens.swift */,
			);
			path = Tokens;
			sourceTree = "<group>";
		};
		EE41D0A42CB71BC10043182D /* SwitPackage */ = {
			isa = PBXGroup;
			children = (
				EE41D0A02CB71BC10043182D /* FoundationExtensions */,
				EE41D0A12CB71BC10043182D /* orbit-swiftui */,
				EE41D0A22CB71BC10043182D /* SwiftUIModifiers */,
				EE41D0A32CB71BC10043182D /* UIExtensions */,
			);
			path = SwitPackage;
			sourceTree = "<group>";
		};
		EE41D0C42CB71BD90043182D /* Text */ = {
			isa = PBXGroup;
			children = (
				EE41D0BC2CB71BD90043182D /* H1Text.swift */,
				EE41D0BD2CB71BD90043182D /* H2Text.swift */,
				EE41D0BE2CB71BD90043182D /* H3Text.swift */,
				EE41D0BF2CB71BD90043182D /* H4Text.swift */,
				EE41D0C02CB71BD90043182D /* P1Text.swift */,
				EE41D0C12CB71BD90043182D /* P2Text.swift */,
				EE41D0C22CB71BD90043182D /* P3Text.swift */,
				EE41D0C32CB71BD90043182D /* P4Text.swift */,
			);
			path = Text;
			sourceTree = "<group>";
		};
		EE41D0C52CB71BD90043182D /* Components */ = {
			isa = PBXGroup;
			children = (
				EE41D0C42CB71BD90043182D /* Text */,
			);
			path = Components;
			sourceTree = "<group>";
		};
		EE41D0CA2CB71BD90043182D /* LanguageSettings */ = {
			isa = PBXGroup;
			children = (
				EE41D0C62CB71BD90043182D /* EnvironmentValues+.swift */,
				EE41D0C72CB71BD90043182D /* Language.swift */,
				EE41D0C82CB71BD90043182D /* LanguageSettings.swift */,
				EE41D0C92CB71BD90043182D /* View+configureLanguageSettings.swift */,
			);
			path = LanguageSettings;
			sourceTree = "<group>";
		};
		EE41D0CC2CB71BD90043182D /* Assets */ = {
			isa = PBXGroup;
			children = (
				EE41D0CB2CB71BD90043182D /* Images.xcassets */,
			);
			path = Assets;
			sourceTree = "<group>";
		};
		EE41D0CF2CB71BD90043182D /* Generated */ = {
			isa = PBXGroup;
			children = (
				EE41D0CD2CB71BD90043182D /* Files+Generated.swift */,
				EE41D0CE2CB71BD90043182D /* Strings+Generated.swift */,
			);
			path = Generated;
			sourceTree = "<group>";
		};
		EE41D0D62CB71BD90043182D /* Localization */ = {
			isa = PBXGroup;
			children = (
				EE41D0D52CB71BD90043182D /* swiftgen+localized.swift */,
			);
			path = Localization;
			sourceTree = "<group>";
		};
		EE41D0D72CB71BD90043182D /* Resources */ = {
			isa = PBXGroup;
			children = (
				EE41D0CC2CB71BD90043182D /* Assets */,
				EE41D0CF2CB71BD90043182D /* Generated */,
				EE41D0D62CB71BD90043182D /* Localization */,
			);
			path = Resources;
			sourceTree = "<group>";
		};
		EE41D0DA2CB71BD90043182D /* Colors */ = {
			isa = PBXGroup;
			children = (
				EE41D0D82CB71BD90043182D /* Colors.xcassets */,
				EE41D0D92CB71BD90043182D /* FoundationColors.swift */,
			);
			path = Colors;
			sourceTree = "<group>";
		};
		EE41D0DD2CB71BD90043182D /* Icons */ = {
			isa = PBXGroup;
			children = (
				EE41D0DC2CB71BD90043182D /* Icons.xcassets */,
				EE41D0DB2CB71BD90043182D /* FoundationIcons.swift */,
			);
			path = Icons;
			sourceTree = "<group>";
		};
		EE41D0E02CB71BD90043182D /* Font */ = {
			isa = PBXGroup;
			children = (
				EE41D0DE2CB71BD90043182D /* FontLetterSpacing.swift */,
				EE41D0DF2CB71BD90043182D /* FontSizes.swift */,
			);
			path = Font;
			sourceTree = "<group>";
		};
		EE41D0E52CB71BD90043182D /* Measurments */ = {
			isa = PBXGroup;
			children = (
				EE41D0E02CB71BD90043182D /* Font */,
				EE41D0E12CB71BD90043182D /* BorderRadius.swift */,
				EE41D0E22CB71BD90043182D /* BorderWidth.swift */,
				EE41D0E32CB71BD90043182D /* Padding.swift */,
				EE41D0E42CB71BD90043182D /* Spacing.swift */,
			);
			path = Measurments;
			sourceTree = "<group>";
		};
		EE41D0E82CB71BD90043182D /* Fonts */ = {
			isa = PBXGroup;
			children = (
				EE41D0E62CB71BD90043182D /* Cairo.ttf */,
				EE41D0E72CB71BD90043182D /* Inter.ttf */,
			);
			path = Fonts;
			sourceTree = "<group>";
		};
		EE41D0EB2CB71BD90043182D /* Typography */ = {
			isa = PBXGroup;
			children = (
				EE41D0E82CB71BD90043182D /* Fonts */,
				EE41D0E92CB71BD90043182D /* FontFamily.swift */,
				EE41D0EA2CB71BD90043182D /* Typography+FontConvertible.swift */,
			);
			path = Typography;
			sourceTree = "<group>";
		};
		EE41D0EC2CB71BD90043182D /* Foundation */ = {
			isa = PBXGroup;
			children = (
				EE41D0DA2CB71BD90043182D /* Colors */,
				EE41D0EB2CB71BD90043182D /* Typography */,
				EE41D0DD2CB71BD90043182D /* Icons */,
				EE41D0E52CB71BD90043182D /* Measurments */,
			);
			path = Foundation;
			sourceTree = "<group>";
		};
		EECCF13C2CA1BCCA007E38D2 /* Frameworks */ = {
			isa = PBXGroup;
			children = (
			);
			name = Frameworks;
			sourceTree = "<group>";
		};
		EED8F6182C999D2200B11D2B = {
			isa = PBXGroup;
			children = (
				EED8F6662C99A8AB00B11D2B /* swiftgen.yml */,
				EED8F6242C999D2200B11D2B /* DesignSystem */,
				EEF3A8562CA1B36100C6BC3E /* DesignSystem.framework */,
				EECCF13C2CA1BCCA007E38D2 /* Frameworks */,
			);
			sourceTree = "<group>";
		};
		EED8F6242C999D2200B11D2B /* DesignSystem */ = {
			isa = PBXGroup;
			children = (
				EE41D0EC2CB71BD90043182D /* Foundation */,
				EE41D09F2CB71BC10043182D /* Tokens */,
				EE41D0C52CB71BD90043182D /* Components */,
				EE41D0CA2CB71BD90043182D /* LanguageSettings */,
				EE41D0D72CB71BD90043182D /* Resources */,
				EE41D0A42CB71BC10043182D /* SwitPackage */,
				EE41D09D2CB71BC10043182D /* Utilites */,
				EE018F3A2CB6AAC600235DD9 /* DesignSystem.swift */,
				EE018F1F2CB6A60D00235DD9 /* SwitPackage */,
			);
			path = DesignSystem;
			sourceTree = "<group>";
		};
/* End PBXGroup section */

/* Begin PBXHeadersBuildPhase section */
		EED8F61D2C999D2200B11D2B /* Headers */ = {
			isa = PBXHeadersBuildPhase;
			buildActionMask = 2147483647;
			files = (
			);
			runOnlyForDeploymentPostprocessing = 0;
		};
/* End PBXHeadersBuildPhase section */

/* Begin PBXNativeTarget section */
		EED8F6212C999D2200B11D2B /* DesignSystem */ = {
			isa = PBXNativeTarget;
			buildConfigurationList = EED8F6292C999D2200B11D2B /* Build configuration list for PBXNativeTarget "DesignSystem" */;
			buildPhases = (
				EEC716742CB7198200C4EF2D /* swiftgen */,
				EED8F61D2C999D2200B11D2B /* Headers */,
				EED8F61E2C999D2200B11D2B /* Sources */,
				EED8F61F2C999D2200B11D2B /* Frameworks */,
				EED8F6202C999D2200B11D2B /* Resources */,
			);
			buildRules = (
			);
			dependencies = (
			);
			name = DesignSystem;
			packageProductDependencies = (
				EE9ED1CA2C99D71D00DFA2F2 /* FoundationExtensions */,
				EECCF13D2CA1BCCA007E38D2 /* UIExtensions */,
				EEDC33942CA3254100FCACA1 /* SwiftUIModifiers */,
			);
			productName = DesignSystem;
			productReference = EEF3A8562CA1B36100C6BC3E /* DesignSystem.framework */;
			productType = "com.apple.product-type.framework";
		};
/* End PBXNativeTarget section */

/* Begin PBXProject section */
		EED8F6192C999D2200B11D2B /* Project object */ = {
			isa = PBXProject;
			attributes = {
				BuildIndependentTargetsInParallel = 1;
				LastUpgradeCheck = 1540;
				TargetAttributes = {
					EED8F6212C999D2200B11D2B = {
						CreatedOnToolsVersion = 15.4;
						LastSwiftMigration = 1540;
					};
				};
			};
			buildConfigurationList = EED8F61C2C999D2200B11D2B /* Build configuration list for PBXProject "DesignSystem" */;
			compatibilityVersion = "Xcode 14.0";
			developmentRegion = en;
			hasScannedForEncodings = 0;
			knownRegions = (
				en,
				Base,
				ar,
			);
			mainGroup = EED8F6182C999D2200B11D2B;
			productRefGroup = EED8F6182C999D2200B11D2B;
			projectDirPath = "";
			projectRoot = "";
			targets = (
				EED8F6212C999D2200B11D2B /* DesignSystem */,
			);
		};
/* End PBXProject section */

/* Begin PBXResourcesBuildPhase section */
		EED8F6202C999D2200B11D2B /* Resources */ = {
			isa = PBXResourcesBuildPhase;
			buildActionMask = 2147483647;
			files = (
				EE018F202CB6A60D00235DD9 /* FoundationExtensions in Resources */,
				EE41D0F92CB71BD90043182D /* Images.xcassets in Resources */,
				EE41D10A2CB71BD90043182D /* Cairo.ttf in Resources */,
				EE41D1032CB71BD90043182D /* Icons.xcassets in Resources */,
				EE41D0B82CB71BC10043182D /* FoundationExtensions in Resources */,
				EE018F222CB6A60D00235DD9 /* SwiftUIModifiers in Resources */,
				EE018F232CB6A60D00235DD9 /* UIExtensions in Resources */,
				EE018F212CB6A60D00235DD9 /* orbit-swiftui in Resources */,
				EE41D0BA2CB71BC10043182D /* SwiftUIModifiers in Resources */,
				EE41D0BB2CB71BC10043182D /* UIExtensions in Resources */,
				EE41D0B92CB71BC10043182D /* orbit-swiftui in Resources */,
				EED8F6672C99A8AB00B11D2B /* swiftgen.yml in Resources */,
				EE41D10B2CB71BD90043182D /* Inter.ttf in Resources */,
				EE41D1002CB71BD90043182D /* Colors.xcassets in Resources */,
			);
			runOnlyForDeploymentPostprocessing = 0;
		};
/* End PBXResourcesBuildPhase section */

/* Begin PBXShellScriptBuildPhase section */
		EEC716742CB7198200C4EF2D /* swiftgen */ = {
			isa = PBXShellScriptBuildPhase;
			alwaysOutOfDate = 1;
			buildActionMask = 2147483647;
			files = (
			);
			inputFileListPaths = (
			);
			inputPaths = (
			);
			name = swiftgen;
			outputFileListPaths = (
			);
			outputPaths = (
			);
			runOnlyForDeploymentPostprocessing = 0;
			shellPath = /bin/sh;
			shellScript = "# Type a script or drag a script file from your workspace to insert its path.\nexport PATH=\"$PATH:/opt/homebrew/bin\"\nif which swiftgen >/dev/null; then\n  swiftgen\nelse\n  echo \"swiftgen not installed\"\nfi \n";
		};
/* End PBXShellScriptBuildPhase section */

/* Begin PBXSourcesBuildPhase section */
		EED8F61E2C999D2200B11D2B /* Sources */ = {
			isa = PBXSourcesBuildPhase;
			buildActionMask = 2147483647;
			files = (
				EE41D0FA2CB71BD90043182D /* Files+Generated.swift in Sources */,
				EE41D0F42CB71BD90043182D /* P4Text.swift in Sources */,
				EE41D1092CB71BD90043182D /* Spacing.swift in Sources */,
				EE41D1062CB71BD90043182D /* BorderRadius.swift in Sources */,
				EE41D0FF2CB71BD90043182D /* swiftgen+localized.swift in Sources */,
				EE41D0ED2CB71BD90043182D /* H1Text.swift in Sources */,
				EE41D0F52CB71BD90043182D /* EnvironmentValues+.swift in Sources */,
				EE41D0AE2CB71BC10043182D /* applyPrimaryDesign.swift in Sources */,
				EE41D0F02CB71BD90043182D /* H4Text.swift in Sources */,
				EE41D0B72CB71BC10043182D /* ColorTokens.swift in Sources */,
				EE41D1072CB71BD90043182D /* BorderWidth.swift in Sources */,
				EE41D1042CB71BD90043182D /* FontLetterSpacing.swift in Sources */,
				EE41D10C2CB71BD90043182D /* FontFamily.swift in Sources */,
				EE41D0F12CB71BD90043182D /* P1Text.swift in Sources */,
				EE41D0F72CB71BD90043182D /* LanguageSettings.swift in Sources */,
				EE41D1082CB71BD90043182D /* Padding.swift in Sources */,
				EE41D1022CB71BD90043182D /* FoundationIcons.swift in Sources */,
				EE018F3B2CB6AAC600235DD9 /* DesignSystem.swift in Sources */,
				EE41D10D2CB71BD90043182D /* Typography+FontConvertible.swift in Sources */,
				EE41D1012CB71BD90043182D /* FoundationColors.swift in Sources */,
				EE41D0EF2CB71BD90043182D /* H3Text.swift in Sources */,
				EE41D0F62CB71BD90043182D /* Language.swift in Sources */,
				EE41D0F32CB71BD90043182D /* P3Text.swift in Sources */,
				EE41D0EE2CB71BD90043182D /* H2Text.swift in Sources */,
				EE41D0F22CB71BD90043182D /* P2Text.swift in Sources */,
				EE41D0FB2CB71BD90043182D /* Strings+Generated.swift in Sources */,
				EE41D0F82CB71BD90043182D /* View+configureLanguageSettings.swift in Sources */,
				EE41D1052CB71BD90043182D /* FontSizes.swift in Sources */,
			);
			runOnlyForDeploymentPostprocessing = 0;
		};
/* End PBXSourcesBuildPhase section */

/* Begin XCBuildConfiguration section */
		EED8F6272C999D2200B11D2B /* Debug */ = {
			isa = XCBuildConfiguration;
			buildSettings = {
				ALWAYS_SEARCH_USER_PATHS = NO;
				ASSETCATALOG_COMPILER_GENERATE_SWIFT_ASSET_SYMBOL_EXTENSIONS = YES;
				CLANG_ANALYZER_LOCALIZABILITY_NONLOCALIZED = YES;
				CLANG_ANALYZER_NONNULL = YES;
				CLANG_ANALYZER_NUMBER_OBJECT_CONVERSION = YES_AGGRESSIVE;
				CLANG_CXX_LANGUAGE_STANDARD = "gnu++20";
				CLANG_ENABLE_MODULES = YES;
				CLANG_ENABLE_OBJC_ARC = YES;
				CLANG_ENABLE_OBJC_WEAK = YES;
				CLANG_WARN_BLOCK_CAPTURE_AUTORELEASING = YES;
				CLANG_WARN_BOOL_CONVERSION = YES;
				CLANG_WARN_COMMA = YES;
				CLANG_WARN_CONSTANT_CONVERSION = YES;
				CLANG_WARN_DEPRECATED_OBJC_IMPLEMENTATIONS = YES;
				CLANG_WARN_DIRECT_OBJC_ISA_USAGE = YES_ERROR;
				CLANG_WARN_DOCUMENTATION_COMMENTS = YES;
				CLANG_WARN_EMPTY_BODY = YES;
				CLANG_WARN_ENUM_CONVERSION = YES;
				CLANG_WARN_INFINITE_RECURSION = YES;
				CLANG_WARN_INT_CONVERSION = YES;
				CLANG_WARN_NON_LITERAL_NULL_CONVERSION = YES;
				CLANG_WARN_OBJC_IMPLICIT_RETAIN_SELF = YES;
				CLANG_WARN_OBJC_LITERAL_CONVERSION = YES;
				CLANG_WARN_OBJC_ROOT_CLASS = YES_ERROR;
				CLANG_WARN_QUOTED_INCLUDE_IN_FRAMEWORK_HEADER = YES;
				CLANG_WARN_RANGE_LOOP_ANALYSIS = YES;
				CLANG_WARN_STRICT_PROTOTYPES = YES;
				CLANG_WARN_SUSPICIOUS_MOVE = YES;
				CLANG_WARN_UNGUARDED_AVAILABILITY = YES_AGGRESSIVE;
				CLANG_WARN_UNREACHABLE_CODE = YES;
				CLANG_WARN__DUPLICATE_METHOD_MATCH = YES;
				COPY_PHASE_STRIP = NO;
				CURRENT_PROJECT_VERSION = 1;
				DEBUG_INFORMATION_FORMAT = dwarf;
				ENABLE_STRICT_OBJC_MSGSEND = YES;
				ENABLE_TESTABILITY = YES;
				ENABLE_USER_SCRIPT_SANDBOXING = NO;
				GCC_C_LANGUAGE_STANDARD = gnu17;
				GCC_DYNAMIC_NO_PIC = NO;
				GCC_NO_COMMON_BLOCKS = YES;
				GCC_OPTIMIZATION_LEVEL = 0;
				GCC_PREPROCESSOR_DEFINITIONS = (
					"DEBUG=1",
					"$(inherited)",
				);
				GCC_WARN_64_TO_32_BIT_CONVERSION = YES;
				GCC_WARN_ABOUT_RETURN_TYPE = YES_ERROR;
				GCC_WARN_UNDECLARED_SELECTOR = YES;
				GCC_WARN_UNINITIALIZED_AUTOS = YES_AGGRESSIVE;
				GCC_WARN_UNUSED_FUNCTION = YES;
				GCC_WARN_UNUSED_VARIABLE = YES;
				IPHONEOS_DEPLOYMENT_TARGET = 17.5;
				LOCALIZATION_PREFERS_STRING_CATALOGS = YES;
				MTL_ENABLE_DEBUG_INFO = INCLUDE_SOURCE;
				MTL_FAST_MATH = YES;
				ONLY_ACTIVE_ARCH = YES;
				SDKROOT = iphoneos;
				SWIFT_ACTIVE_COMPILATION_CONDITIONS = "DEBUG $(inherited)";
				SWIFT_OPTIMIZATION_LEVEL = "-Onone";
				VERSIONING_SYSTEM = "apple-generic";
				VERSION_INFO_PREFIX = "";
			};
			name = Debug;
		};
		EED8F6282C999D2200B11D2B /* Release */ = {
			isa = XCBuildConfiguration;
			buildSettings = {
				ALWAYS_SEARCH_USER_PATHS = NO;
				ASSETCATALOG_COMPILER_GENERATE_SWIFT_ASSET_SYMBOL_EXTENSIONS = YES;
				CLANG_ANALYZER_LOCALIZABILITY_NONLOCALIZED = YES;
				CLANG_ANALYZER_NONNULL = YES;
				CLANG_ANALYZER_NUMBER_OBJECT_CONVERSION = YES_AGGRESSIVE;
				CLANG_CXX_LANGUAGE_STANDARD = "gnu++20";
				CLANG_ENABLE_MODULES = YES;
				CLANG_ENABLE_OBJC_ARC = YES;
				CLANG_ENABLE_OBJC_WEAK = YES;
				CLANG_WARN_BLOCK_CAPTURE_AUTORELEASING = YES;
				CLANG_WARN_BOOL_CONVERSION = YES;
				CLANG_WARN_COMMA = YES;
				CLANG_WARN_CONSTANT_CONVERSION = YES;
				CLANG_WARN_DEPRECATED_OBJC_IMPLEMENTATIONS = YES;
				CLANG_WARN_DIRECT_OBJC_ISA_USAGE = YES_ERROR;
				CLANG_WARN_DOCUMENTATION_COMMENTS = YES;
				CLANG_WARN_EMPTY_BODY = YES;
				CLANG_WARN_ENUM_CONVERSION = YES;
				CLANG_WARN_INFINITE_RECURSION = YES;
				CLANG_WARN_INT_CONVERSION = YES;
				CLANG_WARN_NON_LITERAL_NULL_CONVERSION = YES;
				CLANG_WARN_OBJC_IMPLICIT_RETAIN_SELF = YES;
				CLANG_WARN_OBJC_LITERAL_CONVERSION = YES;
				CLANG_WARN_OBJC_ROOT_CLASS = YES_ERROR;
				CLANG_WARN_QUOTED_INCLUDE_IN_FRAMEWORK_HEADER = YES;
				CLANG_WARN_RANGE_LOOP_ANALYSIS = YES;
				CLANG_WARN_STRICT_PROTOTYPES = YES;
				CLANG_WARN_SUSPICIOUS_MOVE = YES;
				CLANG_WARN_UNGUARDED_AVAILABILITY = YES_AGGRESSIVE;
				CLANG_WARN_UNREACHABLE_CODE = YES;
				CLANG_WARN__DUPLICATE_METHOD_MATCH = YES;
				COPY_PHASE_STRIP = NO;
				CURRENT_PROJECT_VERSION = 1;
				DEBUG_INFORMATION_FORMAT = "dwarf-with-dsym";
				ENABLE_NS_ASSERTIONS = NO;
				ENABLE_STRICT_OBJC_MSGSEND = YES;
				ENABLE_USER_SCRIPT_SANDBOXING = NO;
				GCC_C_LANGUAGE_STANDARD = gnu17;
				GCC_NO_COMMON_BLOCKS = YES;
				GCC_WARN_64_TO_32_BIT_CONVERSION = YES;
				GCC_WARN_ABOUT_RETURN_TYPE = YES_ERROR;
				GCC_WARN_UNDECLARED_SELECTOR = YES;
				GCC_WARN_UNINITIALIZED_AUTOS = YES_AGGRESSIVE;
				GCC_WARN_UNUSED_FUNCTION = YES;
				GCC_WARN_UNUSED_VARIABLE = YES;
				IPHONEOS_DEPLOYMENT_TARGET = 17.5;
				LOCALIZATION_PREFERS_STRING_CATALOGS = YES;
				MTL_ENABLE_DEBUG_INFO = NO;
				MTL_FAST_MATH = YES;
				SDKROOT = iphoneos;
				SWIFT_COMPILATION_MODE = wholemodule;
				VALIDATE_PRODUCT = YES;
				VERSIONING_SYSTEM = "apple-generic";
				VERSION_INFO_PREFIX = "";
			};
			name = Release;
		};
		EED8F62A2C999D2200B11D2B /* Debug */ = {
			isa = XCBuildConfiguration;
			buildSettings = {
				BUILD_LIBRARY_FOR_DISTRIBUTION = NO;
				CLANG_ENABLE_MODULES = YES;
				CODE_SIGN_STYLE = Automatic;
				CURRENT_PROJECT_VERSION = 1;
				DEFINES_MODULE = NO;
				DEVELOPMENT_TEAM = 4U8DMJ33ZN;
				DYLIB_COMPATIBILITY_VERSION = 1;
				DYLIB_CURRENT_VERSION = 1;
				DYLIB_INSTALL_NAME_BASE = "@rpath";
				ENABLE_MODULE_VERIFIER = YES;
				GENERATE_INFOPLIST_FILE = YES;
				INFOPLIST_KEY_NSHumanReadableCopyright = "";
				INSTALL_PATH = "$(LOCAL_LIBRARY_DIR)/Frameworks";
				IPHONEOS_DEPLOYMENT_TARGET = 16.0;
				LD_RUNPATH_SEARCH_PATHS = (
					"$(inherited)",
					"@executable_path/Frameworks",
					"@loader_path/Frameworks",
				);
				MARKETING_VERSION = 1.0;
				MODULE_VERIFIER_SUPPORTED_LANGUAGES = "objective-c objective-c++";
				MODULE_VERIFIER_SUPPORTED_LANGUAGE_STANDARDS = "gnu17 gnu++20";
				PRODUCT_BUNDLE_IDENTIFIER = com.yamany.DesignSystem;
				PRODUCT_NAME = "$(TARGET_NAME:c99extidentifier)";
				SKIP_INSTALL = YES;
				SUPPORTED_PLATFORMS = "iphoneos iphonesimulator";
				SUPPORTS_MACCATALYST = NO;
				SUPPORTS_MAC_DESIGNED_FOR_IPHONE_IPAD = NO;
				SUPPORTS_XR_DESIGNED_FOR_IPHONE_IPAD = NO;
				SWIFT_EMIT_LOC_STRINGS = YES;
				SWIFT_INSTALL_OBJC_HEADER = NO;
				SWIFT_OPTIMIZATION_LEVEL = "-Onone";
				SWIFT_VERSION = 5.0;
				TARGETED_DEVICE_FAMILY = 1;
			};
			name = Debug;
		};
		EED8F62B2C999D2200B11D2B /* Release */ = {
			isa = XCBuildConfiguration;
			buildSettings = {
				BUILD_LIBRARY_FOR_DISTRIBUTION = NO;
				CLANG_ENABLE_MODULES = YES;
				CODE_SIGN_STYLE = Automatic;
				CURRENT_PROJECT_VERSION = 1;
				DEFINES_MODULE = NO;
				DEVELOPMENT_TEAM = 4U8DMJ33ZN;
				DYLIB_COMPATIBILITY_VERSION = 1;
				DYLIB_CURRENT_VERSION = 1;
				DYLIB_INSTALL_NAME_BASE = "@rpath";
				ENABLE_MODULE_VERIFIER = YES;
				GENERATE_INFOPLIST_FILE = YES;
				INFOPLIST_KEY_NSHumanReadableCopyright = "";
				INSTALL_PATH = "$(LOCAL_LIBRARY_DIR)/Frameworks";
				IPHONEOS_DEPLOYMENT_TARGET = 16.0;
				LD_RUNPATH_SEARCH_PATHS = (
					"$(inherited)",
					"@executable_path/Frameworks",
					"@loader_path/Frameworks",
				);
				MARKETING_VERSION = 1.0;
				MODULE_VERIFIER_SUPPORTED_LANGUAGES = "objective-c objective-c++";
				MODULE_VERIFIER_SUPPORTED_LANGUAGE_STANDARDS = "gnu17 gnu++20";
				PRODUCT_BUNDLE_IDENTIFIER = com.yamany.DesignSystem;
				PRODUCT_NAME = "$(TARGET_NAME:c99extidentifier)";
				SKIP_INSTALL = YES;
				SUPPORTED_PLATFORMS = "iphoneos iphonesimulator";
				SUPPORTS_MACCATALYST = NO;
				SUPPORTS_MAC_DESIGNED_FOR_IPHONE_IPAD = NO;
				SUPPORTS_XR_DESIGNED_FOR_IPHONE_IPAD = NO;
				SWIFT_EMIT_LOC_STRINGS = YES;
				SWIFT_INSTALL_OBJC_HEADER = NO;
				SWIFT_VERSION = 5.0;
				TARGETED_DEVICE_FAMILY = 1;
			};
			name = Release;
		};
/* End XCBuildConfiguration section */

/* Begin XCConfigurationList section */
		EED8F61C2C999D2200B11D2B /* Build configuration list for PBXProject "DesignSystem" */ = {
			isa = XCConfigurationList;
			buildConfigurations = (
				EED8F6272C999D2200B11D2B /* Debug */,
				EED8F6282C999D2200B11D2B /* Release */,
			);
			defaultConfigurationIsVisible = 0;
			defaultConfigurationName = Release;
		};
		EED8F6292C999D2200B11D2B /* Build configuration list for PBXNativeTarget "DesignSystem" */ = {
			isa = XCConfigurationList;
			buildConfigurations = (
				EED8F62A2C999D2200B11D2B /* Debug */,
				EED8F62B2C999D2200B11D2B /* Release */,
			);
			defaultConfigurationIsVisible = 0;
			defaultConfigurationName = Release;
		};
/* End XCConfigurationList section */

/* Begin XCSwiftPackageProductDependency section */
		EE9ED1CA2C99D71D00DFA2F2 /* FoundationExtensions */ = {
			isa = XCSwiftPackageProductDependency;
			productName = FoundationExtensions;
		};
		EECCF13D2CA1BCCA007E38D2 /* UIExtensions */ = {
			isa = XCSwiftPackageProductDependency;
			productName = UIExtensions;
		};
		EEDC33942CA3254100FCACA1 /* SwiftUIModifiers */ = {
			isa = XCSwiftPackageProductDependency;
			productName = SwiftUIModifiers;
		};
/* End XCSwiftPackageProductDependency section */
	};
	rootObject = EED8F6192C999D2200B11D2B /* Project object */;
}
