// !$*UTF8*$!
{
	archiveVersion = 1;
	classes = {
	};
	objectVersion = 56;
	objects = {

/* Begin PBXBuildFile section */
		73DA17232CD424DE0002DDD2 /* Shared.framework in Frameworks */ = {isa = PBXBuildFile; fileRef = 73DA17222CD424DE0002DDD2 /* Shared.framework */; };
		73DA17242CD424DE0002DDD2 /* Shared.framework in Embed Frameworks */ = {isa = PBXBuildFile; fileRef = 73DA17222CD424DE0002DDD2 /* Shared.framework */; settings = {ATTRIBUTES = (CodeSignOnCopy, RemoveHeadersOnCopy, ); }; };
		73DA172E2CD4FABA0002DDD2 /* SignupRequestModel.swift in Sources */ = {isa = PBXBuildFile; fileRef = 73DA172D2CD4FABA0002DDD2 /* SignupRequestModel.swift */; };
		73DA17302CD4FAC30002DDD2 /* SignupResponseModel.swift in Sources */ = {isa = PBXBuildFile; fileRef = 73DA172F2CD4FAC30002DDD2 /* SignupResponseModel.swift */; };
		73DA17322CD4FADE0002DDD2 /* SignupServiceInterface.swift in Sources */ = {isa = PBXBuildFile; fileRef = 73DA17312CD4FADE0002DDD2 /* SignupServiceInterface.swift */; };
		73DA173B2CD4FF430002DDD2 /* SignupResponseEntity.swift in Sources */ = {isa = PBXBuildFile; fileRef = 73DA173A2CD4FF430002DDD2 /* SignupResponseEntity.swift */; };
		73ECBA272CD154B200715062 /* SignupView.swift in Sources */ = {isa = PBXBuildFile; fileRef = 73ECBA262CD154B200715062 /* SignupView.swift */; };
		73ECBA292CD154BB00715062 /* SignupViewModel.swift in Sources */ = {isa = PBXBuildFile; fileRef = 73ECBA282CD154BB00715062 /* SignupViewModel.swift */; };
		73ECBA2B2CD154C400715062 /* SignupCoordinator.swift in Sources */ = {isa = PBXBuildFile; fileRef = 73ECBA2A2CD154C400715062 /* SignupCoordinator.swift */; };
		73ECBA302CD154E600715062 /* SignupUseCase.swift in Sources */ = {isa = PBXBuildFile; fileRef = 73ECBA2F2CD154E600715062 /* SignupUseCase.swift */; };
		73ECBA512CD15F5800715062 /* DesignSystem.framework in Frameworks */ = {isa = PBXBuildFile; fileRef = 73ECBA502CD15F5800715062 /* DesignSystem.framework */; };
		73ECBA522CD15F5800715062 /* DesignSystem.framework in Embed Frameworks */ = {isa = PBXBuildFile; fileRef = 73ECBA502CD15F5800715062 /* DesignSystem.framework */; settings = {ATTRIBUTES = (CodeSignOnCopy, RemoveHeadersOnCopy, ); }; };
		73ECBA552CD15F5D00715062 /* Localization.framework in Frameworks */ = {isa = PBXBuildFile; fileRef = 73ECBA542CD15F5D00715062 /* Localization.framework */; };
		73ECBA562CD15F5D00715062 /* Localization.framework in Embed Frameworks */ = {isa = PBXBuildFile; fileRef = 73ECBA542CD15F5D00715062 /* Localization.framework */; settings = {ATTRIBUTES = (CodeSignOnCopy, RemoveHeadersOnCopy, ); }; };
		73ECBA582CD15F9800715062 /* DesignSystemTokens.swift in Sources */ = {isa = PBXBuildFile; fileRef = 73ECBA572CD15F9800715062 /* DesignSystemTokens.swift */; };
/* End PBXBuildFile section */

/* Begin PBXCopyFilesBuildPhase section */
		73ECBA532CD15F5800715062 /* Embed Frameworks */ = {
			isa = PBXCopyFilesBuildPhase;
			buildActionMask = 2147483647;
			dstPath = "";
			dstSubfolderSpec = 10;
			files = (
				73ECBA522CD15F5800715062 /* DesignSystem.framework in Embed Frameworks */,
				73DA17242CD424DE0002DDD2 /* Shared.framework in Embed Frameworks */,
				73ECBA562CD15F5D00715062 /* Localization.framework in Embed Frameworks */,
			);
			name = "Embed Frameworks";
			runOnlyForDeploymentPostprocessing = 0;
		};
/* End PBXCopyFilesBuildPhase section */

/* Begin PBXFileReference section */
		7304FDBE2CD15461006C7337 /* Signup.framework */ = {isa = PBXFileReference; explicitFileType = wrapper.framework; includeInIndex = 0; path = Signup.framework; sourceTree = BUILT_PRODUCTS_DIR; };
		73DA17222CD424DE0002DDD2 /* Shared.framework */ = {isa = PBXFileReference; explicitFileType = wrapper.framework; path = Shared.framework; sourceTree = BUILT_PRODUCTS_DIR; };
		73DA172D2CD4FABA0002DDD2 /* SignupRequestModel.swift */ = {isa = PBXFileReference; lastKnownFileType = sourcecode.swift; path = SignupRequestModel.swift; sourceTree = "<group>"; };
		73DA172F2CD4FAC30002DDD2 /* SignupResponseModel.swift */ = {isa = PBXFileReference; lastKnownFileType = sourcecode.swift; path = SignupResponseModel.swift; sourceTree = "<group>"; };
		73DA17312CD4FADE0002DDD2 /* SignupServiceInterface.swift */ = {isa = PBXFileReference; lastKnownFileType = sourcecode.swift; path = SignupServiceInterface.swift; sourceTree = "<group>"; };
		73DA173A2CD4FF430002DDD2 /* SignupResponseEntity.swift */ = {isa = PBXFileReference; lastKnownFileType = sourcecode.swift; path = SignupResponseEntity.swift; sourceTree = "<group>"; };
		73ECBA262CD154B200715062 /* SignupView.swift */ = {isa = PBXFileReference; lastKnownFileType = sourcecode.swift; path = SignupView.swift; sourceTree = "<group>"; };
		73ECBA282CD154BB00715062 /* SignupViewModel.swift */ = {isa = PBXFileReference; lastKnownFileType = sourcecode.swift; path = SignupViewModel.swift; sourceTree = "<group>"; };
		73ECBA2A2CD154C400715062 /* SignupCoordinator.swift */ = {isa = PBXFileReference; lastKnownFileType = sourcecode.swift; path = SignupCoordinator.swift; sourceTree = "<group>"; };
		73ECBA2F2CD154E600715062 /* SignupUseCase.swift */ = {isa = PBXFileReference; lastKnownFileType = sourcecode.swift; path = SignupUseCase.swift; sourceTree = "<group>"; };
		73ECBA502CD15F5800715062 /* DesignSystem.framework */ = {isa = PBXFileReference; explicitFileType = wrapper.framework; path = DesignSystem.framework; sourceTree = BUILT_PRODUCTS_DIR; };
		73ECBA542CD15F5D00715062 /* Localization.framework */ = {isa = PBXFileReference; explicitFileType = wrapper.framework; path = Localization.framework; sourceTree = BUILT_PRODUCTS_DIR; };
		73ECBA572CD15F9800715062 /* DesignSystemTokens.swift */ = {isa = PBXFileReference; lastKnownFileType = sourcecode.swift; path = DesignSystemTokens.swift; sourceTree = "<group>"; };
/* End PBXFileReference section */

/* Begin PBXFrameworksBuildPhase section */
		7304FDBB2CD15460006C7337 /* Frameworks */ = {
			isa = PBXFrameworksBuildPhase;
			buildActionMask = 2147483647;
			files = (
				73ECBA512CD15F5800715062 /* DesignSystem.framework in Frameworks */,
				73DA17232CD424DE0002DDD2 /* Shared.framework in Frameworks */,
				73ECBA552CD15F5D00715062 /* Localization.framework in Frameworks */,
			);
			runOnlyForDeploymentPostprocessing = 0;
		};
/* End PBXFrameworksBuildPhase section */

/* Begin PBXGroup section */
		7304FDB42CD15460006C7337 = {
			isa = PBXGroup;
			children = (
				7304FDC02CD15461006C7337 /* Signup */,
				73ECBA4F2CD15F5800715062 /* Frameworks */,
				7304FDBF2CD15461006C7337 /* Products */,
			);
			sourceTree = "<group>";
		};
		7304FDBF2CD15461006C7337 /* Products */ = {
			isa = PBXGroup;
			children = (
				7304FDBE2CD15461006C7337 /* Signup.framework */,
			);
			name = Products;
			sourceTree = "<group>";
		};
		7304FDC02CD15461006C7337 /* Signup */ = {
			isa = PBXGroup;
			children = (
				73ECBA2E2CD154DC00715062 /* Data */,
				73ECBA2D2CD154D700715062 /* Domain */,
				73ECBA252CD154A600715062 /* Presentation */,
			);
			path = Signup;
			sourceTree = "<group>";
		};
		73DA17352CD4FCB50002DDD2 /* Models */ = {
			isa = PBXGroup;
			children = (
				73DA172D2CD4FABA0002DDD2 /* SignupRequestModel.swift */,
				73DA172F2CD4FAC30002DDD2 /* SignupResponseModel.swift */,
			);
			path = Models;
			sourceTree = "<group>";
		};
		73DA17392CD4FF300002DDD2 /* Entities */ = {
			isa = PBXGroup;
			children = (
				73DA173A2CD4FF430002DDD2 /* SignupResponseEntity.swift */,
			);
			path = Entities;
			sourceTree = "<group>";
		};
		73ECBA252CD154A600715062 /* Presentation */ = {
			isa = PBXGroup;
			children = (
				73ECBA572CD15F9800715062 /* DesignSystemTokens.swift */,
				73ECBA262CD154B200715062 /* SignupView.swift */,
				73ECBA282CD154BB00715062 /* SignupViewModel.swift */,
				73ECBA2A2CD154C400715062 /* SignupCoordinator.swift */,
			);
			path = Presentation;
			sourceTree = "<group>";
		};
		73ECBA2D2CD154D700715062 /* Domain */ = {
			isa = PBXGroup;
			children = (
				73DA17392CD4FF300002DDD2 /* Entities */,
				73ECBA2F2CD154E600715062 /* SignupUseCase.swift */,
			);
			path = Domain;
			sourceTree = "<group>";
		};
		73ECBA2E2CD154DC00715062 /* Data */ = {
			isa = PBXGroup;
			children = (
				73DA17352CD4FCB50002DDD2 /* Models */,
				73DA17312CD4FADE0002DDD2 /* SignupServiceInterface.swift */,
			);
			path = Data;
			sourceTree = "<group>";
		};
		73ECBA4F2CD15F5800715062 /* Frameworks */ = {
			isa = PBXGroup;
			children = (
				73DA17222CD424DE0002DDD2 /* Shared.framework */,
				73ECBA542CD15F5D00715062 /* Localization.framework */,
				73ECBA502CD15F5800715062 /* DesignSystem.framework */,
			);
			name = Frameworks;
			sourceTree = "<group>";
		};
/* End PBXGroup section */

/* Begin PBXHeadersBuildPhase section */
		7304FDB92CD15460006C7337 /* Headers */ = {
			isa = PBXHeadersBuildPhase;
			buildActionMask = 2147483647;
			files = (
			);
			runOnlyForDeploymentPostprocessing = 0;
		};
/* End PBXHeadersBuildPhase section */

/* Begin PBXNativeTarget section */
		7304FDBD2CD15460006C7337 /* Signup */ = {
			isa = PBXNativeTarget;
			buildConfigurationList = 7304FDC52CD15461006C7337 /* Build configuration list for PBXNativeTarget "Signup" */;
			buildPhases = (
				7304FDB92CD15460006C7337 /* Headers */,
				7304FDBA2CD15460006C7337 /* Sources */,
				7304FDBB2CD15460006C7337 /* Frameworks */,
				7304FDBC2CD15460006C7337 /* Resources */,
				73ECBA532CD15F5800715062 /* Embed Frameworks */,
			);
			buildRules = (
			);
			dependencies = (
			);
			name = Signup;
			productName = Signup;
			productReference = 7304FDBE2CD15461006C7337 /* Signup.framework */;
			productType = "com.apple.product-type.framework";
		};
/* End PBXNativeTarget section */

/* Begin PBXProject section */
		7304FDB52CD15460006C7337 /* Project object */ = {
			isa = PBXProject;
			attributes = {
				BuildIndependentTargetsInParallel = 1;
				LastUpgradeCheck = 1600;
				TargetAttributes = {
					7304FDBD2CD15460006C7337 = {
						CreatedOnToolsVersion = 15.4;
						LastSwiftMigration = 1600;
					};
				};
			};
			buildConfigurationList = 7304FDB82CD15460006C7337 /* Build configuration list for PBXProject "Signup" */;
			compatibilityVersion = "Xcode 14.0";
			developmentRegion = en;
			hasScannedForEncodings = 0;
			knownRegions = (
				en,
				Base,
			);
			mainGroup = 7304FDB42CD15460006C7337;
			productRefGroup = 7304FDBF2CD15461006C7337 /* Products */;
			projectDirPath = "";
			projectRoot = "";
			targets = (
				7304FDBD2CD15460006C7337 /* Signup */,
			);
		};
/* End PBXProject section */

/* Begin PBXResourcesBuildPhase section */
		7304FDBC2CD15460006C7337 /* Resources */ = {
			isa = PBXResourcesBuildPhase;
			buildActionMask = 2147483647;
			files = (
			);
			runOnlyForDeploymentPostprocessing = 0;
		};
/* End PBXResourcesBuildPhase section */

/* Begin PBXSourcesBuildPhase section */
		7304FDBA2CD15460006C7337 /* Sources */ = {
			isa = PBXSourcesBuildPhase;
			buildActionMask = 2147483647;
			files = (
				73ECBA292CD154BB00715062 /* SignupViewModel.swift in Sources */,
				73DA173B2CD4FF430002DDD2 /* SignupResponseEntity.swift in Sources */,
				73DA17302CD4FAC30002DDD2 /* SignupResponseModel.swift in Sources */,
				73ECBA582CD15F9800715062 /* DesignSystemTokens.swift in Sources */,
				73ECBA302CD154E600715062 /* SignupUseCase.swift in Sources */,
				73DA172E2CD4FABA0002DDD2 /* SignupRequestModel.swift in Sources */,
				73ECBA2B2CD154C400715062 /* SignupCoordinator.swift in Sources */,
				73ECBA272CD154B200715062 /* SignupView.swift in Sources */,
				73DA17322CD4FADE0002DDD2 /* SignupServiceInterface.swift in Sources */,
			);
			runOnlyForDeploymentPostprocessing = 0;
		};
/* End PBXSourcesBuildPhase section */

/* Begin XCBuildConfiguration section */
		7304FDC32CD15461006C7337 /* Debug */ = {
			isa = XCBuildConfiguration;
			buildSettings = {
				ALWAYS_SEARCH_USER_PATHS = NO;
				ASSETCATALOG_COMPILER_GENERATE_SWIFT_ASSET_SYMBOL_EXTENSIONS = YES;
				CLANG_ANALYZER_NONNULL = YES;
				CLANG_ANALYZER_NUMBER_OBJECT_CONVERSION = YES_AGGRESSIVE;
				CLANG_CXX_LANGUAGE_STANDARD = "gnu++20";
				CLANG_ENABLE_MODULES = YES;
				CLANG_ENABLE_OBJC_ARC = YES;
				CLANG_ENABLE_OBJC_WEAK = YES;
				CLANG_WARN_BLOCK_CAPTURE_AUTORELEASING = YES;
				CLANG_WARN_BOOL_CONVERSION = YES;
				CLANG_WARN_COMMA = YES;
				CLANG_WARN_CONSTANT_CONVERSION = YES;
				CLANG_WARN_DEPRECATED_OBJC_IMPLEMENTATIONS = YES;
				CLANG_WARN_DIRECT_OBJC_ISA_USAGE = YES_ERROR;
				CLANG_WARN_DOCUMENTATION_COMMENTS = YES;
				CLANG_WARN_EMPTY_BODY = YES;
				CLANG_WARN_ENUM_CONVERSION = YES;
				CLANG_WARN_INFINITE_RECURSION = YES;
				CLANG_WARN_INT_CONVERSION = YES;
				CLANG_WARN_NON_LITERAL_NULL_CONVERSION = YES;
				CLANG_WARN_OBJC_IMPLICIT_RETAIN_SELF = YES;
				CLANG_WARN_OBJC_LITERAL_CONVERSION = YES;
				CLANG_WARN_OBJC_ROOT_CLASS = YES_ERROR;
				CLANG_WARN_QUOTED_INCLUDE_IN_FRAMEWORK_HEADER = YES;
				CLANG_WARN_RANGE_LOOP_ANALYSIS = YES;
				CLANG_WARN_STRICT_PROTOTYPES = YES;
				CLANG_WARN_SUSPICIOUS_MOVE = YES;
				CLANG_WARN_UNGUARDED_AVAILABILITY = YES_AGGRESSIVE;
				CLANG_WARN_UNREACHABLE_CODE = YES;
				CLANG_WARN__DUPLICATE_METHOD_MATCH = YES;
				COPY_PHASE_STRIP = NO;
				CURRENT_PROJECT_VERSION = 1;
				DEBUG_INFORMATION_FORMAT = dwarf;
				ENABLE_STRICT_OBJC_MSGSEND = YES;
				ENABLE_TESTABILITY = YES;
				ENABLE_USER_SCRIPT_SANDBOXING = YES;
				GCC_C_LANGUAGE_STANDARD = gnu17;
				GCC_DYNAMIC_NO_PIC = NO;
				GCC_NO_COMMON_BLOCKS = YES;
				GCC_OPTIMIZATION_LEVEL = 0;
				GCC_PREPROCESSOR_DEFINITIONS = (
					"DEBUG=1",
					"$(inherited)",
				);
				GCC_WARN_64_TO_32_BIT_CONVERSION = YES;
				GCC_WARN_ABOUT_RETURN_TYPE = YES_ERROR;
				GCC_WARN_UNDECLARED_SELECTOR = YES;
				GCC_WARN_UNINITIALIZED_AUTOS = YES_AGGRESSIVE;
				GCC_WARN_UNUSED_FUNCTION = YES;
				GCC_WARN_UNUSED_VARIABLE = YES;
				LOCALIZATION_PREFERS_STRING_CATALOGS = YES;
				MTL_ENABLE_DEBUG_INFO = INCLUDE_SOURCE;
				MTL_FAST_MATH = YES;
				ONLY_ACTIVE_ARCH = YES;
				SWIFT_ACTIVE_COMPILATION_CONDITIONS = "DEBUG $(inherited)";
				SWIFT_OPTIMIZATION_LEVEL = "-Onone";
				VERSIONING_SYSTEM = "apple-generic";
				VERSION_INFO_PREFIX = "";
			};
			name = Debug;
		};
		7304FDC42CD15461006C7337 /* Release */ = {
			isa = XCBuildConfiguration;
			buildSettings = {
				ALWAYS_SEARCH_USER_PATHS = NO;
				ASSETCATALOG_COMPILER_GENERATE_SWIFT_ASSET_SYMBOL_EXTENSIONS = YES;
				CLANG_ANALYZER_NONNULL = YES;
				CLANG_ANALYZER_NUMBER_OBJECT_CONVERSION = YES_AGGRESSIVE;
				CLANG_CXX_LANGUAGE_STANDARD = "gnu++20";
				CLANG_ENABLE_MODULES = YES;
				CLANG_ENABLE_OBJC_ARC = YES;
				CLANG_ENABLE_OBJC_WEAK = YES;
				CLANG_WARN_BLOCK_CAPTURE_AUTORELEASING = YES;
				CLANG_WARN_BOOL_CONVERSION = YES;
				CLANG_WARN_COMMA = YES;
				CLANG_WARN_CONSTANT_CONVERSION = YES;
				CLANG_WARN_DEPRECATED_OBJC_IMPLEMENTATIONS = YES;
				CLANG_WARN_DIRECT_OBJC_ISA_USAGE = YES_ERROR;
				CLANG_WARN_DOCUMENTATION_COMMENTS = YES;
				CLANG_WARN_EMPTY_BODY = YES;
				CLANG_WARN_ENUM_CONVERSION = YES;
				CLANG_WARN_INFINITE_RECURSION = YES;
				CLANG_WARN_INT_CONVERSION = YES;
				CLANG_WARN_NON_LITERAL_NULL_CONVERSION = YES;
				CLANG_WARN_OBJC_IMPLICIT_RETAIN_SELF = YES;
				CLANG_WARN_OBJC_LITERAL_CONVERSION = YES;
				CLANG_WARN_OBJC_ROOT_CLASS = YES_ERROR;
				CLANG_WARN_QUOTED_INCLUDE_IN_FRAMEWORK_HEADER = YES;
				CLANG_WARN_RANGE_LOOP_ANALYSIS = YES;
				CLANG_WARN_STRICT_PROTOTYPES = YES;
				CLANG_WARN_SUSPICIOUS_MOVE = YES;
				CLANG_WARN_UNGUARDED_AVAILABILITY = YES_AGGRESSIVE;
				CLANG_WARN_UNREACHABLE_CODE = YES;
				CLANG_WARN__DUPLICATE_METHOD_MATCH = YES;
				COPY_PHASE_STRIP = NO;
				CURRENT_PROJECT_VERSION = 1;
				DEBUG_INFORMATION_FORMAT = "dwarf-with-dsym";
				ENABLE_NS_ASSERTIONS = NO;
				ENABLE_STRICT_OBJC_MSGSEND = YES;
				ENABLE_USER_SCRIPT_SANDBOXING = YES;
				GCC_C_LANGUAGE_STANDARD = gnu17;
				GCC_NO_COMMON_BLOCKS = YES;
				GCC_WARN_64_TO_32_BIT_CONVERSION = YES;
				GCC_WARN_ABOUT_RETURN_TYPE = YES_ERROR;
				GCC_WARN_UNDECLARED_SELECTOR = YES;
				GCC_WARN_UNINITIALIZED_AUTOS = YES_AGGRESSIVE;
				GCC_WARN_UNUSED_FUNCTION = YES;
				GCC_WARN_UNUSED_VARIABLE = YES;
				LOCALIZATION_PREFERS_STRING_CATALOGS = YES;
				MTL_ENABLE_DEBUG_INFO = NO;
				MTL_FAST_MATH = YES;
				SWIFT_COMPILATION_MODE = wholemodule;
				VERSIONING_SYSTEM = "apple-generic";
				VERSION_INFO_PREFIX = "";
			};
			name = Release;
		};
		7304FDC62CD15461006C7337 /* Debug */ = {
			isa = XCBuildConfiguration;
			buildSettings = {
				ALLOW_TARGET_PLATFORM_SPECIALIZATION = YES;
				BUILD_LIBRARY_FOR_DISTRIBUTION = NO;
				CLANG_ENABLE_MODULES = YES;
				CODE_SIGN_STYLE = Automatic;
				CURRENT_PROJECT_VERSION = 1;
				DEFINES_MODULE = NO;
				DEVELOPMENT_TEAM = 4U8DMJ33ZN;
				DYLIB_COMPATIBILITY_VERSION = 1;
				DYLIB_CURRENT_VERSION = 1;
				DYLIB_INSTALL_NAME_BASE = "@rpath";
				ENABLE_MODULE_VERIFIER = YES;
				GENERATE_INFOPLIST_FILE = YES;
				INFOPLIST_KEY_NSHumanReadableCopyright = "";
				INSTALL_PATH = "$(LOCAL_LIBRARY_DIR)/Frameworks";
				IPHONEOS_DEPLOYMENT_TARGET = 15.6;
				LD_RUNPATH_SEARCH_PATHS = (
					"@executable_path/Frameworks",
					"@loader_path/Frameworks",
				);
				"LD_RUNPATH_SEARCH_PATHS[sdk=macosx*]" = (
					"@executable_path/../Frameworks",
					"@loader_path/Frameworks",
				);
				MACOSX_DEPLOYMENT_TARGET = 14.5;
				MARKETING_VERSION = 1.0;
				MODULE_VERIFIER_SUPPORTED_LANGUAGES = "objective-c objective-c++";
				MODULE_VERIFIER_SUPPORTED_LANGUAGE_STANDARDS = "gnu17 gnu++20";
				PRODUCT_BUNDLE_IDENTIFIER = yamany.Signup;
				PRODUCT_NAME = "$(TARGET_NAME:c99extidentifier)";
				SDKROOT = auto;
				SKIP_INSTALL = YES;
				SUPPORTED_PLATFORMS = "iphoneos iphonesimulator macosx";
				SWIFT_EMIT_LOC_STRINGS = YES;
				SWIFT_INSTALL_OBJC_HEADER = NO;
				SWIFT_OPTIMIZATION_LEVEL = "-Onone";
				SWIFT_VERSION = 5.0;
				TARGETED_DEVICE_FAMILY = "1,2";
			};
			name = Debug;
		};
		7304FDC72CD15461006C7337 /* Release */ = {
			isa = XCBuildConfiguration;
			buildSettings = {
				ALLOW_TARGET_PLATFORM_SPECIALIZATION = YES;
				BUILD_LIBRARY_FOR_DISTRIBUTION = NO;
				CLANG_ENABLE_MODULES = YES;
				CODE_SIGN_STYLE = Automatic;
				CURRENT_PROJECT_VERSION = 1;
				DEFINES_MODULE = NO;
				DEVELOPMENT_TEAM = 4U8DMJ33ZN;
				DYLIB_COMPATIBILITY_VERSION = 1;
				DYLIB_CURRENT_VERSION = 1;
				DYLIB_INSTALL_NAME_BASE = "@rpath";
				ENABLE_MODULE_VERIFIER = YES;
				GENERATE_INFOPLIST_FILE = YES;
				INFOPLIST_KEY_NSHumanReadableCopyright = "";
				INSTALL_PATH = "$(LOCAL_LIBRARY_DIR)/Frameworks";
				IPHONEOS_DEPLOYMENT_TARGET = 15.6;
				LD_RUNPATH_SEARCH_PATHS = (
					"@executable_path/Frameworks",
					"@loader_path/Frameworks",
				);
				"LD_RUNPATH_SEARCH_PATHS[sdk=macosx*]" = (
					"@executable_path/../Frameworks",
					"@loader_path/Frameworks",
				);
				MACOSX_DEPLOYMENT_TARGET = 14.5;
				MARKETING_VERSION = 1.0;
				MODULE_VERIFIER_SUPPORTED_LANGUAGES = "objective-c objective-c++";
				MODULE_VERIFIER_SUPPORTED_LANGUAGE_STANDARDS = "gnu17 gnu++20";
				PRODUCT_BUNDLE_IDENTIFIER = yamany.Signup;
				PRODUCT_NAME = "$(TARGET_NAME:c99extidentifier)";
				SDKROOT = auto;
				SKIP_INSTALL = YES;
				SUPPORTED_PLATFORMS = "iphoneos iphonesimulator macosx";
				SWIFT_EMIT_LOC_STRINGS = YES;
				SWIFT_INSTALL_OBJC_HEADER = NO;
				SWIFT_VERSION = 5.0;
				TARGETED_DEVICE_FAMILY = "1,2";
			};
			name = Release;
		};
/* End XCBuildConfiguration section */

/* Begin XCConfigurationList section */
		7304FDB82CD15460006C7337 /* Build configuration list for PBXProject "Signup" */ = {
			isa = XCConfigurationList;
			buildConfigurations = (
				7304FDC32CD15461006C7337 /* Debug */,
				7304FDC42CD15461006C7337 /* Release */,
			);
			defaultConfigurationIsVisible = 0;
			defaultConfigurationName = Release;
		};
		7304FDC52CD15461006C7337 /* Build configuration list for PBXNativeTarget "Signup" */ = {
			isa = XCConfigurationList;
			buildConfigurations = (
				7304FDC62CD15461006C7337 /* Debug */,
				7304FDC72CD15461006C7337 /* Release */,
			);
			defaultConfigurationIsVisible = 0;
			defaultConfigurationName = Release;
		};
/* End XCConfigurationList section */
	};
	rootObject = 7304FDB52CD15460006C7337 /* Project object */;
}
